{
  "object": {
    "pins": [
      {
        "package": "Alamofire",
        "repositoryURL": "https://github.com/Alamofire/Alamofire",
        "state": {
          "branch": null,
          "revision": "64dd16a5f2099dd5400f5e6d1442dc5ab0c1d917",
          "version": "5.2.0"
        }
      },
      {
        "package": "KeyboardObserving",
        "repositoryURL": "https://github.com/nickffox/KeyboardObserving",
        "state": {
          "branch": null,
          "revision": "26c0c913c11f0ee77006740ca1d8b478d222184f",
          "version": "0.3.0"
        }
      },
      {
        "package": "NativeSearchBar",
        "repositoryURL": "https://github.com/lisindima/NativeSearchBar",
        "state": {
          "branch": null,
          "revision": "aa7a4d3189d8ffa9ff70bdf33295346c090310e6",
          "version": "1.0.1"
        }
      },
      {
        "package": "SDWebImage",
        "repositoryURL": "https://github.com/SDWebImage/SDWebImage.git",
        "state": {
          "branch": null,
          "revision": "5818cf70fde7e9e07e24196d0d54350bc8526f26",
          "version": "5.8.0"
        }
      },
      {
        "package": "SDWebImageSwiftUI",
        "repositoryURL": "https://github.com/SDWebImage/SDWebImageSwiftUI",
        "state": {
          "branch": null,
          "revision": "1ed96d9b08fa18694621e0b1de182fbf032121bc",
          "version": "1.4.0"
        }
      },
      {
        "package": "SPAlert",
        "repositoryURL": "https://github.com/ivanvorobei/SPAlert",
        "state": {
          "branch": null,
          "revision": "18862409586ac547bcdf8957cd96beb872fbc729",
          "version": "2.1.4"
        }
      }
    ]
  },
  "version": 1
}
