{
  "object": {
    "pins": [
      {
        "package": "NativeSearchBar",
        "repositoryURL": "https://github.com/lisindima/NativeSearchBar",
        "state": {
          "branch": null,
          "revision": "a43b661272fde6992dcb73267e024adb474779d8",
          "version": "2.2.0"
        }
      },
      {
        "package": "URLImage",
        "repositoryURL": "https://github.com/dmytro-anokhin/url-image",
        "state": {
          "branch": "version_2",
          "revision": "2b1d56eb9ec76406e0ffab4d367640ff8db634cd",
          "version": null
        }
      }
    ]
  },
  "version": 1
}
