{
  "object": {
    "pins": [
      {
        "package": "NativeSearchBar",
        "repositoryURL": "https://github.com/lisindima/NativeSearchBar",
        "state": {
          "branch": null,
          "revision": "a43b661272fde6992dcb73267e024adb474779d8",
          "version": "2.2.0"
        }
      },
      {
        "package": "URLImage",
        "repositoryURL": "https://github.com/dmytro-anokhin/url-image",
        "state": {
          "branch": null,
          "revision": "22eca5ee4f317e0283da75426849ee23f0516022",
          "version": "0.9.19"
        }
      }
    ]
  },
  "version": 1
}
