// !$*UTF8*$!
{
	archiveVersion = 1;
	classes = {
	};
	objectVersion = 53;
	objects = {

/* Begin PBXBuildFile section */
		113F04FC2505AEBC546B8CC3 /* Pods_RosenergoMobileAgentiOS.framework in Frameworks */ = {isa = PBXBuildFile; fileRef = 28E60C3986E9D80415EBB304 /* Pods_RosenergoMobileAgentiOS.framework */; };
		CB17E55C2466644400CDBB1A /* AppDelegate.swift in Sources */ = {isa = PBXBuildFile; fileRef = CB17E55B2466644400CDBB1A /* AppDelegate.swift */; };
		CB17E55E2466644400CDBB1A /* SceneDelegate.swift in Sources */ = {isa = PBXBuildFile; fileRef = CB17E55D2466644400CDBB1A /* SceneDelegate.swift */; };
		CB17E5612466644400CDBB1A /* RosenergoMobileAgentiOS.xcdatamodeld in Sources */ = {isa = PBXBuildFile; fileRef = CB17E55F2466644400CDBB1A /* RosenergoMobileAgentiOS.xcdatamodeld */; };
		CB17E5632466644400CDBB1A /* SignIn.swift in Sources */ = {isa = PBXBuildFile; fileRef = CB17E5622466644400CDBB1A /* SignIn.swift */; };
		CB17E5652466644500CDBB1A /* Assets.xcassets in Resources */ = {isa = PBXBuildFile; fileRef = CB17E5642466644500CDBB1A /* Assets.xcassets */; };
		CB17E5682466644500CDBB1A /* Preview Assets.xcassets in Resources */ = {isa = PBXBuildFile; fileRef = CB17E5672466644500CDBB1A /* Preview Assets.xcassets */; };
		CB17E56B2466644500CDBB1A /* LaunchScreen.storyboard in Resources */ = {isa = PBXBuildFile; fileRef = CB17E5692466644500CDBB1A /* LaunchScreen.storyboard */; };
		CB17E5742466654E00CDBB1A /* Alamofire in Frameworks */ = {isa = PBXBuildFile; productRef = CB17E5732466654E00CDBB1A /* Alamofire */; };
		CB17E5762467A43700CDBB1A /* SessionStore.swift in Sources */ = {isa = PBXBuildFile; fileRef = CB17E5752467A43700CDBB1A /* SessionStore.swift */; };
		CB17E5792467A54700CDBB1A /* SDWebImageSwiftUI in Frameworks */ = {isa = PBXBuildFile; productRef = CB17E5782467A54700CDBB1A /* SDWebImageSwiftUI */; };
		CB17E57B2467AEE400CDBB1A /* RootView.swift in Sources */ = {isa = PBXBuildFile; fileRef = CB17E57A2467AEE400CDBB1A /* RootView.swift */; };
		CB17E57D2467AFC100CDBB1A /* MenuView.swift in Sources */ = {isa = PBXBuildFile; fileRef = CB17E57C2467AFC100CDBB1A /* MenuView.swift */; };
		CB17E57F2467FFB600CDBB1A /* ListInspections.swift in Sources */ = {isa = PBXBuildFile; fileRef = CB17E57E2467FFB600CDBB1A /* ListInspections.swift */; };
		CB17E58124681E2900CDBB1A /* ActivityIndicator.swift in Sources */ = {isa = PBXBuildFile; fileRef = CB17E58024681E2900CDBB1A /* ActivityIndicator.swift */; };
		CB17E5832468636700CDBB1A /* CustomInput.swift in Sources */ = {isa = PBXBuildFile; fileRef = CB17E5822468636700CDBB1A /* CustomInput.swift */; };
		CB17E585246864AE00CDBB1A /* CustomButton.swift in Sources */ = {isa = PBXBuildFile; fileRef = CB17E584246864AE00CDBB1A /* CustomButton.swift */; };
		CB17E588246933B700CDBB1A /* KeyboardObserving in Frameworks */ = {isa = PBXBuildFile; productRef = CB17E587246933B700CDBB1A /* KeyboardObserving */; };
		CB17E58B24695AA500CDBB1A /* SPAlert in Frameworks */ = {isa = PBXBuildFile; productRef = CB17E58A24695AA500CDBB1A /* SPAlert */; };
		CB17E58F24699F8400CDBB1A /* CreateInspections.swift in Sources */ = {isa = PBXBuildFile; fileRef = CB17E58E24699F8400CDBB1A /* CreateInspections.swift */; };
		CB17E5922469B57F00CDBB1A /* CustomCameraView.swift in Sources */ = {isa = PBXBuildFile; fileRef = CB17E5912469B57F00CDBB1A /* CustomCameraView.swift */; };
		CB20FB7A2480CB92004CB9C1 /* CustomCameraController.swift in Sources */ = {isa = PBXBuildFile; fileRef = CB20FB792480CB92004CB9C1 /* CustomCameraController.swift */; };
		CB20FB7C2480CBC1004CB9C1 /* CustomCameraRepresentable.swift in Sources */ = {isa = PBXBuildFile; fileRef = CB20FB7B2480CBC1004CB9C1 /* CustomCameraRepresentable.swift */; };
		CB2B5B85246BA8CE006F35AC /* AuthenticationServices.framework in Frameworks */ = {isa = PBXBuildFile; fileRef = CB2B5B84246BA8CE006F35AC /* AuthenticationServices.framework */; };
		CB4B9315246CF235006B7008 /* SettingsView.swift in Sources */ = {isa = PBXBuildFile; fileRef = CB4B9314246CF235006B7008 /* SettingsView.swift */; };
		CB4B9317246CF59B006B7008 /* Color.swift in Sources */ = {isa = PBXBuildFile; fileRef = CB4B9316246CF59B006B7008 /* Color.swift */; };
		CB4CD7BF24909A71007FE4AB /* NotificationStore.swift in Sources */ = {isa = PBXBuildFile; fileRef = CB4CD7BE24909A71007FE4AB /* NotificationStore.swift */; };
		CB717C34248DF8B200DE31FE /* GeoIndicator.swift in Sources */ = {isa = PBXBuildFile; fileRef = CB717C33248DF8B200DE31FE /* GeoIndicator.swift */; };
		CB7955D3247381C200670552 /* NativeSearchBar in Frameworks */ = {isa = PBXBuildFile; productRef = CB7955D2247381C200670552 /* NativeSearchBar */; };
		CBB2E09224780EA50017AB00 /* MenuButton.swift in Sources */ = {isa = PBXBuildFile; fileRef = CBB2E09124780EA50017AB00 /* MenuButton.swift */; };
		CBB2E0942478E5B20017AB00 /* CreateVyplatnyeDela.swift in Sources */ = {isa = PBXBuildFile; fileRef = CBB2E0932478E5B20017AB00 /* CreateVyplatnyeDela.swift */; };
		CBB2E0992478F6270017AB00 /* LocalInspectionsItems.swift in Sources */ = {isa = PBXBuildFile; fileRef = CBB2E0982478F6270017AB00 /* LocalInspectionsItems.swift */; };
		CBB2E09C2478F73B0017AB00 /* LocalInspectionsDetails.swift in Sources */ = {isa = PBXBuildFile; fileRef = CBB2E09B2478F73B0017AB00 /* LocalInspectionsDetails.swift */; };
		CBB2E09F2478F7E10017AB00 /* InspectionsItems.swift in Sources */ = {isa = PBXBuildFile; fileRef = CBB2E09E2478F7E10017AB00 /* InspectionsItems.swift */; };
		CBB2E0A12478F8110017AB00 /* InspectionsDetails.swift in Sources */ = {isa = PBXBuildFile; fileRef = CBB2E0A02478F8110017AB00 /* InspectionsDetails.swift */; };
		CBC52839247A504700E337B4 /* ImageDetail.swift in Sources */ = {isa = PBXBuildFile; fileRef = CBC52838247A504700E337B4 /* ImageDetail.swift */; };
		CBC5283D247CB4FB00E337B4 /* SessionStoreModel.swift in Sources */ = {isa = PBXBuildFile; fileRef = CBC5283C247CB4FB00E337B4 /* SessionStoreModel.swift */; };
		CBD07BA32487E62000A863D6 /* GoogleService-Info.plist in Resources */ = {isa = PBXBuildFile; fileRef = CBD07BA22487E62000A863D6 /* GoogleService-Info.plist */; };
		CBD07BA5248A082800A863D6 /* UploadIndicator.swift in Sources */ = {isa = PBXBuildFile; fileRef = CBD07BA4248A082800A863D6 /* UploadIndicator.swift */; };
		CBD5473D246EE6C9008ED0ED /* MailFeedback.swift in Sources */ = {isa = PBXBuildFile; fileRef = CBD5473C246EE6C9008ED0ED /* MailFeedback.swift */; };
		CBDDDA612473CF1400FE5A7C /* CloudKit.framework in Frameworks */ = {isa = PBXBuildFile; fileRef = CBDDDA602473CF1400FE5A7C /* CloudKit.framework */; };
/* End PBXBuildFile section */

/* Begin PBXFileReference section */
		1217DC4A82FB38333164DB84 /* Pods-RosenergoMobileAgentiOS.debug.xcconfig */ = {isa = PBXFileReference; includeInIndex = 1; lastKnownFileType = text.xcconfig; name = "Pods-RosenergoMobileAgentiOS.debug.xcconfig"; path = "Target Support Files/Pods-RosenergoMobileAgentiOS/Pods-RosenergoMobileAgentiOS.debug.xcconfig"; sourceTree = "<group>"; };
		16B3DE6712221979793EC85A /* Pods-RosenergoMobileAgentiOS.release.xcconfig */ = {isa = PBXFileReference; includeInIndex = 1; lastKnownFileType = text.xcconfig; name = "Pods-RosenergoMobileAgentiOS.release.xcconfig"; path = "Target Support Files/Pods-RosenergoMobileAgentiOS/Pods-RosenergoMobileAgentiOS.release.xcconfig"; sourceTree = "<group>"; };
		28E60C3986E9D80415EBB304 /* Pods_RosenergoMobileAgentiOS.framework */ = {isa = PBXFileReference; explicitFileType = wrapper.framework; includeInIndex = 0; path = Pods_RosenergoMobileAgentiOS.framework; sourceTree = BUILT_PRODUCTS_DIR; };
		CB17E5582466644400CDBB1A /* Агент.app */ = {isa = PBXFileReference; explicitFileType = wrapper.application; includeInIndex = 0; path = "Агент.app"; sourceTree = BUILT_PRODUCTS_DIR; };
		CB17E55B2466644400CDBB1A /* AppDelegate.swift */ = {isa = PBXFileReference; lastKnownFileType = sourcecode.swift; path = AppDelegate.swift; sourceTree = "<group>"; };
		CB17E55D2466644400CDBB1A /* SceneDelegate.swift */ = {isa = PBXFileReference; lastKnownFileType = sourcecode.swift; path = SceneDelegate.swift; sourceTree = "<group>"; };
		CB17E5602466644400CDBB1A /* RosenergoMobileAgentiOS.xcdatamodel */ = {isa = PBXFileReference; lastKnownFileType = wrapper.xcdatamodel; path = RosenergoMobileAgentiOS.xcdatamodel; sourceTree = "<group>"; };
		CB17E5622466644400CDBB1A /* SignIn.swift */ = {isa = PBXFileReference; lastKnownFileType = sourcecode.swift; path = SignIn.swift; sourceTree = "<group>"; };
		CB17E5642466644500CDBB1A /* Assets.xcassets */ = {isa = PBXFileReference; lastKnownFileType = folder.assetcatalog; path = Assets.xcassets; sourceTree = "<group>"; };
		CB17E5672466644500CDBB1A /* Preview Assets.xcassets */ = {isa = PBXFileReference; lastKnownFileType = folder.assetcatalog; path = "Preview Assets.xcassets"; sourceTree = "<group>"; };
		CB17E56A2466644500CDBB1A /* Base */ = {isa = PBXFileReference; lastKnownFileType = file.storyboard; name = Base; path = Base.lproj/LaunchScreen.storyboard; sourceTree = "<group>"; };
		CB17E56C2466644500CDBB1A /* Info.plist */ = {isa = PBXFileReference; lastKnownFileType = text.plist.xml; path = Info.plist; sourceTree = "<group>"; };
		CB17E5752467A43700CDBB1A /* SessionStore.swift */ = {isa = PBXFileReference; lastKnownFileType = sourcecode.swift; path = SessionStore.swift; sourceTree = "<group>"; };
		CB17E57A2467AEE400CDBB1A /* RootView.swift */ = {isa = PBXFileReference; lastKnownFileType = sourcecode.swift; path = RootView.swift; sourceTree = "<group>"; };
		CB17E57C2467AFC100CDBB1A /* MenuView.swift */ = {isa = PBXFileReference; lastKnownFileType = sourcecode.swift; path = MenuView.swift; sourceTree = "<group>"; };
		CB17E57E2467FFB600CDBB1A /* ListInspections.swift */ = {isa = PBXFileReference; lastKnownFileType = sourcecode.swift; path = ListInspections.swift; sourceTree = "<group>"; };
		CB17E58024681E2900CDBB1A /* ActivityIndicator.swift */ = {isa = PBXFileReference; lastKnownFileType = sourcecode.swift; path = ActivityIndicator.swift; sourceTree = "<group>"; };
		CB17E5822468636700CDBB1A /* CustomInput.swift */ = {isa = PBXFileReference; lastKnownFileType = sourcecode.swift; path = CustomInput.swift; sourceTree = "<group>"; };
		CB17E584246864AE00CDBB1A /* CustomButton.swift */ = {isa = PBXFileReference; lastKnownFileType = sourcecode.swift; path = CustomButton.swift; sourceTree = "<group>"; };
		CB17E58E24699F8400CDBB1A /* CreateInspections.swift */ = {isa = PBXFileReference; lastKnownFileType = sourcecode.swift; path = CreateInspections.swift; sourceTree = "<group>"; };
		CB17E5912469B57F00CDBB1A /* CustomCameraView.swift */ = {isa = PBXFileReference; lastKnownFileType = sourcecode.swift; path = CustomCameraView.swift; sourceTree = "<group>"; };
		CB20FB792480CB92004CB9C1 /* CustomCameraController.swift */ = {isa = PBXFileReference; lastKnownFileType = sourcecode.swift; path = CustomCameraController.swift; sourceTree = "<group>"; };
		CB20FB7B2480CBC1004CB9C1 /* CustomCameraRepresentable.swift */ = {isa = PBXFileReference; lastKnownFileType = sourcecode.swift; path = CustomCameraRepresentable.swift; sourceTree = "<group>"; };
		CB2B5B82246BA8CE006F35AC /* Мобильный агент.entitlements */ = {isa = PBXFileReference; lastKnownFileType = text.plist.entitlements; path = "Мобильный агент.entitlements"; sourceTree = "<group>"; };
		CB2B5B84246BA8CE006F35AC /* AuthenticationServices.framework */ = {isa = PBXFileReference; lastKnownFileType = wrapper.framework; name = AuthenticationServices.framework; path = System/Library/Frameworks/AuthenticationServices.framework; sourceTree = SDKROOT; };
		CB4B9314246CF235006B7008 /* SettingsView.swift */ = {isa = PBXFileReference; lastKnownFileType = sourcecode.swift; path = SettingsView.swift; sourceTree = "<group>"; };
		CB4B9316246CF59B006B7008 /* Color.swift */ = {isa = PBXFileReference; lastKnownFileType = sourcecode.swift; path = Color.swift; sourceTree = "<group>"; };
		CB4CD7BE24909A71007FE4AB /* NotificationStore.swift */ = {isa = PBXFileReference; lastKnownFileType = sourcecode.swift; path = NotificationStore.swift; sourceTree = "<group>"; };
		CB717C33248DF8B200DE31FE /* GeoIndicator.swift */ = {isa = PBXFileReference; lastKnownFileType = sourcecode.swift; path = GeoIndicator.swift; sourceTree = "<group>"; };
		CBB2E09124780EA50017AB00 /* MenuButton.swift */ = {isa = PBXFileReference; lastKnownFileType = sourcecode.swift; path = MenuButton.swift; sourceTree = "<group>"; };
		CBB2E0932478E5B20017AB00 /* CreateVyplatnyeDela.swift */ = {isa = PBXFileReference; lastKnownFileType = sourcecode.swift; path = CreateVyplatnyeDela.swift; sourceTree = "<group>"; };
		CBB2E0982478F6270017AB00 /* LocalInspectionsItems.swift */ = {isa = PBXFileReference; lastKnownFileType = sourcecode.swift; path = LocalInspectionsItems.swift; sourceTree = "<group>"; };
		CBB2E09B2478F73B0017AB00 /* LocalInspectionsDetails.swift */ = {isa = PBXFileReference; lastKnownFileType = sourcecode.swift; path = LocalInspectionsDetails.swift; sourceTree = "<group>"; };
		CBB2E09E2478F7E10017AB00 /* InspectionsItems.swift */ = {isa = PBXFileReference; lastKnownFileType = sourcecode.swift; path = InspectionsItems.swift; sourceTree = "<group>"; };
		CBB2E0A02478F8110017AB00 /* InspectionsDetails.swift */ = {isa = PBXFileReference; lastKnownFileType = sourcecode.swift; path = InspectionsDetails.swift; sourceTree = "<group>"; };
		CBC52838247A504700E337B4 /* ImageDetail.swift */ = {isa = PBXFileReference; lastKnownFileType = sourcecode.swift; path = ImageDetail.swift; sourceTree = "<group>"; };
		CBC5283C247CB4FB00E337B4 /* SessionStoreModel.swift */ = {isa = PBXFileReference; lastKnownFileType = sourcecode.swift; path = SessionStoreModel.swift; sourceTree = "<group>"; };
		CBD07BA22487E62000A863D6 /* GoogleService-Info.plist */ = {isa = PBXFileReference; fileEncoding = 4; lastKnownFileType = text.plist.xml; path = "GoogleService-Info.plist"; sourceTree = "<group>"; };
		CBD07BA4248A082800A863D6 /* UploadIndicator.swift */ = {isa = PBXFileReference; lastKnownFileType = sourcecode.swift; path = UploadIndicator.swift; sourceTree = "<group>"; };
		CBD5473C246EE6C9008ED0ED /* MailFeedback.swift */ = {isa = PBXFileReference; lastKnownFileType = sourcecode.swift; path = MailFeedback.swift; sourceTree = "<group>"; };
		CBDDDA602473CF1400FE5A7C /* CloudKit.framework */ = {isa = PBXFileReference; lastKnownFileType = wrapper.framework; name = CloudKit.framework; path = System/Library/Frameworks/CloudKit.framework; sourceTree = SDKROOT; };
/* End PBXFileReference section */

/* Begin PBXFrameworksBuildPhase section */
		CB17E5552466644400CDBB1A /* Frameworks */ = {
			isa = PBXFrameworksBuildPhase;
			buildActionMask = 2147483647;
			files = (
				CBDDDA612473CF1400FE5A7C /* CloudKit.framework in Frameworks */,
				CB17E5792467A54700CDBB1A /* SDWebImageSwiftUI in Frameworks */,
				CB7955D3247381C200670552 /* NativeSearchBar in Frameworks */,
				CB2B5B85246BA8CE006F35AC /* AuthenticationServices.framework in Frameworks */,
				CB17E5742466654E00CDBB1A /* Alamofire in Frameworks */,
				CB17E58B24695AA500CDBB1A /* SPAlert in Frameworks */,
				CB17E588246933B700CDBB1A /* KeyboardObserving in Frameworks */,
				113F04FC2505AEBC546B8CC3 /* Pods_RosenergoMobileAgentiOS.framework in Frameworks */,
			);
			runOnlyForDeploymentPostprocessing = 0;
		};
/* End PBXFrameworksBuildPhase section */

/* Begin PBXGroup section */
		AD1EE32388603AC74C80AB5C /* Pods */ = {
			isa = PBXGroup;
			children = (
				1217DC4A82FB38333164DB84 /* Pods-RosenergoMobileAgentiOS.debug.xcconfig */,
				16B3DE6712221979793EC85A /* Pods-RosenergoMobileAgentiOS.release.xcconfig */,
			);
			path = Pods;
			sourceTree = "<group>";
		};
		CB17E54F2466644400CDBB1A = {
			isa = PBXGroup;
			children = (
				CB17E55A2466644400CDBB1A /* RosenergoMobileAgentiOS */,
				CB17E5592466644400CDBB1A /* Products */,
				CB2B5B83246BA8CE006F35AC /* Frameworks */,
				AD1EE32388603AC74C80AB5C /* Pods */,
			);
			sourceTree = "<group>";
		};
		CB17E5592466644400CDBB1A /* Products */ = {
			isa = PBXGroup;
			children = (
				CB17E5582466644400CDBB1A /* Агент.app */,
			);
			name = Products;
			sourceTree = "<group>";
		};
		CB17E55A2466644400CDBB1A /* RosenergoMobileAgentiOS */ = {
			isa = PBXGroup;
			children = (
				CB2B5B82246BA8CE006F35AC /* Мобильный агент.entitlements */,
				CBD07BA22487E62000A863D6 /* GoogleService-Info.plist */,
				CB17E55B2466644400CDBB1A /* AppDelegate.swift */,
				CB17E55D2466644400CDBB1A /* SceneDelegate.swift */,
				CB17E57A2467AEE400CDBB1A /* RootView.swift */,
				CB4CD7BD24909A56007FE4AB /* Notification */,
				CB17E5902469B4FB00CDBB1A /* Extensions */,
				CBB2E0952478F3380017AB00 /* ListInspections */,
				CBC5283A247CB4AC00E337B4 /* Store */,
				CB17E57C2467AFC100CDBB1A /* MenuView.swift */,
				CB4B9314246CF235006B7008 /* SettingsView.swift */,
				CB17E58E24699F8400CDBB1A /* CreateInspections.swift */,
				CBB2E0932478E5B20017AB00 /* CreateVyplatnyeDela.swift */,
				CB17E5622466644400CDBB1A /* SignIn.swift */,
				CB17E5642466644500CDBB1A /* Assets.xcassets */,
				CB17E5692466644500CDBB1A /* LaunchScreen.storyboard */,
				CB17E56C2466644500CDBB1A /* Info.plist */,
				CB17E55F2466644400CDBB1A /* RosenergoMobileAgentiOS.xcdatamodeld */,
				CB17E5662466644500CDBB1A /* Preview Content */,
			);
			path = RosenergoMobileAgentiOS;
			sourceTree = "<group>";
		};
		CB17E5662466644500CDBB1A /* Preview Content */ = {
			isa = PBXGroup;
			children = (
				CB17E5672466644500CDBB1A /* Preview Assets.xcassets */,
			);
			path = "Preview Content";
			sourceTree = "<group>";
		};
		CB17E5902469B4FB00CDBB1A /* Extensions */ = {
			isa = PBXGroup;
			children = (
				CB20FB782480CAD0004CB9C1 /* CameraView */,
				CBD5473C246EE6C9008ED0ED /* MailFeedback.swift */,
				CB17E5822468636700CDBB1A /* CustomInput.swift */,
				CB17E584246864AE00CDBB1A /* CustomButton.swift */,
				CB17E58024681E2900CDBB1A /* ActivityIndicator.swift */,
				CB4B9316246CF59B006B7008 /* Color.swift */,
				CBB2E09124780EA50017AB00 /* MenuButton.swift */,
				CBD07BA4248A082800A863D6 /* UploadIndicator.swift */,
				CB717C33248DF8B200DE31FE /* GeoIndicator.swift */,
			);
			path = Extensions;
			sourceTree = "<group>";
		};
		CB20FB782480CAD0004CB9C1 /* CameraView */ = {
			isa = PBXGroup;
			children = (
				CB17E5912469B57F00CDBB1A /* CustomCameraView.swift */,
				CB20FB792480CB92004CB9C1 /* CustomCameraController.swift */,
				CB20FB7B2480CBC1004CB9C1 /* CustomCameraRepresentable.swift */,
			);
			path = CameraView;
			sourceTree = "<group>";
		};
		CB2B5B83246BA8CE006F35AC /* Frameworks */ = {
			isa = PBXGroup;
			children = (
				CBDDDA602473CF1400FE5A7C /* CloudKit.framework */,
				CB2B5B84246BA8CE006F35AC /* AuthenticationServices.framework */,
				28E60C3986E9D80415EBB304 /* Pods_RosenergoMobileAgentiOS.framework */,
			);
			name = Frameworks;
			sourceTree = "<group>";
		};
		CB4CD7BD24909A56007FE4AB /* Notification */ = {
			isa = PBXGroup;
			children = (
				CB4CD7BE24909A71007FE4AB /* NotificationStore.swift */,
			);
			path = Notification;
			sourceTree = "<group>";
		};
		CBB2E0952478F3380017AB00 /* ListInspections */ = {
			isa = PBXGroup;
			children = (
				CB17E57E2467FFB600CDBB1A /* ListInspections.swift */,
				CBC52838247A504700E337B4 /* ImageDetail.swift */,
				CBB2E09D2478F7870017AB00 /* Server */,
				CBB2E09A2478F7190017AB00 /* Local */,
			);
			path = ListInspections;
			sourceTree = "<group>";
		};
		CBB2E09A2478F7190017AB00 /* Local */ = {
			isa = PBXGroup;
			children = (
				CBB2E0982478F6270017AB00 /* LocalInspectionsItems.swift */,
				CBB2E09B2478F73B0017AB00 /* LocalInspectionsDetails.swift */,
			);
			path = Local;
			sourceTree = "<group>";
		};
		CBB2E09D2478F7870017AB00 /* Server */ = {
			isa = PBXGroup;
			children = (
				CBB2E09E2478F7E10017AB00 /* InspectionsItems.swift */,
				CBB2E0A02478F8110017AB00 /* InspectionsDetails.swift */,
			);
			path = Server;
			sourceTree = "<group>";
		};
		CBC5283A247CB4AC00E337B4 /* Store */ = {
			isa = PBXGroup;
			children = (
				CBC5283B247CB4D300E337B4 /* SessionStoreModel */,
				CB17E5752467A43700CDBB1A /* SessionStore.swift */,
			);
			path = Store;
			sourceTree = "<group>";
		};
		CBC5283B247CB4D300E337B4 /* SessionStoreModel */ = {
			isa = PBXGroup;
			children = (
				CBC5283C247CB4FB00E337B4 /* SessionStoreModel.swift */,
			);
			path = SessionStoreModel;
			sourceTree = "<group>";
		};
/* End PBXGroup section */

/* Begin PBXNativeTarget section */
		CB17E5572466644400CDBB1A /* RosenergoMobileAgentiOS */ = {
			isa = PBXNativeTarget;
			buildConfigurationList = CB17E56F2466644500CDBB1A /* Build configuration list for PBXNativeTarget "RosenergoMobileAgentiOS" */;
			buildPhases = (
				F9250341F50F29863A5DFD8E /* [CP] Check Pods Manifest.lock */,
				CB17E5542466644400CDBB1A /* Sources */,
				CB17E5552466644400CDBB1A /* Frameworks */,
				CB17E5562466644400CDBB1A /* Resources */,
				863E494B1430E1B27E0E2262 /* [CP] Embed Pods Frameworks */,
			);
			buildRules = (
			);
			dependencies = (
			);
			name = RosenergoMobileAgentiOS;
			packageProductDependencies = (
				CB17E5732466654E00CDBB1A /* Alamofire */,
				CB17E5782467A54700CDBB1A /* SDWebImageSwiftUI */,
				CB17E587246933B700CDBB1A /* KeyboardObserving */,
				CB17E58A24695AA500CDBB1A /* SPAlert */,
				CB7955D2247381C200670552 /* NativeSearchBar */,
			);
			productName = RosenergoMobileAgentiOS;
			productReference = CB17E5582466644400CDBB1A /* Агент.app */;
			productType = "com.apple.product-type.application";
		};
/* End PBXNativeTarget section */

/* Begin PBXProject section */
		CB17E5502466644400CDBB1A /* Project object */ = {
			isa = PBXProject;
			attributes = {
				LastSwiftUpdateCheck = 1150;
				LastUpgradeCheck = 1150;
				ORGANIZATIONNAME = "Дмитрий Лисин";
				TargetAttributes = {
					CB17E5572466644400CDBB1A = {
						CreatedOnToolsVersion = 11.5;
					};
				};
			};
			buildConfigurationList = CB17E5532466644400CDBB1A /* Build configuration list for PBXProject "RosenergoMobileAgentiOS" */;
			compatibilityVersion = "Xcode 11.4";
			developmentRegion = en;
			hasScannedForEncodings = 0;
			knownRegions = (
				en,
				Base,
			);
			mainGroup = CB17E54F2466644400CDBB1A;
			packageReferences = (
				CB17E5722466654E00CDBB1A /* XCRemoteSwiftPackageReference "Alamofire" */,
				CB17E5772467A54700CDBB1A /* XCRemoteSwiftPackageReference "SDWebImageSwiftUI" */,
				CB17E586246933B600CDBB1A /* XCRemoteSwiftPackageReference "KeyboardObserving" */,
				CB17E58924695AA500CDBB1A /* XCRemoteSwiftPackageReference "SPAlert" */,
				CB7955D1247381C200670552 /* XCRemoteSwiftPackageReference "NativeSearchBar" */,
			);
			productRefGroup = CB17E5592466644400CDBB1A /* Products */;
			projectDirPath = "";
			projectRoot = "";
			targets = (
				CB17E5572466644400CDBB1A /* RosenergoMobileAgentiOS */,
			);
		};
/* End PBXProject section */

/* Begin PBXResourcesBuildPhase section */
		CB17E5562466644400CDBB1A /* Resources */ = {
			isa = PBXResourcesBuildPhase;
			buildActionMask = 2147483647;
			files = (
				CB17E56B2466644500CDBB1A /* LaunchScreen.storyboard in Resources */,
				CBD07BA32487E62000A863D6 /* GoogleService-Info.plist in Resources */,
				CB17E5682466644500CDBB1A /* Preview Assets.xcassets in Resources */,
				CB17E5652466644500CDBB1A /* Assets.xcassets in Resources */,
			);
			runOnlyForDeploymentPostprocessing = 0;
		};
/* End PBXResourcesBuildPhase section */

/* Begin PBXShellScriptBuildPhase section */
		863E494B1430E1B27E0E2262 /* [CP] Embed Pods Frameworks */ = {
			isa = PBXShellScriptBuildPhase;
			buildActionMask = 2147483647;
			files = (
			);
			inputFileListPaths = (
				"${PODS_ROOT}/Target Support Files/Pods-RosenergoMobileAgentiOS/Pods-RosenergoMobileAgentiOS-frameworks-${CONFIGURATION}-input-files.xcfilelist",
			);
			name = "[CP] Embed Pods Frameworks";
			outputFileListPaths = (
				"${PODS_ROOT}/Target Support Files/Pods-RosenergoMobileAgentiOS/Pods-RosenergoMobileAgentiOS-frameworks-${CONFIGURATION}-output-files.xcfilelist",
			);
			runOnlyForDeploymentPostprocessing = 0;
			shellPath = /bin/sh;
			shellScript = "\"${PODS_ROOT}/Target Support Files/Pods-RosenergoMobileAgentiOS/Pods-RosenergoMobileAgentiOS-frameworks.sh\"\n";
			showEnvVarsInLog = 0;
		};
		F9250341F50F29863A5DFD8E /* [CP] Check Pods Manifest.lock */ = {
			isa = PBXShellScriptBuildPhase;
			buildActionMask = 2147483647;
			files = (
			);
			inputFileListPaths = (
			);
			inputPaths = (
				"${PODS_PODFILE_DIR_PATH}/Podfile.lock",
				"${PODS_ROOT}/Manifest.lock",
			);
			name = "[CP] Check Pods Manifest.lock";
			outputFileListPaths = (
			);
			outputPaths = (
				"$(DERIVED_FILE_DIR)/Pods-RosenergoMobileAgentiOS-checkManifestLockResult.txt",
			);
			runOnlyForDeploymentPostprocessing = 0;
			shellPath = /bin/sh;
			shellScript = "diff \"${PODS_PODFILE_DIR_PATH}/Podfile.lock\" \"${PODS_ROOT}/Manifest.lock\" > /dev/null\nif [ $? != 0 ] ; then\n    # print error to STDERR\n    echo \"error: The sandbox is not in sync with the Podfile.lock. Run 'pod install' or update your CocoaPods installation.\" >&2\n    exit 1\nfi\n# This output is used by Xcode 'outputs' to avoid re-running this script phase.\necho \"SUCCESS\" > \"${SCRIPT_OUTPUT_FILE_0}\"\n";
			showEnvVarsInLog = 0;
		};
/* End PBXShellScriptBuildPhase section */

/* Begin PBXSourcesBuildPhase section */
		CB17E5542466644400CDBB1A /* Sources */ = {
			isa = PBXSourcesBuildPhase;
			buildActionMask = 2147483647;
			files = (
				CBB2E0942478E5B20017AB00 /* CreateVyplatnyeDela.swift in Sources */,
				CB17E57D2467AFC100CDBB1A /* MenuView.swift in Sources */,
				CB17E5612466644400CDBB1A /* RosenergoMobileAgentiOS.xcdatamodeld in Sources */,
				CB17E55C2466644400CDBB1A /* AppDelegate.swift in Sources */,
				CBD5473D246EE6C9008ED0ED /* MailFeedback.swift in Sources */,
				CB17E5922469B57F00CDBB1A /* CustomCameraView.swift in Sources */,
				CBD07BA5248A082800A863D6 /* UploadIndicator.swift in Sources */,
				CB17E57F2467FFB600CDBB1A /* ListInspections.swift in Sources */,
				CB4B9317246CF59B006B7008 /* Color.swift in Sources */,
				CB17E57B2467AEE400CDBB1A /* RootView.swift in Sources */,
				CBB2E09F2478F7E10017AB00 /* InspectionsItems.swift in Sources */,
				CBB2E09C2478F73B0017AB00 /* LocalInspectionsDetails.swift in Sources */,
				CB17E5762467A43700CDBB1A /* SessionStore.swift in Sources */,
				CB17E5632466644400CDBB1A /* SignIn.swift in Sources */,
				CBB2E09224780EA50017AB00 /* MenuButton.swift in Sources */,
				CB4B9315246CF235006B7008 /* SettingsView.swift in Sources */,
				CB17E585246864AE00CDBB1A /* CustomButton.swift in Sources */,
				CB717C34248DF8B200DE31FE /* GeoIndicator.swift in Sources */,
				CB20FB7C2480CBC1004CB9C1 /* CustomCameraRepresentable.swift in Sources */,
				CBB2E0992478F6270017AB00 /* LocalInspectionsItems.swift in Sources */,
				CB17E58124681E2900CDBB1A /* ActivityIndicator.swift in Sources */,
				CB17E58F24699F8400CDBB1A /* CreateInspections.swift in Sources */,
				CBC5283D247CB4FB00E337B4 /* SessionStoreModel.swift in Sources */,
				CB4CD7BF24909A71007FE4AB /* NotificationStore.swift in Sources */,
				CB17E55E2466644400CDBB1A /* SceneDelegate.swift in Sources */,
				CBC52839247A504700E337B4 /* ImageDetail.swift in Sources */,
				CBB2E0A12478F8110017AB00 /* InspectionsDetails.swift in Sources */,
				CB20FB7A2480CB92004CB9C1 /* CustomCameraController.swift in Sources */,
				CB17E5832468636700CDBB1A /* CustomInput.swift in Sources */,
			);
			runOnlyForDeploymentPostprocessing = 0;
		};
/* End PBXSourcesBuildPhase section */

/* Begin PBXVariantGroup section */
		CB17E5692466644500CDBB1A /* LaunchScreen.storyboard */ = {
			isa = PBXVariantGroup;
			children = (
				CB17E56A2466644500CDBB1A /* Base */,
			);
			name = LaunchScreen.storyboard;
			sourceTree = "<group>";
		};
/* End PBXVariantGroup section */

/* Begin XCBuildConfiguration section */
		CB17E56D2466644500CDBB1A /* Debug */ = {
			isa = XCBuildConfiguration;
			buildSettings = {
				ALWAYS_SEARCH_USER_PATHS = NO;
				CLANG_ANALYZER_NONNULL = YES;
				CLANG_ANALYZER_NUMBER_OBJECT_CONVERSION = YES_AGGRESSIVE;
				CLANG_CXX_LANGUAGE_STANDARD = "gnu++14";
				CLANG_CXX_LIBRARY = "libc++";
				CLANG_ENABLE_MODULES = YES;
				CLANG_ENABLE_OBJC_ARC = YES;
				CLANG_ENABLE_OBJC_WEAK = YES;
				CLANG_WARN_BLOCK_CAPTURE_AUTORELEASING = YES;
				CLANG_WARN_BOOL_CONVERSION = YES;
				CLANG_WARN_COMMA = YES;
				CLANG_WARN_CONSTANT_CONVERSION = YES;
				CLANG_WARN_DEPRECATED_OBJC_IMPLEMENTATIONS = YES;
				CLANG_WARN_DIRECT_OBJC_ISA_USAGE = YES_ERROR;
				CLANG_WARN_DOCUMENTATION_COMMENTS = YES;
				CLANG_WARN_EMPTY_BODY = YES;
				CLANG_WARN_ENUM_CONVERSION = YES;
				CLANG_WARN_INFINITE_RECURSION = YES;
				CLANG_WARN_INT_CONVERSION = YES;
				CLANG_WARN_NON_LITERAL_NULL_CONVERSION = YES;
				CLANG_WARN_OBJC_IMPLICIT_RETAIN_SELF = YES;
				CLANG_WARN_OBJC_LITERAL_CONVERSION = YES;
				CLANG_WARN_OBJC_ROOT_CLASS = YES_ERROR;
				CLANG_WARN_RANGE_LOOP_ANALYSIS = YES;
				CLANG_WARN_STRICT_PROTOTYPES = YES;
				CLANG_WARN_SUSPICIOUS_MOVE = YES;
				CLANG_WARN_UNGUARDED_AVAILABILITY = YES_AGGRESSIVE;
				CLANG_WARN_UNREACHABLE_CODE = YES;
				CLANG_WARN__DUPLICATE_METHOD_MATCH = YES;
				COPY_PHASE_STRIP = NO;
				DEBUG_INFORMATION_FORMAT = dwarf;
				ENABLE_STRICT_OBJC_MSGSEND = YES;
				ENABLE_TESTABILITY = YES;
				GCC_C_LANGUAGE_STANDARD = gnu11;
				GCC_DYNAMIC_NO_PIC = NO;
				GCC_NO_COMMON_BLOCKS = YES;
				GCC_OPTIMIZATION_LEVEL = 0;
				GCC_PREPROCESSOR_DEFINITIONS = (
					"DEBUG=1",
					"$(inherited)",
				);
				GCC_WARN_64_TO_32_BIT_CONVERSION = YES;
				GCC_WARN_ABOUT_RETURN_TYPE = YES_ERROR;
				GCC_WARN_UNDECLARED_SELECTOR = YES;
				GCC_WARN_UNINITIALIZED_AUTOS = YES_AGGRESSIVE;
				GCC_WARN_UNUSED_FUNCTION = YES;
				GCC_WARN_UNUSED_VARIABLE = YES;
				IPHONEOS_DEPLOYMENT_TARGET = 13.4;
				MTL_ENABLE_DEBUG_INFO = INCLUDE_SOURCE;
				MTL_FAST_MATH = YES;
				ONLY_ACTIVE_ARCH = YES;
				SDKROOT = iphoneos;
				SWIFT_ACTIVE_COMPILATION_CONDITIONS = DEBUG;
				SWIFT_OPTIMIZATION_LEVEL = "-Onone";
			};
			name = Debug;
		};
		CB17E56E2466644500CDBB1A /* Release */ = {
			isa = XCBuildConfiguration;
			buildSettings = {
				ALWAYS_SEARCH_USER_PATHS = NO;
				CLANG_ANALYZER_NONNULL = YES;
				CLANG_ANALYZER_NUMBER_OBJECT_CONVERSION = YES_AGGRESSIVE;
				CLANG_CXX_LANGUAGE_STANDARD = "gnu++14";
				CLANG_CXX_LIBRARY = "libc++";
				CLANG_ENABLE_MODULES = YES;
				CLANG_ENABLE_OBJC_ARC = YES;
				CLANG_ENABLE_OBJC_WEAK = YES;
				CLANG_WARN_BLOCK_CAPTURE_AUTORELEASING = YES;
				CLANG_WARN_BOOL_CONVERSION = YES;
				CLANG_WARN_COMMA = YES;
				CLANG_WARN_CONSTANT_CONVERSION = YES;
				CLANG_WARN_DEPRECATED_OBJC_IMPLEMENTATIONS = YES;
				CLANG_WARN_DIRECT_OBJC_ISA_USAGE = YES_ERROR;
				CLANG_WARN_DOCUMENTATION_COMMENTS = YES;
				CLANG_WARN_EMPTY_BODY = YES;
				CLANG_WARN_ENUM_CONVERSION = YES;
				CLANG_WARN_INFINITE_RECURSION = YES;
				CLANG_WARN_INT_CONVERSION = YES;
				CLANG_WARN_NON_LITERAL_NULL_CONVERSION = YES;
				CLANG_WARN_OBJC_IMPLICIT_RETAIN_SELF = YES;
				CLANG_WARN_OBJC_LITERAL_CONVERSION = YES;
				CLANG_WARN_OBJC_ROOT_CLASS = YES_ERROR;
				CLANG_WARN_RANGE_LOOP_ANALYSIS = YES;
				CLANG_WARN_STRICT_PROTOTYPES = YES;
				CLANG_WARN_SUSPICIOUS_MOVE = YES;
				CLANG_WARN_UNGUARDED_AVAILABILITY = YES_AGGRESSIVE;
				CLANG_WARN_UNREACHABLE_CODE = YES;
				CLANG_WARN__DUPLICATE_METHOD_MATCH = YES;
				COPY_PHASE_STRIP = NO;
				DEBUG_INFORMATION_FORMAT = "dwarf-with-dsym";
				ENABLE_NS_ASSERTIONS = NO;
				ENABLE_STRICT_OBJC_MSGSEND = YES;
				GCC_C_LANGUAGE_STANDARD = gnu11;
				GCC_NO_COMMON_BLOCKS = YES;
				GCC_WARN_64_TO_32_BIT_CONVERSION = YES;
				GCC_WARN_ABOUT_RETURN_TYPE = YES_ERROR;
				GCC_WARN_UNDECLARED_SELECTOR = YES;
				GCC_WARN_UNINITIALIZED_AUTOS = YES_AGGRESSIVE;
				GCC_WARN_UNUSED_FUNCTION = YES;
				GCC_WARN_UNUSED_VARIABLE = YES;
				IPHONEOS_DEPLOYMENT_TARGET = 13.4;
				MTL_ENABLE_DEBUG_INFO = NO;
				MTL_FAST_MATH = YES;
				SDKROOT = iphoneos;
				SWIFT_COMPILATION_MODE = wholemodule;
				SWIFT_OPTIMIZATION_LEVEL = "-O";
				VALIDATE_PRODUCT = YES;
			};
			name = Release;
		};
		CB17E5702466644500CDBB1A /* Debug */ = {
			isa = XCBuildConfiguration;
			baseConfigurationReference = 1217DC4A82FB38333164DB84 /* Pods-RosenergoMobileAgentiOS.debug.xcconfig */;
			buildSettings = {
				ASSETCATALOG_COMPILER_APPICON_NAME = AppIcon;
				CODE_SIGN_ENTITLEMENTS = "RosenergoMobileAgentiOS/Мобильный агент.entitlements";
				CODE_SIGN_STYLE = Automatic;
				CURRENT_PROJECT_VERSION = 8;
				DEVELOPMENT_ASSET_PATHS = "\"RosenergoMobileAgentiOS/Preview Content\"";
				DEVELOPMENT_TEAM = 48HFZR3X8K;
				ENABLE_PREVIEWS = YES;
				INFOPLIST_FILE = RosenergoMobileAgentiOS/Info.plist;
				IPHONEOS_DEPLOYMENT_TARGET = 13.4;
				LD_RUNPATH_SEARCH_PATHS = (
					"$(inherited)",
					"@executable_path/Frameworks",
				);
				MARKETING_VERSION = 1.0.1;
				PRODUCT_BUNDLE_IDENTIFIER = com.darkfox.rosenergomobileagent;
				PRODUCT_NAME = "Агент";
				SUPPORTS_MACCATALYST = NO;
				SWIFT_VERSION = 5.0;
				TARGETED_DEVICE_FAMILY = "1,2";
			};
			name = Debug;
		};
		CB17E5712466644500CDBB1A /* Release */ = {
			isa = XCBuildConfiguration;
			baseConfigurationReference = 16B3DE6712221979793EC85A /* Pods-RosenergoMobileAgentiOS.release.xcconfig */;
			buildSettings = {
				ASSETCATALOG_COMPILER_APPICON_NAME = AppIcon;
				CODE_SIGN_ENTITLEMENTS = "RosenergoMobileAgentiOS/Мобильный агент.entitlements";
				CODE_SIGN_STYLE = Automatic;
				CURRENT_PROJECT_VERSION = 8;
				DEVELOPMENT_ASSET_PATHS = "\"RosenergoMobileAgentiOS/Preview Content\"";
				DEVELOPMENT_TEAM = 48HFZR3X8K;
				ENABLE_PREVIEWS = YES;
				INFOPLIST_FILE = RosenergoMobileAgentiOS/Info.plist;
				IPHONEOS_DEPLOYMENT_TARGET = 13.4;
				LD_RUNPATH_SEARCH_PATHS = (
					"$(inherited)",
					"@executable_path/Frameworks",
				);
				MARKETING_VERSION = 1.0.1;
				PRODUCT_BUNDLE_IDENTIFIER = com.darkfox.rosenergomobileagent;
				PRODUCT_NAME = "Агент";
				SUPPORTS_MACCATALYST = NO;
				SWIFT_VERSION = 5.0;
				TARGETED_DEVICE_FAMILY = "1,2";
			};
			name = Release;
		};
/* End XCBuildConfiguration section */

/* Begin XCConfigurationList section */
		CB17E5532466644400CDBB1A /* Build configuration list for PBXProject "RosenergoMobileAgentiOS" */ = {
			isa = XCConfigurationList;
			buildConfigurations = (
				CB17E56D2466644500CDBB1A /* Debug */,
				CB17E56E2466644500CDBB1A /* Release */,
			);
			defaultConfigurationIsVisible = 0;
			defaultConfigurationName = Release;
		};
		CB17E56F2466644500CDBB1A /* Build configuration list for PBXNativeTarget "RosenergoMobileAgentiOS" */ = {
			isa = XCConfigurationList;
			buildConfigurations = (
				CB17E5702466644500CDBB1A /* Debug */,
				CB17E5712466644500CDBB1A /* Release */,
			);
			defaultConfigurationIsVisible = 0;
			defaultConfigurationName = Release;
		};
/* End XCConfigurationList section */

/* Begin XCRemoteSwiftPackageReference section */
		CB17E5722466654E00CDBB1A /* XCRemoteSwiftPackageReference "Alamofire" */ = {
			isa = XCRemoteSwiftPackageReference;
			repositoryURL = "https://github.com/Alamofire/Alamofire";
			requirement = {
				kind = upToNextMajorVersion;
				minimumVersion = 5.1.0;
			};
		};
		CB17E5772467A54700CDBB1A /* XCRemoteSwiftPackageReference "SDWebImageSwiftUI" */ = {
			isa = XCRemoteSwiftPackageReference;
			repositoryURL = "https://github.com/SDWebImage/SDWebImageSwiftUI";
			requirement = {
				kind = upToNextMajorVersion;
				minimumVersion = 1.4.0;
			};
		};
		CB17E586246933B600CDBB1A /* XCRemoteSwiftPackageReference "KeyboardObserving" */ = {
			isa = XCRemoteSwiftPackageReference;
			repositoryURL = "https://github.com/nickffox/KeyboardObserving";
			requirement = {
				kind = upToNextMajorVersion;
				minimumVersion = 0.3.0;
			};
		};
		CB17E58924695AA500CDBB1A /* XCRemoteSwiftPackageReference "SPAlert" */ = {
			isa = XCRemoteSwiftPackageReference;
			repositoryURL = "https://github.com/ivanvorobei/SPAlert";
			requirement = {
				kind = upToNextMajorVersion;
				minimumVersion = 2.1.4;
			};
		};
		CB7955D1247381C200670552 /* XCRemoteSwiftPackageReference "NativeSearchBar" */ = {
			isa = XCRemoteSwiftPackageReference;
			repositoryURL = "https://github.com/lisindima/NativeSearchBar";
			requirement = {
				kind = upToNextMajorVersion;
				minimumVersion = 1.0.0;
			};
		};
/* End XCRemoteSwiftPackageReference section */

/* Begin XCSwiftPackageProductDependency section */
		CB17E5732466654E00CDBB1A /* Alamofire */ = {
			isa = XCSwiftPackageProductDependency;
			package = CB17E5722466654E00CDBB1A /* XCRemoteSwiftPackageReference "Alamofire" */;
			productName = Alamofire;
		};
		CB17E5782467A54700CDBB1A /* SDWebImageSwiftUI */ = {
			isa = XCSwiftPackageProductDependency;
			package = CB17E5772467A54700CDBB1A /* XCRemoteSwiftPackageReference "SDWebImageSwiftUI" */;
			productName = SDWebImageSwiftUI;
		};
		CB17E587246933B700CDBB1A /* KeyboardObserving */ = {
			isa = XCSwiftPackageProductDependency;
			package = CB17E586246933B600CDBB1A /* XCRemoteSwiftPackageReference "KeyboardObserving" */;
			productName = KeyboardObserving;
		};
		CB17E58A24695AA500CDBB1A /* SPAlert */ = {
			isa = XCSwiftPackageProductDependency;
			package = CB17E58924695AA500CDBB1A /* XCRemoteSwiftPackageReference "SPAlert" */;
			productName = SPAlert;
		};
		CB7955D2247381C200670552 /* NativeSearchBar */ = {
			isa = XCSwiftPackageProductDependency;
			package = CB7955D1247381C200670552 /* XCRemoteSwiftPackageReference "NativeSearchBar" */;
			productName = NativeSearchBar;
		};
/* End XCSwiftPackageProductDependency section */

/* Begin XCVersionGroup section */
		CB17E55F2466644400CDBB1A /* RosenergoMobileAgentiOS.xcdatamodeld */ = {
			isa = XCVersionGroup;
			children = (
				CB17E5602466644400CDBB1A /* RosenergoMobileAgentiOS.xcdatamodel */,
			);
			currentVersion = CB17E5602466644400CDBB1A /* RosenergoMobileAgentiOS.xcdatamodel */;
			path = RosenergoMobileAgentiOS.xcdatamodeld;
			sourceTree = "<group>";
			versionGroupType = wrapper.xcdatamodel;
		};
/* End XCVersionGroup section */
	};
	rootObject = CB17E5502466644400CDBB1A /* Project object */;
}
