// !$*UTF8*$!
{
	archiveVersion = 1;
	classes = {
	};
	objectVersion = 54;
	objects = {

/* Begin PBXBuildFile section */
		CB03D6BC24A851AF00C515C6 /* LocalInspectionsItems.swift in Sources */ = {isa = PBXBuildFile; fileRef = CBB2E0982478F6270017AB00 /* LocalInspectionsItems.swift */; };
		CB03D6BD24A8521D00C515C6 /* RosenergoMobileAgentiOS.xcdatamodeld in Sources */ = {isa = PBXBuildFile; fileRef = CB17E55F2466644400CDBB1A /* RosenergoMobileAgentiOS.xcdatamodeld */; };
		CB17E5612466644400CDBB1A /* RosenergoMobileAgentiOS.xcdatamodeld in Sources */ = {isa = PBXBuildFile; fileRef = CB17E55F2466644400CDBB1A /* RosenergoMobileAgentiOS.xcdatamodeld */; };
		CB17E5632466644400CDBB1A /* SignIn.swift in Sources */ = {isa = PBXBuildFile; fileRef = CB17E5622466644400CDBB1A /* SignIn.swift */; };
		CB17E5652466644500CDBB1A /* Assets.xcassets in Resources */ = {isa = PBXBuildFile; fileRef = CB17E5642466644500CDBB1A /* Assets.xcassets */; };
		CB17E5682466644500CDBB1A /* Preview Assets.xcassets in Resources */ = {isa = PBXBuildFile; fileRef = CB17E5672466644500CDBB1A /* Preview Assets.xcassets */; };
		CB17E5742466654E00CDBB1A /* Alamofire in Frameworks */ = {isa = PBXBuildFile; productRef = CB17E5732466654E00CDBB1A /* Alamofire */; };
		CB17E5762467A43700CDBB1A /* SessionStore.swift in Sources */ = {isa = PBXBuildFile; fileRef = CB17E5752467A43700CDBB1A /* SessionStore.swift */; };
		CB17E57D2467AFC100CDBB1A /* MenuView.swift in Sources */ = {isa = PBXBuildFile; fileRef = CB17E57C2467AFC100CDBB1A /* MenuView.swift */; };
		CB17E57F2467FFB600CDBB1A /* ListInspections.swift in Sources */ = {isa = PBXBuildFile; fileRef = CB17E57E2467FFB600CDBB1A /* ListInspections.swift */; };
		CB17E5832468636700CDBB1A /* CustomInput.swift in Sources */ = {isa = PBXBuildFile; fileRef = CB17E5822468636700CDBB1A /* CustomInput.swift */; };
		CB17E585246864AE00CDBB1A /* CustomButton.swift in Sources */ = {isa = PBXBuildFile; fileRef = CB17E584246864AE00CDBB1A /* CustomButton.swift */; };
		CB17E588246933B700CDBB1A /* KeyboardObserving in Frameworks */ = {isa = PBXBuildFile; productRef = CB17E587246933B700CDBB1A /* KeyboardObserving */; };
		CB17E58F24699F8400CDBB1A /* CreateInspections.swift in Sources */ = {isa = PBXBuildFile; fileRef = CB17E58E24699F8400CDBB1A /* CreateInspections.swift */; };
		CB17E5922469B57F00CDBB1A /* CustomCameraView.swift in Sources */ = {isa = PBXBuildFile; fileRef = CB17E5912469B57F00CDBB1A /* CustomCameraView.swift */; };
		CB20FB7A2480CB92004CB9C1 /* CustomCameraController.swift in Sources */ = {isa = PBXBuildFile; fileRef = CB20FB792480CB92004CB9C1 /* CustomCameraController.swift */; };
		CB20FB7C2480CBC1004CB9C1 /* CustomCameraRepresentable.swift in Sources */ = {isa = PBXBuildFile; fileRef = CB20FB7B2480CBC1004CB9C1 /* CustomCameraRepresentable.swift */; };
		CB2B5B85246BA8CE006F35AC /* AuthenticationServices.framework in Frameworks */ = {isa = PBXBuildFile; fileRef = CB2B5B84246BA8CE006F35AC /* AuthenticationServices.framework */; };
		CB4B9315246CF235006B7008 /* SettingsView.swift in Sources */ = {isa = PBXBuildFile; fileRef = CB4B9314246CF235006B7008 /* SettingsView.swift */; };
		CB4B9317246CF59B006B7008 /* Color.swift in Sources */ = {isa = PBXBuildFile; fileRef = CB4B9316246CF59B006B7008 /* Color.swift */; };
		CB4CD7BF24909A71007FE4AB /* NotificationStore.swift in Sources */ = {isa = PBXBuildFile; fileRef = CB4CD7BE24909A71007FE4AB /* NotificationStore.swift */; };
		CB5DD59A2494D8ED007AF70B /* Defaults in Frameworks */ = {isa = PBXBuildFile; productRef = CB5DD5992494D8ED007AF70B /* Defaults */; };
		CB66D63224A469FF005C616A /* InspectionsDetails.swift in Sources */ = {isa = PBXBuildFile; fileRef = CBB2E0A02478F8110017AB00 /* InspectionsDetails.swift */; };
		CB66D72B24A5973A005C616A /* InspectionsItems.swift in Sources */ = {isa = PBXBuildFile; fileRef = CBB2E09E2478F7E10017AB00 /* InspectionsItems.swift */; };
		CB66D72E24A5ADA0005C616A /* ImageDetail.swift in Sources */ = {isa = PBXBuildFile; fileRef = CBC52838247A504700E337B4 /* ImageDetail.swift */; };
		CB66D73024A5ADCE005C616A /* LocalImageDetail.swift in Sources */ = {isa = PBXBuildFile; fileRef = CB66D72F24A5ADCE005C616A /* LocalImageDetail.swift */; };
		CB66D74C24A5DAA2005C616A /* RosenergoApp.swift in Sources */ = {isa = PBXBuildFile; fileRef = CB66D74A24A5D989005C616A /* RosenergoApp.swift */; };
		CB717C34248DF8B200DE31FE /* GeoIndicator.swift in Sources */ = {isa = PBXBuildFile; fileRef = CB717C33248DF8B200DE31FE /* GeoIndicator.swift */; };
		CB7267A8249879B700E138BD /* SessionStore.swift in Sources */ = {isa = PBXBuildFile; fileRef = CB17E5752467A43700CDBB1A /* SessionStore.swift */; };
		CB7267AA24987AA700E138BD /* Defaults in Frameworks */ = {isa = PBXBuildFile; productRef = CB7267A924987AA700E138BD /* Defaults */; };
		CB7267B12498858100E138BD /* MenuView.swift in Sources */ = {isa = PBXBuildFile; fileRef = CB7267B02498858100E138BD /* MenuView.swift */; };
		CB7267C22498B76500E138BD /* Assets.xcassets in Resources */ = {isa = PBXBuildFile; fileRef = CB9DE931249758B300F4E72A /* Assets.xcassets */; };
		CB7267C52498B79A00E138BD /* Color.swift in Sources */ = {isa = PBXBuildFile; fileRef = CB4B9316246CF59B006B7008 /* Color.swift */; };
		CB73E46524B30F270070B781 /* Color.swift in Sources */ = {isa = PBXBuildFile; fileRef = CB4B9316246CF59B006B7008 /* Color.swift */; };
		CB758D6E24AECC43000A6B3C /* RootView.swift in Sources */ = {isa = PBXBuildFile; fileRef = CB17E57A2467AEE400CDBB1A /* RootView.swift */; };
		CB758D6F24AECC43000A6B3C /* RootView.swift in Sources */ = {isa = PBXBuildFile; fileRef = CB17E57A2467AEE400CDBB1A /* RootView.swift */; };
		CB758D7124AEEB67000A6B3C /* UIImage.swift in Sources */ = {isa = PBXBuildFile; fileRef = CB758D7024AEEB67000A6B3C /* UIImage.swift */; };
		CB758D7224AEEB67000A6B3C /* UIImage.swift in Sources */ = {isa = PBXBuildFile; fileRef = CB758D7024AEEB67000A6B3C /* UIImage.swift */; };
		CB758D7924AEFA45000A6B3C /* WidgetKit.framework in Frameworks */ = {isa = PBXBuildFile; fileRef = CB758D7824AEFA45000A6B3C /* WidgetKit.framework */; };
		CB758D7B24AEFA45000A6B3C /* SwiftUI.framework in Frameworks */ = {isa = PBXBuildFile; fileRef = CB758D7A24AEFA45000A6B3C /* SwiftUI.framework */; };
		CB758D7E24AEFA45000A6B3C /* Widget.swift in Sources */ = {isa = PBXBuildFile; fileRef = CB758D7D24AEFA45000A6B3C /* Widget.swift */; };
		CB758D8024AEFA48000A6B3C /* Assets.xcassets in Resources */ = {isa = PBXBuildFile; fileRef = CB758D7F24AEFA48000A6B3C /* Assets.xcassets */; };
		CB758D8424AEFA48000A6B3C /* WidgetExtension.appex in Embed App Extensions */ = {isa = PBXBuildFile; fileRef = CB758D7724AEFA45000A6B3C /* WidgetExtension.appex */; settings = {ATTRIBUTES = (RemoveHeadersOnCopy, ); }; };
		CB758D8B24B17C93000A6B3C /* String.swift in Sources */ = {isa = PBXBuildFile; fileRef = CB758D8A24B17C93000A6B3C /* String.swift */; };
		CB758D8C24B17C93000A6B3C /* String.swift in Sources */ = {isa = PBXBuildFile; fileRef = CB758D8A24B17C93000A6B3C /* String.swift */; };
		CB7B93B624ADA12800712384 /* RosenergoApp.swift in Sources */ = {isa = PBXBuildFile; fileRef = CB66D74A24A5D989005C616A /* RosenergoApp.swift */; };
		CB7CEF9D24A9CB50009DF93A /* SignIn.swift in Sources */ = {isa = PBXBuildFile; fileRef = CB17E5622466644400CDBB1A /* SignIn.swift */; };
		CB7CEFA224A9D6C2009DF93A /* NativeSearchBar in Frameworks */ = {isa = PBXBuildFile; productRef = CB7CEFA124A9D6C2009DF93A /* NativeSearchBar */; };
		CB7CEFA324A9D8D0009DF93A /* LocalInspectionsDetails.swift in Sources */ = {isa = PBXBuildFile; fileRef = CBB2E09B2478F73B0017AB00 /* LocalInspectionsDetails.swift */; };
		CB7CEFA524A9D9A0009DF93A /* UploadIndicator.swift in Sources */ = {isa = PBXBuildFile; fileRef = CBD07BA4248A082800A863D6 /* UploadIndicator.swift */; };
		CB7CEFA624A9DA1D009DF93A /* LocalImageDetail.swift in Sources */ = {isa = PBXBuildFile; fileRef = CB66D72F24A5ADCE005C616A /* LocalImageDetail.swift */; };
		CB7CEFA724A9DBA2009DF93A /* ListInspections.swift in Sources */ = {isa = PBXBuildFile; fileRef = CB9DE959249759F500F4E72A /* ListInspections.swift */; };
		CB7CEFAA24AAC202009DF93A /* CloudKit.framework in Frameworks */ = {isa = PBXBuildFile; fileRef = CB7CEFA924AAC202009DF93A /* CloudKit.framework */; };
		CB85CDB9249B34A500AAEF04 /* URLImage in Frameworks */ = {isa = PBXBuildFile; productRef = CB85CDB8249B34A500AAEF04 /* URLImage */; };
		CB87022A249C5FF400B5DA72 /* URLImage in Frameworks */ = {isa = PBXBuildFile; productRef = CB870229249C5FF400B5DA72 /* URLImage */; };
		CB9D62D024A3B784000C1C3A /* SettingsView.swift in Sources */ = {isa = PBXBuildFile; fileRef = CB4B9314246CF235006B7008 /* SettingsView.swift */; };
		CB9D62D224A455B1000C1C3A /* SectionItem.swift in Sources */ = {isa = PBXBuildFile; fileRef = CB9D62D124A455B1000C1C3A /* SectionItem.swift */; };
		CB9D62D324A455B1000C1C3A /* SectionItem.swift in Sources */ = {isa = PBXBuildFile; fileRef = CB9D62D124A455B1000C1C3A /* SectionItem.swift */; };
		CB9DE932249758B300F4E72A /* Assets.xcassets in Resources */ = {isa = PBXBuildFile; fileRef = CB9DE931249758B300F4E72A /* Assets.xcassets */; };
		CB9DE939249758B400F4E72A /* RosenergoMobileAgentwatchOS Extension.appex in Embed App Extensions */ = {isa = PBXBuildFile; fileRef = CB9DE938249758B400F4E72A /* RosenergoMobileAgentwatchOS Extension.appex */; settings = {ATTRIBUTES = (RemoveHeadersOnCopy, ); }; };
		CB9DE948249758B500F4E72A /* Assets.xcassets in Resources */ = {isa = PBXBuildFile; fileRef = CB9DE947249758B500F4E72A /* Assets.xcassets */; };
		CB9DE94B249758B500F4E72A /* Preview Assets.xcassets in Resources */ = {isa = PBXBuildFile; fileRef = CB9DE94A249758B500F4E72A /* Preview Assets.xcassets */; };
		CB9DE950249758B500F4E72A /* RosenergoMobileAgentwatchOS.app in Embed Watch Content */ = {isa = PBXBuildFile; fileRef = CB9DE92C249758B100F4E72A /* RosenergoMobileAgentwatchOS.app */; platformFilter = ios; settings = {ATTRIBUTES = (RemoveHeadersOnCopy, ); }; };
		CB9DE95E24975A4100F4E72A /* Alamofire in Frameworks */ = {isa = PBXBuildFile; productRef = CB9DE95D24975A4100F4E72A /* Alamofire */; };
		CB9DE96124975BE600F4E72A /* SessionStoreModel.swift in Sources */ = {isa = PBXBuildFile; fileRef = CBC5283C247CB4FB00E337B4 /* SessionStoreModel.swift */; };
		CBA5870C24A3499F009631C1 /* MenuButton.swift in Sources */ = {isa = PBXBuildFile; fileRef = CBB2E09124780EA50017AB00 /* MenuButton.swift */; };
		CBB2E09224780EA50017AB00 /* MenuButton.swift in Sources */ = {isa = PBXBuildFile; fileRef = CBB2E09124780EA50017AB00 /* MenuButton.swift */; };
		CBB2E0942478E5B20017AB00 /* CreateVyplatnyeDela.swift in Sources */ = {isa = PBXBuildFile; fileRef = CBB2E0932478E5B20017AB00 /* CreateVyplatnyeDela.swift */; };
		CBB2E0992478F6270017AB00 /* LocalInspectionsItems.swift in Sources */ = {isa = PBXBuildFile; fileRef = CBB2E0982478F6270017AB00 /* LocalInspectionsItems.swift */; };
		CBB2E09C2478F73B0017AB00 /* LocalInspectionsDetails.swift in Sources */ = {isa = PBXBuildFile; fileRef = CBB2E09B2478F73B0017AB00 /* LocalInspectionsDetails.swift */; };
		CBB2E09F2478F7E10017AB00 /* InspectionsItems.swift in Sources */ = {isa = PBXBuildFile; fileRef = CBB2E09E2478F7E10017AB00 /* InspectionsItems.swift */; };
		CBB2E0A12478F8110017AB00 /* InspectionsDetails.swift in Sources */ = {isa = PBXBuildFile; fileRef = CBB2E0A02478F8110017AB00 /* InspectionsDetails.swift */; };
		CBC52839247A504700E337B4 /* ImageDetail.swift in Sources */ = {isa = PBXBuildFile; fileRef = CBC52838247A504700E337B4 /* ImageDetail.swift */; };
		CBC5283D247CB4FB00E337B4 /* SessionStoreModel.swift in Sources */ = {isa = PBXBuildFile; fileRef = CBC5283C247CB4FB00E337B4 /* SessionStoreModel.swift */; };
		CBD07BA32487E62000A863D6 /* GoogleService-Info.plist in Resources */ = {isa = PBXBuildFile; fileRef = CBD07BA22487E62000A863D6 /* GoogleService-Info.plist */; };
		CBD07BA5248A082800A863D6 /* UploadIndicator.swift in Sources */ = {isa = PBXBuildFile; fileRef = CBD07BA4248A082800A863D6 /* UploadIndicator.swift */; };
		CBD5473D246EE6C9008ED0ED /* MailFeedback.swift in Sources */ = {isa = PBXBuildFile; fileRef = CBD5473C246EE6C9008ED0ED /* MailFeedback.swift */; };
		CBDDDA612473CF1400FE5A7C /* CloudKit.framework in Frameworks */ = {isa = PBXBuildFile; fileRef = CBDDDA602473CF1400FE5A7C /* CloudKit.framework */; };
		CBE9BE9424A7622100D8CA2A /* SettingsButtonBar.swift in Sources */ = {isa = PBXBuildFile; fileRef = CBE9BE9324A7622000D8CA2A /* SettingsButtonBar.swift */; };
		CBE9BE9624A7628B00D8CA2A /* SideBar.swift in Sources */ = {isa = PBXBuildFile; fileRef = CBE9BE9524A7628B00D8CA2A /* SideBar.swift */; };
/* End PBXBuildFile section */

/* Begin PBXContainerItemProxy section */
		CB758D8224AEFA48000A6B3C /* PBXContainerItemProxy */ = {
			isa = PBXContainerItemProxy;
			containerPortal = CB17E5502466644400CDBB1A /* Project object */;
			proxyType = 1;
			remoteGlobalIDString = CB758D7624AEFA45000A6B3C;
			remoteInfo = WidgetExtension;
		};
		CB9DE93A249758B400F4E72A /* PBXContainerItemProxy */ = {
			isa = PBXContainerItemProxy;
			containerPortal = CB17E5502466644400CDBB1A /* Project object */;
			proxyType = 1;
			remoteGlobalIDString = CB9DE937249758B400F4E72A;
			remoteInfo = "RosenergoMobileAgentwatchOS Extension";
		};
		CB9DE94E249758B500F4E72A /* PBXContainerItemProxy */ = {
			isa = PBXContainerItemProxy;
			containerPortal = CB17E5502466644400CDBB1A /* Project object */;
			proxyType = 1;
			remoteGlobalIDString = CB9DE92B249758B100F4E72A;
			remoteInfo = RosenergoMobileAgentwatchOS;
		};
/* End PBXContainerItemProxy section */

/* Begin PBXCopyFilesBuildPhase section */
		CB758D8924AEFA48000A6B3C /* Embed App Extensions */ = {
			isa = PBXCopyFilesBuildPhase;
			buildActionMask = 2147483647;
			dstPath = "";
			dstSubfolderSpec = 13;
			files = (
				CB758D8424AEFA48000A6B3C /* WidgetExtension.appex in Embed App Extensions */,
			);
			name = "Embed App Extensions";
			runOnlyForDeploymentPostprocessing = 0;
		};
		CB9DE951249758B500F4E72A /* Embed Watch Content */ = {
			isa = PBXCopyFilesBuildPhase;
			buildActionMask = 2147483647;
			dstPath = "$(CONTENTS_FOLDER_PATH)/Watch";
			dstSubfolderSpec = 16;
			files = (
				CB9DE950249758B500F4E72A /* RosenergoMobileAgentwatchOS.app in Embed Watch Content */,
			);
			name = "Embed Watch Content";
			runOnlyForDeploymentPostprocessing = 0;
		};
		CB9DE954249758B500F4E72A /* Embed App Extensions */ = {
			isa = PBXCopyFilesBuildPhase;
			buildActionMask = 2147483647;
			dstPath = "";
			dstSubfolderSpec = 13;
			files = (
				CB9DE939249758B400F4E72A /* RosenergoMobileAgentwatchOS Extension.appex in Embed App Extensions */,
			);
			name = "Embed App Extensions";
			runOnlyForDeploymentPostprocessing = 0;
		};
/* End PBXCopyFilesBuildPhase section */

/* Begin PBXFileReference section */
		CB17E5582466644400CDBB1A /* Агент.app */ = {isa = PBXFileReference; explicitFileType = wrapper.application; includeInIndex = 0; path = "Агент.app"; sourceTree = BUILT_PRODUCTS_DIR; };
		CB17E5602466644400CDBB1A /* RosenergoMobileAgentiOS.xcdatamodel */ = {isa = PBXFileReference; lastKnownFileType = wrapper.xcdatamodel; path = RosenergoMobileAgentiOS.xcdatamodel; sourceTree = "<group>"; };
		CB17E5622466644400CDBB1A /* SignIn.swift */ = {isa = PBXFileReference; lastKnownFileType = sourcecode.swift; path = SignIn.swift; sourceTree = "<group>"; };
		CB17E5642466644500CDBB1A /* Assets.xcassets */ = {isa = PBXFileReference; lastKnownFileType = folder.assetcatalog; path = Assets.xcassets; sourceTree = "<group>"; };
		CB17E5672466644500CDBB1A /* Preview Assets.xcassets */ = {isa = PBXFileReference; lastKnownFileType = folder.assetcatalog; path = "Preview Assets.xcassets"; sourceTree = "<group>"; };
		CB17E56C2466644500CDBB1A /* Info.plist */ = {isa = PBXFileReference; lastKnownFileType = text.plist.xml; path = Info.plist; sourceTree = "<group>"; };
		CB17E5752467A43700CDBB1A /* SessionStore.swift */ = {isa = PBXFileReference; lastKnownFileType = sourcecode.swift; path = SessionStore.swift; sourceTree = "<group>"; };
		CB17E57A2467AEE400CDBB1A /* RootView.swift */ = {isa = PBXFileReference; lastKnownFileType = sourcecode.swift; path = RootView.swift; sourceTree = "<group>"; };
		CB17E57C2467AFC100CDBB1A /* MenuView.swift */ = {isa = PBXFileReference; lastKnownFileType = sourcecode.swift; path = MenuView.swift; sourceTree = "<group>"; };
		CB17E57E2467FFB600CDBB1A /* ListInspections.swift */ = {isa = PBXFileReference; lastKnownFileType = sourcecode.swift; path = ListInspections.swift; sourceTree = "<group>"; };
		CB17E5822468636700CDBB1A /* CustomInput.swift */ = {isa = PBXFileReference; lastKnownFileType = sourcecode.swift; path = CustomInput.swift; sourceTree = "<group>"; };
		CB17E584246864AE00CDBB1A /* CustomButton.swift */ = {isa = PBXFileReference; lastKnownFileType = sourcecode.swift; path = CustomButton.swift; sourceTree = "<group>"; };
		CB17E58E24699F8400CDBB1A /* CreateInspections.swift */ = {isa = PBXFileReference; lastKnownFileType = sourcecode.swift; path = CreateInspections.swift; sourceTree = "<group>"; };
		CB17E5912469B57F00CDBB1A /* CustomCameraView.swift */ = {isa = PBXFileReference; lastKnownFileType = sourcecode.swift; path = CustomCameraView.swift; sourceTree = "<group>"; };
		CB20FB792480CB92004CB9C1 /* CustomCameraController.swift */ = {isa = PBXFileReference; lastKnownFileType = sourcecode.swift; path = CustomCameraController.swift; sourceTree = "<group>"; };
		CB20FB7B2480CBC1004CB9C1 /* CustomCameraRepresentable.swift */ = {isa = PBXFileReference; lastKnownFileType = sourcecode.swift; path = CustomCameraRepresentable.swift; sourceTree = "<group>"; };
		CB2B5B82246BA8CE006F35AC /* Мобильный агент.entitlements */ = {isa = PBXFileReference; lastKnownFileType = text.plist.entitlements; path = "Мобильный агент.entitlements"; sourceTree = "<group>"; };
		CB2B5B84246BA8CE006F35AC /* AuthenticationServices.framework */ = {isa = PBXFileReference; lastKnownFileType = wrapper.framework; name = AuthenticationServices.framework; path = System/Library/Frameworks/AuthenticationServices.framework; sourceTree = SDKROOT; };
		CB4B9314246CF235006B7008 /* SettingsView.swift */ = {isa = PBXFileReference; lastKnownFileType = sourcecode.swift; path = SettingsView.swift; sourceTree = "<group>"; };
		CB4B9316246CF59B006B7008 /* Color.swift */ = {isa = PBXFileReference; lastKnownFileType = sourcecode.swift; path = Color.swift; sourceTree = "<group>"; };
		CB4CD7BE24909A71007FE4AB /* NotificationStore.swift */ = {isa = PBXFileReference; lastKnownFileType = sourcecode.swift; path = NotificationStore.swift; sourceTree = "<group>"; };
		CB66D72F24A5ADCE005C616A /* LocalImageDetail.swift */ = {isa = PBXFileReference; lastKnownFileType = sourcecode.swift; path = LocalImageDetail.swift; sourceTree = "<group>"; };
		CB66D74A24A5D989005C616A /* RosenergoApp.swift */ = {isa = PBXFileReference; lastKnownFileType = sourcecode.swift; path = RosenergoApp.swift; sourceTree = "<group>"; };
		CB717C33248DF8B200DE31FE /* GeoIndicator.swift */ = {isa = PBXFileReference; lastKnownFileType = sourcecode.swift; path = GeoIndicator.swift; sourceTree = "<group>"; };
		CB7267B02498858100E138BD /* MenuView.swift */ = {isa = PBXFileReference; lastKnownFileType = sourcecode.swift; path = MenuView.swift; sourceTree = "<group>"; };
		CB758D7024AEEB67000A6B3C /* UIImage.swift */ = {isa = PBXFileReference; lastKnownFileType = sourcecode.swift; path = UIImage.swift; sourceTree = "<group>"; };
		CB758D7724AEFA45000A6B3C /* WidgetExtension.appex */ = {isa = PBXFileReference; explicitFileType = "wrapper.app-extension"; includeInIndex = 0; path = WidgetExtension.appex; sourceTree = BUILT_PRODUCTS_DIR; };
		CB758D7824AEFA45000A6B3C /* WidgetKit.framework */ = {isa = PBXFileReference; lastKnownFileType = wrapper.framework; name = WidgetKit.framework; path = System/Library/Frameworks/WidgetKit.framework; sourceTree = SDKROOT; };
		CB758D7A24AEFA45000A6B3C /* SwiftUI.framework */ = {isa = PBXFileReference; lastKnownFileType = wrapper.framework; name = SwiftUI.framework; path = System/Library/Frameworks/SwiftUI.framework; sourceTree = SDKROOT; };
		CB758D7D24AEFA45000A6B3C /* Widget.swift */ = {isa = PBXFileReference; lastKnownFileType = sourcecode.swift; path = Widget.swift; sourceTree = "<group>"; };
		CB758D7F24AEFA48000A6B3C /* Assets.xcassets */ = {isa = PBXFileReference; lastKnownFileType = folder.assetcatalog; path = Assets.xcassets; sourceTree = "<group>"; };
		CB758D8124AEFA48000A6B3C /* Info.plist */ = {isa = PBXFileReference; lastKnownFileType = text.plist.xml; path = Info.plist; sourceTree = "<group>"; };
		CB758D8524AEFA48000A6B3C /* WidgetExtension.entitlements */ = {isa = PBXFileReference; lastKnownFileType = text.plist.entitlements; path = WidgetExtension.entitlements; sourceTree = "<group>"; };
		CB758D8A24B17C93000A6B3C /* String.swift */ = {isa = PBXFileReference; lastKnownFileType = sourcecode.swift; path = String.swift; sourceTree = "<group>"; };
		CB7CEFA824AAC1F9009DF93A /* RosenergoMobileAgentwatchOS Extension.entitlements */ = {isa = PBXFileReference; lastKnownFileType = text.plist.entitlements; path = "RosenergoMobileAgentwatchOS Extension.entitlements"; sourceTree = "<group>"; };
		CB7CEFA924AAC202009DF93A /* CloudKit.framework */ = {isa = PBXFileReference; lastKnownFileType = wrapper.framework; name = CloudKit.framework; path = Platforms/WatchOS.platform/Developer/SDKs/WatchOS7.0.sdk/System/Library/Frameworks/CloudKit.framework; sourceTree = DEVELOPER_DIR; };
		CB9D62D124A455B1000C1C3A /* SectionItem.swift */ = {isa = PBXFileReference; lastKnownFileType = sourcecode.swift; path = SectionItem.swift; sourceTree = "<group>"; };
		CB9DE92C249758B100F4E72A /* RosenergoMobileAgentwatchOS.app */ = {isa = PBXFileReference; explicitFileType = wrapper.application; includeInIndex = 0; path = RosenergoMobileAgentwatchOS.app; sourceTree = BUILT_PRODUCTS_DIR; };
		CB9DE931249758B300F4E72A /* Assets.xcassets */ = {isa = PBXFileReference; lastKnownFileType = folder.assetcatalog; path = Assets.xcassets; sourceTree = "<group>"; };
		CB9DE933249758B300F4E72A /* Info.plist */ = {isa = PBXFileReference; lastKnownFileType = text.plist.xml; path = Info.plist; sourceTree = "<group>"; };
		CB9DE938249758B400F4E72A /* RosenergoMobileAgentwatchOS Extension.appex */ = {isa = PBXFileReference; explicitFileType = "wrapper.app-extension"; includeInIndex = 0; path = "RosenergoMobileAgentwatchOS Extension.appex"; sourceTree = BUILT_PRODUCTS_DIR; };
		CB9DE947249758B500F4E72A /* Assets.xcassets */ = {isa = PBXFileReference; lastKnownFileType = folder.assetcatalog; path = Assets.xcassets; sourceTree = "<group>"; };
		CB9DE94A249758B500F4E72A /* Preview Assets.xcassets */ = {isa = PBXFileReference; lastKnownFileType = folder.assetcatalog; path = "Preview Assets.xcassets"; sourceTree = "<group>"; };
		CB9DE94C249758B500F4E72A /* Info.plist */ = {isa = PBXFileReference; lastKnownFileType = text.plist.xml; path = Info.plist; sourceTree = "<group>"; };
		CB9DE959249759F500F4E72A /* ListInspections.swift */ = {isa = PBXFileReference; lastKnownFileType = sourcecode.swift; path = ListInspections.swift; sourceTree = "<group>"; };
		CBB2E09124780EA50017AB00 /* MenuButton.swift */ = {isa = PBXFileReference; lastKnownFileType = sourcecode.swift; path = MenuButton.swift; sourceTree = "<group>"; };
		CBB2E0932478E5B20017AB00 /* CreateVyplatnyeDela.swift */ = {isa = PBXFileReference; lastKnownFileType = sourcecode.swift; path = CreateVyplatnyeDela.swift; sourceTree = "<group>"; };
		CBB2E0982478F6270017AB00 /* LocalInspectionsItems.swift */ = {isa = PBXFileReference; lastKnownFileType = sourcecode.swift; path = LocalInspectionsItems.swift; sourceTree = "<group>"; };
		CBB2E09B2478F73B0017AB00 /* LocalInspectionsDetails.swift */ = {isa = PBXFileReference; lastKnownFileType = sourcecode.swift; path = LocalInspectionsDetails.swift; sourceTree = "<group>"; };
		CBB2E09E2478F7E10017AB00 /* InspectionsItems.swift */ = {isa = PBXFileReference; lastKnownFileType = sourcecode.swift; path = InspectionsItems.swift; sourceTree = "<group>"; };
		CBB2E0A02478F8110017AB00 /* InspectionsDetails.swift */ = {isa = PBXFileReference; lastKnownFileType = sourcecode.swift; path = InspectionsDetails.swift; sourceTree = "<group>"; };
		CBC52838247A504700E337B4 /* ImageDetail.swift */ = {isa = PBXFileReference; lastKnownFileType = sourcecode.swift; path = ImageDetail.swift; sourceTree = "<group>"; };
		CBC5283C247CB4FB00E337B4 /* SessionStoreModel.swift */ = {isa = PBXFileReference; lastKnownFileType = sourcecode.swift; path = SessionStoreModel.swift; sourceTree = "<group>"; };
		CBD07BA22487E62000A863D6 /* GoogleService-Info.plist */ = {isa = PBXFileReference; fileEncoding = 4; lastKnownFileType = text.plist.xml; path = "GoogleService-Info.plist"; sourceTree = "<group>"; };
		CBD07BA4248A082800A863D6 /* UploadIndicator.swift */ = {isa = PBXFileReference; lastKnownFileType = sourcecode.swift; path = UploadIndicator.swift; sourceTree = "<group>"; };
		CBD5473C246EE6C9008ED0ED /* MailFeedback.swift */ = {isa = PBXFileReference; lastKnownFileType = sourcecode.swift; path = MailFeedback.swift; sourceTree = "<group>"; };
		CBDDDA602473CF1400FE5A7C /* CloudKit.framework */ = {isa = PBXFileReference; lastKnownFileType = wrapper.framework; name = CloudKit.framework; path = System/Library/Frameworks/CloudKit.framework; sourceTree = SDKROOT; };
		CBE9BE9324A7622000D8CA2A /* SettingsButtonBar.swift */ = {isa = PBXFileReference; lastKnownFileType = sourcecode.swift; path = SettingsButtonBar.swift; sourceTree = "<group>"; };
		CBE9BE9524A7628B00D8CA2A /* SideBar.swift */ = {isa = PBXFileReference; lastKnownFileType = sourcecode.swift; path = SideBar.swift; sourceTree = "<group>"; };
/* End PBXFileReference section */

/* Begin PBXFrameworksBuildPhase section */
		7005BE7BBF3E25CAF3C61282 /* Frameworks */ = {
			isa = PBXFrameworksBuildPhase;
			buildActionMask = 2147483647;
			files = (
			);
			runOnlyForDeploymentPostprocessing = 0;
		};
		CB17E5552466644400CDBB1A /* Frameworks */ = {
			isa = PBXFrameworksBuildPhase;
			buildActionMask = 2147483647;
			files = (
				CBDDDA612473CF1400FE5A7C /* CloudKit.framework in Frameworks */,
				CB87022A249C5FF400B5DA72 /* URLImage in Frameworks */,
				CB5DD59A2494D8ED007AF70B /* Defaults in Frameworks */,
				CB7CEFA224A9D6C2009DF93A /* NativeSearchBar in Frameworks */,
				CB2B5B85246BA8CE006F35AC /* AuthenticationServices.framework in Frameworks */,
				CB17E5742466654E00CDBB1A /* Alamofire in Frameworks */,
				CB17E588246933B700CDBB1A /* KeyboardObserving in Frameworks */,
			);
			runOnlyForDeploymentPostprocessing = 0;
		};
		CB758D7424AEFA45000A6B3C /* Frameworks */ = {
			isa = PBXFrameworksBuildPhase;
			buildActionMask = 2147483647;
			files = (
				CB758D7B24AEFA45000A6B3C /* SwiftUI.framework in Frameworks */,
				CB758D7924AEFA45000A6B3C /* WidgetKit.framework in Frameworks */,
			);
			runOnlyForDeploymentPostprocessing = 0;
		};
		CB9DE935249758B400F4E72A /* Frameworks */ = {
			isa = PBXFrameworksBuildPhase;
			buildActionMask = 2147483647;
			files = (
				CB7267AA24987AA700E138BD /* Defaults in Frameworks */,
				CB7CEFAA24AAC202009DF93A /* CloudKit.framework in Frameworks */,
				CB85CDB9249B34A500AAEF04 /* URLImage in Frameworks */,
				CB9DE95E24975A4100F4E72A /* Alamofire in Frameworks */,
			);
			runOnlyForDeploymentPostprocessing = 0;
		};
/* End PBXFrameworksBuildPhase section */

/* Begin PBXGroup section */
		CB17E54F2466644400CDBB1A = {
			isa = PBXGroup;
			children = (
				CB17E55A2466644400CDBB1A /* RosenergoMobileAgentiOS */,
				CB9DE92D249758B100F4E72A /* RosenergoMobileAgentwatchOS */,
				CB9DE93C249758B400F4E72A /* RosenergoMobileAgentwatchOS Extension */,
				CB758D7C24AEFA45000A6B3C /* Widget */,
				CB758D8524AEFA48000A6B3C /* WidgetExtension.entitlements */,
				CB17E5592466644400CDBB1A /* Products */,
				CB2B5B83246BA8CE006F35AC /* Frameworks */,
			);
			sourceTree = "<group>";
		};
		CB17E5592466644400CDBB1A /* Products */ = {
			isa = PBXGroup;
			children = (
				CB17E5582466644400CDBB1A /* Агент.app */,
				CB9DE92C249758B100F4E72A /* RosenergoMobileAgentwatchOS.app */,
				CB9DE938249758B400F4E72A /* RosenergoMobileAgentwatchOS Extension.appex */,
				CB758D7724AEFA45000A6B3C /* WidgetExtension.appex */,
			);
			name = Products;
			sourceTree = "<group>";
		};
		CB17E55A2466644400CDBB1A /* RosenergoMobileAgentiOS */ = {
			isa = PBXGroup;
			children = (
				CB2B5B82246BA8CE006F35AC /* Мобильный агент.entitlements */,
				CBD07BA22487E62000A863D6 /* GoogleService-Info.plist */,
				CB66D74A24A5D989005C616A /* RosenergoApp.swift */,
				CB17E57A2467AEE400CDBB1A /* RootView.swift */,
				CBE9BE9524A7628B00D8CA2A /* SideBar.swift */,
				CBE9BE9324A7622000D8CA2A /* SettingsButtonBar.swift */,
				CB4CD7BD24909A56007FE4AB /* Notification */,
				CB17E5902469B4FB00CDBB1A /* Extensions */,
				CBB2E0952478F3380017AB00 /* ListInspections */,
				CBC5283A247CB4AC00E337B4 /* Session */,
				CB17E57C2467AFC100CDBB1A /* MenuView.swift */,
				CB4B9314246CF235006B7008 /* SettingsView.swift */,
				CB17E58E24699F8400CDBB1A /* CreateInspections.swift */,
				CBB2E0932478E5B20017AB00 /* CreateVyplatnyeDela.swift */,
				CB17E5622466644400CDBB1A /* SignIn.swift */,
				CB17E5642466644500CDBB1A /* Assets.xcassets */,
				CB17E56C2466644500CDBB1A /* Info.plist */,
				CB17E55F2466644400CDBB1A /* RosenergoMobileAgentiOS.xcdatamodeld */,
				CB17E5662466644500CDBB1A /* Preview Content */,
			);
			path = RosenergoMobileAgentiOS;
			sourceTree = "<group>";
		};
		CB17E5662466644500CDBB1A /* Preview Content */ = {
			isa = PBXGroup;
			children = (
				CB17E5672466644500CDBB1A /* Preview Assets.xcassets */,
			);
			path = "Preview Content";
			sourceTree = "<group>";
		};
		CB17E5902469B4FB00CDBB1A /* Extensions */ = {
			isa = PBXGroup;
			children = (
				CB20FB782480CAD0004CB9C1 /* CameraView */,
				CBD5473C246EE6C9008ED0ED /* MailFeedback.swift */,
				CB17E5822468636700CDBB1A /* CustomInput.swift */,
				CB17E584246864AE00CDBB1A /* CustomButton.swift */,
				CB4B9316246CF59B006B7008 /* Color.swift */,
				CBB2E09124780EA50017AB00 /* MenuButton.swift */,
				CBD07BA4248A082800A863D6 /* UploadIndicator.swift */,
				CB717C33248DF8B200DE31FE /* GeoIndicator.swift */,
				CB9D62D124A455B1000C1C3A /* SectionItem.swift */,
				CB758D7024AEEB67000A6B3C /* UIImage.swift */,
				CB758D8A24B17C93000A6B3C /* String.swift */,
			);
			path = Extensions;
			sourceTree = "<group>";
		};
		CB20FB782480CAD0004CB9C1 /* CameraView */ = {
			isa = PBXGroup;
			children = (
				CB17E5912469B57F00CDBB1A /* CustomCameraView.swift */,
				CB20FB792480CB92004CB9C1 /* CustomCameraController.swift */,
				CB20FB7B2480CBC1004CB9C1 /* CustomCameraRepresentable.swift */,
			);
			path = CameraView;
			sourceTree = "<group>";
		};
		CB2B5B83246BA8CE006F35AC /* Frameworks */ = {
			isa = PBXGroup;
			children = (
				CB7CEFA924AAC202009DF93A /* CloudKit.framework */,
				CBDDDA602473CF1400FE5A7C /* CloudKit.framework */,
				CB2B5B84246BA8CE006F35AC /* AuthenticationServices.framework */,
				CB758D7824AEFA45000A6B3C /* WidgetKit.framework */,
				CB758D7A24AEFA45000A6B3C /* SwiftUI.framework */,
			);
			name = Frameworks;
			sourceTree = "<group>";
		};
		CB4CD7BD24909A56007FE4AB /* Notification */ = {
			isa = PBXGroup;
			children = (
				CB4CD7BE24909A71007FE4AB /* NotificationStore.swift */,
			);
			path = Notification;
			sourceTree = "<group>";
		};
		CB758D7C24AEFA45000A6B3C /* Widget */ = {
			isa = PBXGroup;
			children = (
				CB758D7D24AEFA45000A6B3C /* Widget.swift */,
				CB758D7F24AEFA48000A6B3C /* Assets.xcassets */,
				CB758D8124AEFA48000A6B3C /* Info.plist */,
			);
			path = Widget;
			sourceTree = "<group>";
		};
		CB9DE92D249758B100F4E72A /* RosenergoMobileAgentwatchOS */ = {
			isa = PBXGroup;
			children = (
				CB9DE931249758B300F4E72A /* Assets.xcassets */,
				CB9DE933249758B300F4E72A /* Info.plist */,
			);
			path = RosenergoMobileAgentwatchOS;
			sourceTree = "<group>";
		};
		CB9DE93C249758B400F4E72A /* RosenergoMobileAgentwatchOS Extension */ = {
			isa = PBXGroup;
			children = (
				CB7CEFA824AAC1F9009DF93A /* RosenergoMobileAgentwatchOS Extension.entitlements */,
				CB9DE959249759F500F4E72A /* ListInspections.swift */,
				CB7267B02498858100E138BD /* MenuView.swift */,
				CB9DE947249758B500F4E72A /* Assets.xcassets */,
				CB9DE94C249758B500F4E72A /* Info.plist */,
				CB9DE949249758B500F4E72A /* Preview Content */,
			);
			path = "RosenergoMobileAgentwatchOS Extension";
			sourceTree = "<group>";
		};
		CB9DE949249758B500F4E72A /* Preview Content */ = {
			isa = PBXGroup;
			children = (
				CB9DE94A249758B500F4E72A /* Preview Assets.xcassets */,
			);
			path = "Preview Content";
			sourceTree = "<group>";
		};
		CBB2E0952478F3380017AB00 /* ListInspections */ = {
			isa = PBXGroup;
			children = (
				CB17E57E2467FFB600CDBB1A /* ListInspections.swift */,
				CBB2E09D2478F7870017AB00 /* Server */,
				CBB2E09A2478F7190017AB00 /* Local */,
			);
			path = ListInspections;
			sourceTree = "<group>";
		};
		CBB2E09A2478F7190017AB00 /* Local */ = {
			isa = PBXGroup;
			children = (
				CBB2E0982478F6270017AB00 /* LocalInspectionsItems.swift */,
				CBB2E09B2478F73B0017AB00 /* LocalInspectionsDetails.swift */,
				CB66D72F24A5ADCE005C616A /* LocalImageDetail.swift */,
			);
			path = Local;
			sourceTree = "<group>";
		};
		CBB2E09D2478F7870017AB00 /* Server */ = {
			isa = PBXGroup;
			children = (
				CBB2E09E2478F7E10017AB00 /* InspectionsItems.swift */,
				CBB2E0A02478F8110017AB00 /* InspectionsDetails.swift */,
				CBC52838247A504700E337B4 /* ImageDetail.swift */,
			);
			path = Server;
			sourceTree = "<group>";
		};
		CBC5283A247CB4AC00E337B4 /* Session */ = {
			isa = PBXGroup;
			children = (
				CBC5283B247CB4D300E337B4 /* SessionStoreModel */,
				CB17E5752467A43700CDBB1A /* SessionStore.swift */,
			);
			path = Session;
			sourceTree = "<group>";
		};
		CBC5283B247CB4D300E337B4 /* SessionStoreModel */ = {
			isa = PBXGroup;
			children = (
				CBC5283C247CB4FB00E337B4 /* SessionStoreModel.swift */,
			);
			path = SessionStoreModel;
			sourceTree = "<group>";
		};
/* End PBXGroup section */

/* Begin PBXNativeTarget section */
		CB17E5572466644400CDBB1A /* RosenergoMobileAgentiOS */ = {
			isa = PBXNativeTarget;
			buildConfigurationList = CB17E56F2466644500CDBB1A /* Build configuration list for PBXNativeTarget "RosenergoMobileAgentiOS" */;
			buildPhases = (
				CB17E5542466644400CDBB1A /* Sources */,
				CB17E5552466644400CDBB1A /* Frameworks */,
				CB17E5562466644400CDBB1A /* Resources */,
				CB9DE951249758B500F4E72A /* Embed Watch Content */,
				CB758D8924AEFA48000A6B3C /* Embed App Extensions */,
			);
			buildRules = (
			);
			dependencies = (
				CB9DE94F249758B500F4E72A /* PBXTargetDependency */,
				CB758D8324AEFA48000A6B3C /* PBXTargetDependency */,
			);
			name = RosenergoMobileAgentiOS;
			packageProductDependencies = (
				CB17E5732466654E00CDBB1A /* Alamofire */,
				CB17E587246933B700CDBB1A /* KeyboardObserving */,
				CB5DD5992494D8ED007AF70B /* Defaults */,
				CB870229249C5FF400B5DA72 /* URLImage */,
				CB7CEFA124A9D6C2009DF93A /* NativeSearchBar */,
			);
			productName = RosenergoMobileAgentiOS;
			productReference = CB17E5582466644400CDBB1A /* Агент.app */;
			productType = "com.apple.product-type.application";
		};
		CB758D7624AEFA45000A6B3C /* WidgetExtension */ = {
			isa = PBXNativeTarget;
			buildConfigurationList = CB758D8624AEFA48000A6B3C /* Build configuration list for PBXNativeTarget "WidgetExtension" */;
			buildPhases = (
				CB758D7324AEFA45000A6B3C /* Sources */,
				CB758D7424AEFA45000A6B3C /* Frameworks */,
				CB758D7524AEFA45000A6B3C /* Resources */,
			);
			buildRules = (
			);
			dependencies = (
			);
			name = WidgetExtension;
			productName = WidgetExtension;
			productReference = CB758D7724AEFA45000A6B3C /* WidgetExtension.appex */;
			productType = "com.apple.product-type.app-extension";
		};
		CB9DE92B249758B100F4E72A /* RosenergoMobileAgentwatchOS */ = {
			isa = PBXNativeTarget;
			buildConfigurationList = CB9DE958249758B500F4E72A /* Build configuration list for PBXNativeTarget "RosenergoMobileAgentwatchOS" */;
			buildPhases = (
				CB9DE92A249758B100F4E72A /* Resources */,
				CB9DE954249758B500F4E72A /* Embed App Extensions */,
				7005BE7BBF3E25CAF3C61282 /* Frameworks */,
			);
			buildRules = (
			);
			dependencies = (
				CB9DE93B249758B400F4E72A /* PBXTargetDependency */,
			);
			name = RosenergoMobileAgentwatchOS;
			productName = RosenergoMobileAgentwatchOS;
			productReference = CB9DE92C249758B100F4E72A /* RosenergoMobileAgentwatchOS.app */;
			productType = "com.apple.product-type.application.watchapp2";
		};
		CB9DE937249758B400F4E72A /* RosenergoMobileAgentwatchOS Extension */ = {
			isa = PBXNativeTarget;
			buildConfigurationList = CB9DE957249758B500F4E72A /* Build configuration list for PBXNativeTarget "RosenergoMobileAgentwatchOS Extension" */;
			buildPhases = (
				CB9DE934249758B400F4E72A /* Sources */,
				CB9DE935249758B400F4E72A /* Frameworks */,
				CB9DE936249758B400F4E72A /* Resources */,
			);
			buildRules = (
			);
			dependencies = (
			);
			name = "RosenergoMobileAgentwatchOS Extension";
			packageProductDependencies = (
				CB9DE95D24975A4100F4E72A /* Alamofire */,
				CB7267A924987AA700E138BD /* Defaults */,
				CB85CDB8249B34A500AAEF04 /* URLImage */,
			);
			productName = "RosenergoMobileAgentwatchOS Extension";
			productReference = CB9DE938249758B400F4E72A /* RosenergoMobileAgentwatchOS Extension.appex */;
			productType = "com.apple.product-type.watchkit2-extension";
		};
/* End PBXNativeTarget section */

/* Begin PBXProject section */
		CB17E5502466644400CDBB1A /* Project object */ = {
			isa = PBXProject;
			attributes = {
				LastSwiftUpdateCheck = 1200;
				LastUpgradeCheck = 1200;
				ORGANIZATIONNAME = "Дмитрий Лисин";
				TargetAttributes = {
					CB17E5572466644400CDBB1A = {
						CreatedOnToolsVersion = 11.5;
					};
					CB758D7624AEFA45000A6B3C = {
						CreatedOnToolsVersion = 12.0;
					};
					CB9DE92B249758B100F4E72A = {
						CreatedOnToolsVersion = 11.6;
					};
					CB9DE937249758B400F4E72A = {
						CreatedOnToolsVersion = 11.6;
					};
				};
			};
			buildConfigurationList = CB17E5532466644400CDBB1A /* Build configuration list for PBXProject "RosenergoMobileAgentiOS" */;
			compatibilityVersion = "Xcode 12.0";
			developmentRegion = en;
			hasScannedForEncodings = 0;
			knownRegions = (
				en,
				Base,
			);
			mainGroup = CB17E54F2466644400CDBB1A;
			packageReferences = (
				CB17E5722466654E00CDBB1A /* XCRemoteSwiftPackageReference "Alamofire" */,
				CB17E586246933B600CDBB1A /* XCRemoteSwiftPackageReference "KeyboardObserving" */,
				CB5DD5982494D8ED007AF70B /* XCRemoteSwiftPackageReference "Defaults" */,
				CB85CDB7249B34A500AAEF04 /* XCRemoteSwiftPackageReference "url-image" */,
				CB7CEFA024A9D6C2009DF93A /* XCRemoteSwiftPackageReference "NativeSearchBar" */,
			);
			productRefGroup = CB17E5592466644400CDBB1A /* Products */;
			projectDirPath = "";
			projectRoot = "";
			targets = (
				CB17E5572466644400CDBB1A /* RosenergoMobileAgentiOS */,
				CB9DE92B249758B100F4E72A /* RosenergoMobileAgentwatchOS */,
				CB9DE937249758B400F4E72A /* RosenergoMobileAgentwatchOS Extension */,
				CB758D7624AEFA45000A6B3C /* WidgetExtension */,
			);
		};
/* End PBXProject section */

/* Begin PBXResourcesBuildPhase section */
		CB17E5562466644400CDBB1A /* Resources */ = {
			isa = PBXResourcesBuildPhase;
			buildActionMask = 2147483647;
			files = (
				CBD07BA32487E62000A863D6 /* GoogleService-Info.plist in Resources */,
				CB17E5682466644500CDBB1A /* Preview Assets.xcassets in Resources */,
				CB17E5652466644500CDBB1A /* Assets.xcassets in Resources */,
			);
			runOnlyForDeploymentPostprocessing = 0;
		};
		CB758D7524AEFA45000A6B3C /* Resources */ = {
			isa = PBXResourcesBuildPhase;
			buildActionMask = 2147483647;
			files = (
				CB758D8024AEFA48000A6B3C /* Assets.xcassets in Resources */,
			);
			runOnlyForDeploymentPostprocessing = 0;
		};
		CB9DE92A249758B100F4E72A /* Resources */ = {
			isa = PBXResourcesBuildPhase;
			buildActionMask = 2147483647;
			files = (
				CB9DE932249758B300F4E72A /* Assets.xcassets in Resources */,
			);
			runOnlyForDeploymentPostprocessing = 0;
		};
		CB9DE936249758B400F4E72A /* Resources */ = {
			isa = PBXResourcesBuildPhase;
			buildActionMask = 2147483647;
			files = (
				CB9DE94B249758B500F4E72A /* Preview Assets.xcassets in Resources */,
				CB7267C22498B76500E138BD /* Assets.xcassets in Resources */,
				CB9DE948249758B500F4E72A /* Assets.xcassets in Resources */,
			);
			runOnlyForDeploymentPostprocessing = 0;
		};
/* End PBXResourcesBuildPhase section */

/* Begin PBXSourcesBuildPhase section */
		CB17E5542466644400CDBB1A /* Sources */ = {
			isa = PBXSourcesBuildPhase;
			buildActionMask = 2147483647;
			files = (
				CBB2E0942478E5B20017AB00 /* CreateVyplatnyeDela.swift in Sources */,
				CB17E57D2467AFC100CDBB1A /* MenuView.swift in Sources */,
				CBE9BE9624A7628B00D8CA2A /* SideBar.swift in Sources */,
				CB17E5612466644400CDBB1A /* RosenergoMobileAgentiOS.xcdatamodeld in Sources */,
				CBD5473D246EE6C9008ED0ED /* MailFeedback.swift in Sources */,
				CB17E5922469B57F00CDBB1A /* CustomCameraView.swift in Sources */,
				CB758D7124AEEB67000A6B3C /* UIImage.swift in Sources */,
				CBD07BA5248A082800A863D6 /* UploadIndicator.swift in Sources */,
				CB17E57F2467FFB600CDBB1A /* ListInspections.swift in Sources */,
				CB4B9317246CF59B006B7008 /* Color.swift in Sources */,
				CBB2E09F2478F7E10017AB00 /* InspectionsItems.swift in Sources */,
				CBB2E09C2478F73B0017AB00 /* LocalInspectionsDetails.swift in Sources */,
				CB758D8B24B17C93000A6B3C /* String.swift in Sources */,
				CB17E5762467A43700CDBB1A /* SessionStore.swift in Sources */,
				CB17E5632466644400CDBB1A /* SignIn.swift in Sources */,
				CBB2E09224780EA50017AB00 /* MenuButton.swift in Sources */,
				CB4B9315246CF235006B7008 /* SettingsView.swift in Sources */,
				CB17E585246864AE00CDBB1A /* CustomButton.swift in Sources */,
				CB717C34248DF8B200DE31FE /* GeoIndicator.swift in Sources */,
				CB20FB7C2480CBC1004CB9C1 /* CustomCameraRepresentable.swift in Sources */,
				CBB2E0992478F6270017AB00 /* LocalInspectionsItems.swift in Sources */,
				CB17E58F24699F8400CDBB1A /* CreateInspections.swift in Sources */,
				CBC5283D247CB4FB00E337B4 /* SessionStoreModel.swift in Sources */,
				CB7B93B624ADA12800712384 /* RosenergoApp.swift in Sources */,
				CB4CD7BF24909A71007FE4AB /* NotificationStore.swift in Sources */,
				CB9D62D224A455B1000C1C3A /* SectionItem.swift in Sources */,
				CB758D6E24AECC43000A6B3C /* RootView.swift in Sources */,
				CB66D73024A5ADCE005C616A /* LocalImageDetail.swift in Sources */,
				CBC52839247A504700E337B4 /* ImageDetail.swift in Sources */,
				CBB2E0A12478F8110017AB00 /* InspectionsDetails.swift in Sources */,
				CBE9BE9424A7622100D8CA2A /* SettingsButtonBar.swift in Sources */,
				CB20FB7A2480CB92004CB9C1 /* CustomCameraController.swift in Sources */,
				CB17E5832468636700CDBB1A /* CustomInput.swift in Sources */,
			);
			runOnlyForDeploymentPostprocessing = 0;
		};
		CB758D7324AEFA45000A6B3C /* Sources */ = {
			isa = PBXSourcesBuildPhase;
			buildActionMask = 2147483647;
			files = (
				CB758D7E24AEFA45000A6B3C /* Widget.swift in Sources */,
				CB73E46524B30F270070B781 /* Color.swift in Sources */,
			);
			runOnlyForDeploymentPostprocessing = 0;
		};
		CB9DE934249758B400F4E72A /* Sources */ = {
			isa = PBXSourcesBuildPhase;
			buildActionMask = 2147483647;
			files = (
				CB7CEF9D24A9CB50009DF93A /* SignIn.swift in Sources */,
				CB7CEFA524A9D9A0009DF93A /* UploadIndicator.swift in Sources */,
				CB03D6BD24A8521D00C515C6 /* RosenergoMobileAgentiOS.xcdatamodeld in Sources */,
				CB66D74C24A5DAA2005C616A /* RosenergoApp.swift in Sources */,
				CB9D62D024A3B784000C1C3A /* SettingsView.swift in Sources */,
				CB03D6BC24A851AF00C515C6 /* LocalInspectionsItems.swift in Sources */,
				CB758D6F24AECC43000A6B3C /* RootView.swift in Sources */,
				CB7267C52498B79A00E138BD /* Color.swift in Sources */,
				CB9D62D324A455B1000C1C3A /* SectionItem.swift in Sources */,
				CB9DE96124975BE600F4E72A /* SessionStoreModel.swift in Sources */,
				CB758D7224AEEB67000A6B3C /* UIImage.swift in Sources */,
				CBA5870C24A3499F009631C1 /* MenuButton.swift in Sources */,
				CB7CEFA324A9D8D0009DF93A /* LocalInspectionsDetails.swift in Sources */,
				CB7CEFA624A9DA1D009DF93A /* LocalImageDetail.swift in Sources */,
				CB66D72E24A5ADA0005C616A /* ImageDetail.swift in Sources */,
				CB7267B12498858100E138BD /* MenuView.swift in Sources */,
				CB66D72B24A5973A005C616A /* InspectionsItems.swift in Sources */,
				CB7267A8249879B700E138BD /* SessionStore.swift in Sources */,
				CB758D8C24B17C93000A6B3C /* String.swift in Sources */,
				CB66D63224A469FF005C616A /* InspectionsDetails.swift in Sources */,
				CB7CEFA724A9DBA2009DF93A /* ListInspections.swift in Sources */,
			);
			runOnlyForDeploymentPostprocessing = 0;
		};
/* End PBXSourcesBuildPhase section */

/* Begin PBXTargetDependency section */
		CB758D8324AEFA48000A6B3C /* PBXTargetDependency */ = {
			isa = PBXTargetDependency;
			target = CB758D7624AEFA45000A6B3C /* WidgetExtension */;
			targetProxy = CB758D8224AEFA48000A6B3C /* PBXContainerItemProxy */;
		};
		CB9DE93B249758B400F4E72A /* PBXTargetDependency */ = {
			isa = PBXTargetDependency;
			target = CB9DE937249758B400F4E72A /* RosenergoMobileAgentwatchOS Extension */;
			targetProxy = CB9DE93A249758B400F4E72A /* PBXContainerItemProxy */;
		};
		CB9DE94F249758B500F4E72A /* PBXTargetDependency */ = {
			isa = PBXTargetDependency;
			platformFilter = ios;
			target = CB9DE92B249758B100F4E72A /* RosenergoMobileAgentwatchOS */;
			targetProxy = CB9DE94E249758B500F4E72A /* PBXContainerItemProxy */;
		};
/* End PBXTargetDependency section */

/* Begin XCBuildConfiguration section */
		CB17E56D2466644500CDBB1A /* Debug */ = {
			isa = XCBuildConfiguration;
			buildSettings = {
				ALWAYS_SEARCH_USER_PATHS = NO;
				CLANG_ANALYZER_NONNULL = YES;
				CLANG_ANALYZER_NUMBER_OBJECT_CONVERSION = YES_AGGRESSIVE;
				CLANG_CXX_LANGUAGE_STANDARD = "gnu++14";
				CLANG_CXX_LIBRARY = "libc++";
				CLANG_ENABLE_MODULES = YES;
				CLANG_ENABLE_OBJC_ARC = YES;
				CLANG_ENABLE_OBJC_WEAK = YES;
				CLANG_WARN_BLOCK_CAPTURE_AUTORELEASING = YES;
				CLANG_WARN_BOOL_CONVERSION = YES;
				CLANG_WARN_COMMA = YES;
				CLANG_WARN_CONSTANT_CONVERSION = YES;
				CLANG_WARN_DEPRECATED_OBJC_IMPLEMENTATIONS = YES;
				CLANG_WARN_DIRECT_OBJC_ISA_USAGE = YES_ERROR;
				CLANG_WARN_DOCUMENTATION_COMMENTS = YES;
				CLANG_WARN_EMPTY_BODY = YES;
				CLANG_WARN_ENUM_CONVERSION = YES;
				CLANG_WARN_INFINITE_RECURSION = YES;
				CLANG_WARN_INT_CONVERSION = YES;
				CLANG_WARN_NON_LITERAL_NULL_CONVERSION = YES;
				CLANG_WARN_OBJC_IMPLICIT_RETAIN_SELF = YES;
				CLANG_WARN_OBJC_LITERAL_CONVERSION = YES;
				CLANG_WARN_OBJC_ROOT_CLASS = YES_ERROR;
				CLANG_WARN_QUOTED_INCLUDE_IN_FRAMEWORK_HEADER = YES;
				CLANG_WARN_RANGE_LOOP_ANALYSIS = YES;
				CLANG_WARN_STRICT_PROTOTYPES = YES;
				CLANG_WARN_SUSPICIOUS_MOVE = YES;
				CLANG_WARN_UNGUARDED_AVAILABILITY = YES_AGGRESSIVE;
				CLANG_WARN_UNREACHABLE_CODE = YES;
				CLANG_WARN__DUPLICATE_METHOD_MATCH = YES;
				COPY_PHASE_STRIP = NO;
				DEBUG_INFORMATION_FORMAT = dwarf;
				ENABLE_STRICT_OBJC_MSGSEND = YES;
				ENABLE_TESTABILITY = YES;
				GCC_C_LANGUAGE_STANDARD = gnu11;
				GCC_DYNAMIC_NO_PIC = NO;
				GCC_NO_COMMON_BLOCKS = YES;
				GCC_OPTIMIZATION_LEVEL = 0;
				GCC_PREPROCESSOR_DEFINITIONS = (
					"DEBUG=1",
					"$(inherited)",
				);
				GCC_WARN_64_TO_32_BIT_CONVERSION = YES;
				GCC_WARN_ABOUT_RETURN_TYPE = YES_ERROR;
				GCC_WARN_UNDECLARED_SELECTOR = YES;
				GCC_WARN_UNINITIALIZED_AUTOS = YES_AGGRESSIVE;
				GCC_WARN_UNUSED_FUNCTION = YES;
				GCC_WARN_UNUSED_VARIABLE = YES;
				IPHONEOS_DEPLOYMENT_TARGET = 14.0;
				MTL_ENABLE_DEBUG_INFO = INCLUDE_SOURCE;
				MTL_FAST_MATH = YES;
				ONLY_ACTIVE_ARCH = YES;
				SDKROOT = iphoneos;
				SWIFT_ACTIVE_COMPILATION_CONDITIONS = DEBUG;
				SWIFT_OPTIMIZATION_LEVEL = "-Onone";
			};
			name = Debug;
		};
		CB17E56E2466644500CDBB1A /* Release */ = {
			isa = XCBuildConfiguration;
			buildSettings = {
				ALWAYS_SEARCH_USER_PATHS = NO;
				CLANG_ANALYZER_NONNULL = YES;
				CLANG_ANALYZER_NUMBER_OBJECT_CONVERSION = YES_AGGRESSIVE;
				CLANG_CXX_LANGUAGE_STANDARD = "gnu++14";
				CLANG_CXX_LIBRARY = "libc++";
				CLANG_ENABLE_MODULES = YES;
				CLANG_ENABLE_OBJC_ARC = YES;
				CLANG_ENABLE_OBJC_WEAK = YES;
				CLANG_WARN_BLOCK_CAPTURE_AUTORELEASING = YES;
				CLANG_WARN_BOOL_CONVERSION = YES;
				CLANG_WARN_COMMA = YES;
				CLANG_WARN_CONSTANT_CONVERSION = YES;
				CLANG_WARN_DEPRECATED_OBJC_IMPLEMENTATIONS = YES;
				CLANG_WARN_DIRECT_OBJC_ISA_USAGE = YES_ERROR;
				CLANG_WARN_DOCUMENTATION_COMMENTS = YES;
				CLANG_WARN_EMPTY_BODY = YES;
				CLANG_WARN_ENUM_CONVERSION = YES;
				CLANG_WARN_INFINITE_RECURSION = YES;
				CLANG_WARN_INT_CONVERSION = YES;
				CLANG_WARN_NON_LITERAL_NULL_CONVERSION = YES;
				CLANG_WARN_OBJC_IMPLICIT_RETAIN_SELF = YES;
				CLANG_WARN_OBJC_LITERAL_CONVERSION = YES;
				CLANG_WARN_OBJC_ROOT_CLASS = YES_ERROR;
				CLANG_WARN_QUOTED_INCLUDE_IN_FRAMEWORK_HEADER = YES;
				CLANG_WARN_RANGE_LOOP_ANALYSIS = YES;
				CLANG_WARN_STRICT_PROTOTYPES = YES;
				CLANG_WARN_SUSPICIOUS_MOVE = YES;
				CLANG_WARN_UNGUARDED_AVAILABILITY = YES_AGGRESSIVE;
				CLANG_WARN_UNREACHABLE_CODE = YES;
				CLANG_WARN__DUPLICATE_METHOD_MATCH = YES;
				COPY_PHASE_STRIP = NO;
				DEBUG_INFORMATION_FORMAT = "dwarf-with-dsym";
				ENABLE_NS_ASSERTIONS = NO;
				ENABLE_STRICT_OBJC_MSGSEND = YES;
				GCC_C_LANGUAGE_STANDARD = gnu11;
				GCC_NO_COMMON_BLOCKS = YES;
				GCC_WARN_64_TO_32_BIT_CONVERSION = YES;
				GCC_WARN_ABOUT_RETURN_TYPE = YES_ERROR;
				GCC_WARN_UNDECLARED_SELECTOR = YES;
				GCC_WARN_UNINITIALIZED_AUTOS = YES_AGGRESSIVE;
				GCC_WARN_UNUSED_FUNCTION = YES;
				GCC_WARN_UNUSED_VARIABLE = YES;
				IPHONEOS_DEPLOYMENT_TARGET = 14.0;
				MTL_ENABLE_DEBUG_INFO = NO;
				MTL_FAST_MATH = YES;
				SDKROOT = iphoneos;
				SWIFT_COMPILATION_MODE = wholemodule;
				SWIFT_OPTIMIZATION_LEVEL = "-O";
				VALIDATE_PRODUCT = YES;
			};
			name = Release;
		};
		CB17E5702466644500CDBB1A /* Debug */ = {
			isa = XCBuildConfiguration;
			buildSettings = {
				ALWAYS_EMBED_SWIFT_STANDARD_LIBRARIES = YES;
				ASSETCATALOG_COMPILER_APPICON_NAME = AppIcon;
				ASSETCATALOG_COMPILER_GLOBAL_ACCENT_COLOR_NAME = rosenergo;
				CODE_SIGN_ENTITLEMENTS = "RosenergoMobileAgentiOS/Мобильный агент.entitlements";
				CODE_SIGN_STYLE = Automatic;
				CURRENT_PROJECT_VERSION = 33;
				DEBUG_INFORMATION_FORMAT = "dwarf-with-dsym";
				DEVELOPMENT_ASSET_PATHS = "\"RosenergoMobileAgentiOS/Preview Content\"";
				DEVELOPMENT_TEAM = 48HFZR3X8K;
				ENABLE_PREVIEWS = YES;
				INFOPLIST_FILE = RosenergoMobileAgentiOS/Info.plist;
				IPHONEOS_DEPLOYMENT_TARGET = 14.0;
				LD_RUNPATH_SEARCH_PATHS = (
					"$(inherited)",
					"@executable_path/Frameworks",
				);
				MARKETING_VERSION = 2.0.0;
				PRODUCT_BUNDLE_IDENTIFIER = com.darkfox.rosenergomobileagent;
				PRODUCT_NAME = "Агент";
				SUPPORTS_MACCATALYST = YES;
				SWIFT_VERSION = 5.0;
				TARGETED_DEVICE_FAMILY = "1,2";
			};
			name = Debug;
		};
		CB17E5712466644500CDBB1A /* Release */ = {
			isa = XCBuildConfiguration;
			buildSettings = {
				ALWAYS_EMBED_SWIFT_STANDARD_LIBRARIES = YES;
				ASSETCATALOG_COMPILER_APPICON_NAME = AppIcon;
				ASSETCATALOG_COMPILER_GLOBAL_ACCENT_COLOR_NAME = rosenergo;
				CODE_SIGN_ENTITLEMENTS = "RosenergoMobileAgentiOS/Мобильный агент.entitlements";
				CODE_SIGN_STYLE = Automatic;
				CURRENT_PROJECT_VERSION = 33;
				DEVELOPMENT_ASSET_PATHS = "\"RosenergoMobileAgentiOS/Preview Content\"";
				DEVELOPMENT_TEAM = 48HFZR3X8K;
				ENABLE_PREVIEWS = YES;
				INFOPLIST_FILE = RosenergoMobileAgentiOS/Info.plist;
				IPHONEOS_DEPLOYMENT_TARGET = 14.0;
				LD_RUNPATH_SEARCH_PATHS = (
					"$(inherited)",
					"@executable_path/Frameworks",
				);
				MARKETING_VERSION = 2.0.0;
				PRODUCT_BUNDLE_IDENTIFIER = com.darkfox.rosenergomobileagent;
				PRODUCT_NAME = "Агент";
				SUPPORTS_MACCATALYST = YES;
				SWIFT_VERSION = 5.0;
				TARGETED_DEVICE_FAMILY = "1,2";
			};
			name = Release;
		};
		CB758D8724AEFA48000A6B3C /* Debug */ = {
			isa = XCBuildConfiguration;
			buildSettings = {
				ASSETCATALOG_COMPILER_GLOBAL_ACCENT_COLOR_NAME = rosenergo;
				ASSETCATALOG_COMPILER_WIDGET_BACKGROUND_COLOR_NAME = WidgetBackground;
				CODE_SIGN_ENTITLEMENTS = WidgetExtension.entitlements;
				CODE_SIGN_STYLE = Automatic;
				CURRENT_PROJECT_VERSION = 33;
				DEVELOPMENT_TEAM = 48HFZR3X8K;
				INFOPLIST_FILE = Widget/Info.plist;
				LD_RUNPATH_SEARCH_PATHS = (
					"$(inherited)",
					"@executable_path/Frameworks",
					"@executable_path/../../Frameworks",
				);
				MARKETING_VERSION = 2.0.0;
				PRODUCT_BUNDLE_IDENTIFIER = com.darkfox.rosenergomobileagent.widget;
				PRODUCT_NAME = "$(TARGET_NAME)";
				SKIP_INSTALL = YES;
				SUPPORTS_MACCATALYST = YES;
				SWIFT_VERSION = 5.0;
				TARGETED_DEVICE_FAMILY = "1,2";
			};
			name = Debug;
		};
		CB758D8824AEFA48000A6B3C /* Release */ = {
			isa = XCBuildConfiguration;
			buildSettings = {
				ASSETCATALOG_COMPILER_GLOBAL_ACCENT_COLOR_NAME = rosenergo;
				ASSETCATALOG_COMPILER_WIDGET_BACKGROUND_COLOR_NAME = WidgetBackground;
				CODE_SIGN_ENTITLEMENTS = WidgetExtension.entitlements;
				CODE_SIGN_STYLE = Automatic;
				CURRENT_PROJECT_VERSION = 33;
				DEVELOPMENT_TEAM = 48HFZR3X8K;
				INFOPLIST_FILE = Widget/Info.plist;
				LD_RUNPATH_SEARCH_PATHS = (
					"$(inherited)",
					"@executable_path/Frameworks",
					"@executable_path/../../Frameworks",
				);
				MARKETING_VERSION = 2.0.0;
				PRODUCT_BUNDLE_IDENTIFIER = com.darkfox.rosenergomobileagent.widget;
				PRODUCT_NAME = "$(TARGET_NAME)";
				SKIP_INSTALL = YES;
				SUPPORTS_MACCATALYST = YES;
				SWIFT_VERSION = 5.0;
				TARGETED_DEVICE_FAMILY = "1,2";
			};
			name = Release;
		};
		CB9DE952249758B500F4E72A /* Debug */ = {
			isa = XCBuildConfiguration;
			buildSettings = {
				ALWAYS_EMBED_SWIFT_STANDARD_LIBRARIES = YES;
				ASSETCATALOG_COMPILER_APPICON_NAME = AppIcon;
				ASSETCATALOG_COMPILER_GLOBAL_ACCENT_COLOR_NAME = rosenergo;
				CODE_SIGN_STYLE = Automatic;
				CURRENT_PROJECT_VERSION = 33;
				DEVELOPMENT_TEAM = 48HFZR3X8K;
				IBSC_MODULE = RosenergoMobileAgentwatchOS_Extension;
				INFOPLIST_FILE = RosenergoMobileAgentwatchOS/Info.plist;
				MARKETING_VERSION = 2.0.0;
				PRODUCT_BUNDLE_IDENTIFIER = com.darkfox.rosenergomobileagent.watchkitapp;
				PRODUCT_NAME = "$(TARGET_NAME)";
				SDKROOT = watchos;
				SKIP_INSTALL = YES;
				SWIFT_VERSION = 5.0;
				TARGETED_DEVICE_FAMILY = 4;
				WATCHOS_DEPLOYMENT_TARGET = 7.0;
			};
			name = Debug;
		};
		CB9DE953249758B500F4E72A /* Release */ = {
			isa = XCBuildConfiguration;
			buildSettings = {
				ALWAYS_EMBED_SWIFT_STANDARD_LIBRARIES = YES;
				ASSETCATALOG_COMPILER_APPICON_NAME = AppIcon;
				ASSETCATALOG_COMPILER_GLOBAL_ACCENT_COLOR_NAME = rosenergo;
				CODE_SIGN_STYLE = Automatic;
				CURRENT_PROJECT_VERSION = 33;
				DEVELOPMENT_TEAM = 48HFZR3X8K;
				IBSC_MODULE = RosenergoMobileAgentwatchOS_Extension;
				INFOPLIST_FILE = RosenergoMobileAgentwatchOS/Info.plist;
				MARKETING_VERSION = 2.0.0;
				PRODUCT_BUNDLE_IDENTIFIER = com.darkfox.rosenergomobileagent.watchkitapp;
				PRODUCT_NAME = "$(TARGET_NAME)";
				SDKROOT = watchos;
				SKIP_INSTALL = YES;
				SWIFT_VERSION = 5.0;
				TARGETED_DEVICE_FAMILY = 4;
				WATCHOS_DEPLOYMENT_TARGET = 7.0;
			};
			name = Release;
		};
		CB9DE955249758B500F4E72A /* Debug */ = {
			isa = XCBuildConfiguration;
			buildSettings = {
				ASSETCATALOG_COMPILER_COMPLICATION_NAME = Complication;
				ASSETCATALOG_COMPILER_GLOBAL_ACCENT_COLOR_NAME = rosenergo;
				CODE_SIGN_ENTITLEMENTS = "RosenergoMobileAgentwatchOS Extension/RosenergoMobileAgentwatchOS Extension.entitlements";
				CODE_SIGN_STYLE = Automatic;
				CURRENT_PROJECT_VERSION = 33;
				DEVELOPMENT_ASSET_PATHS = "\"RosenergoMobileAgentwatchOS Extension/Preview Content\"";
				DEVELOPMENT_TEAM = 48HFZR3X8K;
				ENABLE_PREVIEWS = YES;
				INFOPLIST_FILE = "RosenergoMobileAgentwatchOS Extension/Info.plist";
				LD_RUNPATH_SEARCH_PATHS = (
					"$(inherited)",
					"@executable_path/Frameworks",
					"@executable_path/../../Frameworks",
				);
				MARKETING_VERSION = 2.0.0;
				PRODUCT_BUNDLE_IDENTIFIER = com.darkfox.rosenergomobileagent.watchkitapp.watchkitextension;
				PRODUCT_NAME = "${TARGET_NAME}";
				SDKROOT = watchos;
				SKIP_INSTALL = YES;
				SWIFT_VERSION = 5.0;
				TARGETED_DEVICE_FAMILY = 4;
				WATCHOS_DEPLOYMENT_TARGET = 7.0;
			};
			name = Debug;
		};
		CB9DE956249758B500F4E72A /* Release */ = {
			isa = XCBuildConfiguration;
			buildSettings = {
				ASSETCATALOG_COMPILER_COMPLICATION_NAME = Complication;
				ASSETCATALOG_COMPILER_GLOBAL_ACCENT_COLOR_NAME = rosenergo;
				CODE_SIGN_ENTITLEMENTS = "RosenergoMobileAgentwatchOS Extension/RosenergoMobileAgentwatchOS Extension.entitlements";
				CODE_SIGN_STYLE = Automatic;
				CURRENT_PROJECT_VERSION = 33;
				DEVELOPMENT_ASSET_PATHS = "\"RosenergoMobileAgentwatchOS Extension/Preview Content\"";
				DEVELOPMENT_TEAM = 48HFZR3X8K;
				ENABLE_PREVIEWS = YES;
				INFOPLIST_FILE = "RosenergoMobileAgentwatchOS Extension/Info.plist";
				LD_RUNPATH_SEARCH_PATHS = (
					"$(inherited)",
					"@executable_path/Frameworks",
					"@executable_path/../../Frameworks",
				);
				MARKETING_VERSION = 2.0.0;
				PRODUCT_BUNDLE_IDENTIFIER = com.darkfox.rosenergomobileagent.watchkitapp.watchkitextension;
				PRODUCT_NAME = "${TARGET_NAME}";
				SDKROOT = watchos;
				SKIP_INSTALL = YES;
				SWIFT_VERSION = 5.0;
				TARGETED_DEVICE_FAMILY = 4;
				WATCHOS_DEPLOYMENT_TARGET = 7.0;
			};
			name = Release;
		};
/* End XCBuildConfiguration section */

/* Begin XCConfigurationList section */
		CB17E5532466644400CDBB1A /* Build configuration list for PBXProject "RosenergoMobileAgentiOS" */ = {
			isa = XCConfigurationList;
			buildConfigurations = (
				CB17E56D2466644500CDBB1A /* Debug */,
				CB17E56E2466644500CDBB1A /* Release */,
			);
			defaultConfigurationIsVisible = 0;
			defaultConfigurationName = Release;
		};
		CB17E56F2466644500CDBB1A /* Build configuration list for PBXNativeTarget "RosenergoMobileAgentiOS" */ = {
			isa = XCConfigurationList;
			buildConfigurations = (
				CB17E5702466644500CDBB1A /* Debug */,
				CB17E5712466644500CDBB1A /* Release */,
			);
			defaultConfigurationIsVisible = 0;
			defaultConfigurationName = Release;
		};
		CB758D8624AEFA48000A6B3C /* Build configuration list for PBXNativeTarget "WidgetExtension" */ = {
			isa = XCConfigurationList;
			buildConfigurations = (
				CB758D8724AEFA48000A6B3C /* Debug */,
				CB758D8824AEFA48000A6B3C /* Release */,
			);
			defaultConfigurationIsVisible = 0;
			defaultConfigurationName = Release;
		};
		CB9DE957249758B500F4E72A /* Build configuration list for PBXNativeTarget "RosenergoMobileAgentwatchOS Extension" */ = {
			isa = XCConfigurationList;
			buildConfigurations = (
				CB9DE955249758B500F4E72A /* Debug */,
				CB9DE956249758B500F4E72A /* Release */,
			);
			defaultConfigurationIsVisible = 0;
			defaultConfigurationName = Release;
		};
		CB9DE958249758B500F4E72A /* Build configuration list for PBXNativeTarget "RosenergoMobileAgentwatchOS" */ = {
			isa = XCConfigurationList;
			buildConfigurations = (
				CB9DE952249758B500F4E72A /* Debug */,
				CB9DE953249758B500F4E72A /* Release */,
			);
			defaultConfigurationIsVisible = 0;
			defaultConfigurationName = Release;
		};
/* End XCConfigurationList section */

/* Begin XCRemoteSwiftPackageReference section */
		CB17E5722466654E00CDBB1A /* XCRemoteSwiftPackageReference "Alamofire" */ = {
			isa = XCRemoteSwiftPackageReference;
			repositoryURL = "https://github.com/Alamofire/Alamofire";
			requirement = {
				kind = upToNextMajorVersion;
				minimumVersion = 5.1.0;
			};
		};
		CB17E586246933B600CDBB1A /* XCRemoteSwiftPackageReference "KeyboardObserving" */ = {
			isa = XCRemoteSwiftPackageReference;
			repositoryURL = "https://github.com/nickffox/KeyboardObserving";
			requirement = {
				kind = upToNextMajorVersion;
				minimumVersion = 0.3.0;
			};
		};
		CB5DD5982494D8ED007AF70B /* XCRemoteSwiftPackageReference "Defaults" */ = {
			isa = XCRemoteSwiftPackageReference;
			repositoryURL = "https://github.com/sindresorhus/Defaults/";
			requirement = {
				kind = upToNextMajorVersion;
				minimumVersion = 4.0.0;
			};
		};
		CB7CEFA024A9D6C2009DF93A /* XCRemoteSwiftPackageReference "NativeSearchBar" */ = {
			isa = XCRemoteSwiftPackageReference;
			repositoryURL = "https://github.com/lisindima/NativeSearchBar";
			requirement = {
				kind = upToNextMajorVersion;
				minimumVersion = 2.0.1;
			};
		};
		CB85CDB7249B34A500AAEF04 /* XCRemoteSwiftPackageReference "url-image" */ = {
			isa = XCRemoteSwiftPackageReference;
			repositoryURL = "https://github.com/dmytro-anokhin/url-image";
			requirement = {
				kind = upToNextMajorVersion;
				minimumVersion = 0.9.17;
			};
		};
/* End XCRemoteSwiftPackageReference section */

/* Begin XCSwiftPackageProductDependency section */
		CB17E5732466654E00CDBB1A /* Alamofire */ = {
			isa = XCSwiftPackageProductDependency;
			package = CB17E5722466654E00CDBB1A /* XCRemoteSwiftPackageReference "Alamofire" */;
			productName = Alamofire;
		};
		CB17E587246933B700CDBB1A /* KeyboardObserving */ = {
			isa = XCSwiftPackageProductDependency;
			package = CB17E586246933B600CDBB1A /* XCRemoteSwiftPackageReference "KeyboardObserving" */;
			productName = KeyboardObserving;
		};
		CB5DD5992494D8ED007AF70B /* Defaults */ = {
			isa = XCSwiftPackageProductDependency;
			package = CB5DD5982494D8ED007AF70B /* XCRemoteSwiftPackageReference "Defaults" */;
			productName = Defaults;
		};
		CB7267A924987AA700E138BD /* Defaults */ = {
			isa = XCSwiftPackageProductDependency;
			package = CB5DD5982494D8ED007AF70B /* XCRemoteSwiftPackageReference "Defaults" */;
			productName = Defaults;
		};
		CB7CEFA124A9D6C2009DF93A /* NativeSearchBar */ = {
			isa = XCSwiftPackageProductDependency;
			package = CB7CEFA024A9D6C2009DF93A /* XCRemoteSwiftPackageReference "NativeSearchBar" */;
			productName = NativeSearchBar;
		};
		CB85CDB8249B34A500AAEF04 /* URLImage */ = {
			isa = XCSwiftPackageProductDependency;
			package = CB85CDB7249B34A500AAEF04 /* XCRemoteSwiftPackageReference "url-image" */;
			productName = URLImage;
		};
		CB870229249C5FF400B5DA72 /* URLImage */ = {
			isa = XCSwiftPackageProductDependency;
			package = CB85CDB7249B34A500AAEF04 /* XCRemoteSwiftPackageReference "url-image" */;
			productName = URLImage;
		};
		CB9DE95D24975A4100F4E72A /* Alamofire */ = {
			isa = XCSwiftPackageProductDependency;
			package = CB17E5722466654E00CDBB1A /* XCRemoteSwiftPackageReference "Alamofire" */;
			productName = Alamofire;
		};
/* End XCSwiftPackageProductDependency section */

/* Begin XCVersionGroup section */
		CB17E55F2466644400CDBB1A /* RosenergoMobileAgentiOS.xcdatamodeld */ = {
			isa = XCVersionGroup;
			children = (
				CB17E5602466644400CDBB1A /* RosenergoMobileAgentiOS.xcdatamodel */,
			);
			currentVersion = CB17E5602466644400CDBB1A /* RosenergoMobileAgentiOS.xcdatamodel */;
			path = RosenergoMobileAgentiOS.xcdatamodeld;
			sourceTree = "<group>";
			versionGroupType = wrapper.xcdatamodel;
		};
/* End XCVersionGroup section */
	};
	rootObject = CB17E5502466644400CDBB1A /* Project object */;
}
