// !$*UTF8*$!
{
	archiveVersion = 1;
	classes = {
	};
	objectVersion = 54;
	objects = {

/* Begin PBXBuildFile section */
		CB0044C2251D003F00B652EC /* LocalInspections+CoreDataClass.swift in Sources */ = {isa = PBXBuildFile; fileRef = CB2B5B0524C55B4800D024D8 /* LocalInspections+CoreDataClass.swift */; };
		CB0044C7251D004200B652EC /* LocalInspections+CoreDataProperties.swift in Sources */ = {isa = PBXBuildFile; fileRef = CB2B5B0624C55B4800D024D8 /* LocalInspections+CoreDataProperties.swift */; };
		CB0044CC251D004600B652EC /* LocalPhotos+CoreDataClass.swift in Sources */ = {isa = PBXBuildFile; fileRef = CB2B5B0724C55B4800D024D8 /* LocalPhotos+CoreDataClass.swift */; };
		CB0044D1251D004800B652EC /* LocalPhotos+CoreDataProperties.swift in Sources */ = {isa = PBXBuildFile; fileRef = CB2B5B0824C55B4800D024D8 /* LocalPhotos+CoreDataProperties.swift */; };
		CB0044D6251D005000B652EC /* RosenergoMobileAgentiOS.xcdatamodeld in Sources */ = {isa = PBXBuildFile; fileRef = CB17E55F2466644400CDBB1A /* RosenergoMobileAgentiOS.xcdatamodeld */; };
		CB0044DB251D074A00B652EC /* CloudKit.framework in Frameworks */ = {isa = PBXBuildFile; fileRef = CBDDDA602473CF1400FE5A7C /* CloudKit.framework */; };
		CB0115C62507335400801969 /* PinchToZoom.swift in Sources */ = {isa = PBXBuildFile; fileRef = CB0115C52507335400801969 /* PinchToZoom.swift */; };
		CB0115C72507335400801969 /* PinchToZoom.swift in Sources */ = {isa = PBXBuildFile; fileRef = CB0115C52507335400801969 /* PinchToZoom.swift */; };
		CB0115C925073C4000801969 /* ViewModifier.swift in Sources */ = {isa = PBXBuildFile; fileRef = CB0115C825073C4000801969 /* ViewModifier.swift */; };
		CB0115CA25073C4000801969 /* ViewModifier.swift in Sources */ = {isa = PBXBuildFile; fileRef = CB0115C825073C4000801969 /* ViewModifier.swift */; };
		CB03D6BC24A851AF00C515C6 /* LocalInspectionsItems.swift in Sources */ = {isa = PBXBuildFile; fileRef = CBB2E0982478F6270017AB00 /* LocalInspectionsItems.swift */; };
		CB03D6BD24A8521D00C515C6 /* RosenergoMobileAgentiOS.xcdatamodeld in Sources */ = {isa = PBXBuildFile; fileRef = CB17E55F2466644400CDBB1A /* RosenergoMobileAgentiOS.xcdatamodeld */; };
		CB0590EB24EA24720056C858 /* CustomInput.swift in Sources */ = {isa = PBXBuildFile; fileRef = CB17E5822468636700CDBB1A /* CustomInput.swift */; };
		CB17E5612466644400CDBB1A /* RosenergoMobileAgentiOS.xcdatamodeld in Sources */ = {isa = PBXBuildFile; fileRef = CB17E55F2466644400CDBB1A /* RosenergoMobileAgentiOS.xcdatamodeld */; };
		CB17E5632466644400CDBB1A /* SignIn.swift in Sources */ = {isa = PBXBuildFile; fileRef = CB17E5622466644400CDBB1A /* SignIn.swift */; };
		CB17E5652466644500CDBB1A /* Assets.xcassets in Resources */ = {isa = PBXBuildFile; fileRef = CB17E5642466644500CDBB1A /* Assets.xcassets */; };
		CB17E5682466644500CDBB1A /* Preview Assets.xcassets in Resources */ = {isa = PBXBuildFile; fileRef = CB17E5672466644500CDBB1A /* Preview Assets.xcassets */; };
		CB17E5762467A43700CDBB1A /* SessionStore.swift in Sources */ = {isa = PBXBuildFile; fileRef = CB17E5752467A43700CDBB1A /* SessionStore.swift */; };
		CB17E57D2467AFC100CDBB1A /* MenuView.swift in Sources */ = {isa = PBXBuildFile; fileRef = CB17E57C2467AFC100CDBB1A /* MenuView.swift */; };
		CB17E57F2467FFB600CDBB1A /* ListInspections.swift in Sources */ = {isa = PBXBuildFile; fileRef = CB17E57E2467FFB600CDBB1A /* ListInspections.swift */; };
		CB17E5832468636700CDBB1A /* CustomInput.swift in Sources */ = {isa = PBXBuildFile; fileRef = CB17E5822468636700CDBB1A /* CustomInput.swift */; };
		CB17E585246864AE00CDBB1A /* CustomButton.swift in Sources */ = {isa = PBXBuildFile; fileRef = CB17E584246864AE00CDBB1A /* CustomButton.swift */; };
		CB17E58F24699F8400CDBB1A /* CreateInspections.swift in Sources */ = {isa = PBXBuildFile; fileRef = CB17E58E24699F8400CDBB1A /* CreateInspections.swift */; };
		CB17E5922469B57F00CDBB1A /* CustomCameraView.swift in Sources */ = {isa = PBXBuildFile; fileRef = CB17E5912469B57F00CDBB1A /* CustomCameraView.swift */; };
		CB1ECFCC2508BD9700523D9E /* Enum.swift in Sources */ = {isa = PBXBuildFile; fileRef = CB1ECFCB2508BD9700523D9E /* Enum.swift */; };
		CB1ECFCD2508BD9700523D9E /* Enum.swift in Sources */ = {isa = PBXBuildFile; fileRef = CB1ECFCB2508BD9700523D9E /* Enum.swift */; };
		CB20FB7A2480CB92004CB9C1 /* CustomCameraController.swift in Sources */ = {isa = PBXBuildFile; fileRef = CB20FB792480CB92004CB9C1 /* CustomCameraController.swift */; };
		CB20FB7C2480CBC1004CB9C1 /* CustomCameraRepresentable.swift in Sources */ = {isa = PBXBuildFile; fileRef = CB20FB7B2480CBC1004CB9C1 /* CustomCameraRepresentable.swift */; };
		CB284C0C252AC2170066C6D1 /* MailFeedback.swift in Sources */ = {isa = PBXBuildFile; fileRef = CBD5473C246EE6C9008ED0ED /* MailFeedback.swift */; };
		CB2B5B0924C55B4800D024D8 /* LocalInspections+CoreDataClass.swift in Sources */ = {isa = PBXBuildFile; fileRef = CB2B5B0524C55B4800D024D8 /* LocalInspections+CoreDataClass.swift */; };
		CB2B5B0A24C55B4800D024D8 /* LocalInspections+CoreDataClass.swift in Sources */ = {isa = PBXBuildFile; fileRef = CB2B5B0524C55B4800D024D8 /* LocalInspections+CoreDataClass.swift */; };
		CB2B5B0C24C55B4800D024D8 /* LocalInspections+CoreDataProperties.swift in Sources */ = {isa = PBXBuildFile; fileRef = CB2B5B0624C55B4800D024D8 /* LocalInspections+CoreDataProperties.swift */; };
		CB2B5B0D24C55B4800D024D8 /* LocalInspections+CoreDataProperties.swift in Sources */ = {isa = PBXBuildFile; fileRef = CB2B5B0624C55B4800D024D8 /* LocalInspections+CoreDataProperties.swift */; };
		CB2B5B0F24C55B4800D024D8 /* LocalPhotos+CoreDataClass.swift in Sources */ = {isa = PBXBuildFile; fileRef = CB2B5B0724C55B4800D024D8 /* LocalPhotos+CoreDataClass.swift */; };
		CB2B5B1024C55B4800D024D8 /* LocalPhotos+CoreDataClass.swift in Sources */ = {isa = PBXBuildFile; fileRef = CB2B5B0724C55B4800D024D8 /* LocalPhotos+CoreDataClass.swift */; };
		CB2B5B1224C55B4800D024D8 /* LocalPhotos+CoreDataProperties.swift in Sources */ = {isa = PBXBuildFile; fileRef = CB2B5B0824C55B4800D024D8 /* LocalPhotos+CoreDataProperties.swift */; };
		CB2B5B1324C55B4800D024D8 /* LocalPhotos+CoreDataProperties.swift in Sources */ = {isa = PBXBuildFile; fileRef = CB2B5B0824C55B4800D024D8 /* LocalPhotos+CoreDataProperties.swift */; };
		CB2B5B85246BA8CE006F35AC /* AuthenticationServices.framework in Frameworks */ = {isa = PBXBuildFile; fileRef = CB2B5B84246BA8CE006F35AC /* AuthenticationServices.framework */; };
		CB373FBF25344D6C00FEDE4B /* LoadingErrorView.swift in Sources */ = {isa = PBXBuildFile; fileRef = CB373FBE25344D6C00FEDE4B /* LoadingErrorView.swift */; };
		CB373FC025344D6C00FEDE4B /* LoadingErrorView.swift in Sources */ = {isa = PBXBuildFile; fileRef = CB373FBE25344D6C00FEDE4B /* LoadingErrorView.swift */; };
		CB373FCA25344D8C00FEDE4B /* LoadingEmptyView.swift in Sources */ = {isa = PBXBuildFile; fileRef = CB373FC925344D8C00FEDE4B /* LoadingEmptyView.swift */; };
		CB373FCB25344D8C00FEDE4B /* LoadingEmptyView.swift in Sources */ = {isa = PBXBuildFile; fileRef = CB373FC925344D8C00FEDE4B /* LoadingEmptyView.swift */; };
		CB373FE52534580D00FEDE4B /* URLImage in Frameworks */ = {isa = PBXBuildFile; productRef = CB373FE42534580D00FEDE4B /* URLImage */; };
		CB3805D424EB8F4500925D44 /* InspectionLink.swift in Sources */ = {isa = PBXBuildFile; fileRef = CB4B826824D4079800C0C558 /* InspectionLink.swift */; };
		CB3C916D250DE30A0099958D /* Log.swift in Sources */ = {isa = PBXBuildFile; fileRef = CB3C916C250DE30A0099958D /* Log.swift */; };
		CB3C916E250DE30A0099958D /* Log.swift in Sources */ = {isa = PBXBuildFile; fileRef = CB3C916C250DE30A0099958D /* Log.swift */; };
		CB4B826924D4079800C0C558 /* InspectionLink.swift in Sources */ = {isa = PBXBuildFile; fileRef = CB4B826824D4079800C0C558 /* InspectionLink.swift */; };
		CB4B9315246CF235006B7008 /* SettingsView.swift in Sources */ = {isa = PBXBuildFile; fileRef = CB4B9314246CF235006B7008 /* SettingsView.swift */; };
		CB4B9317246CF59B006B7008 /* Color.swift in Sources */ = {isa = PBXBuildFile; fileRef = CB4B9316246CF59B006B7008 /* Color.swift */; };
		CB4CD7BF24909A71007FE4AB /* NotificationStore.swift in Sources */ = {isa = PBXBuildFile; fileRef = CB4CD7BE24909A71007FE4AB /* NotificationStore.swift */; };
		CB66D63224A469FF005C616A /* InspectionsDetails.swift in Sources */ = {isa = PBXBuildFile; fileRef = CBB2E0A02478F8110017AB00 /* InspectionsDetails.swift */; };
		CB66D72B24A5973A005C616A /* InspectionsItems.swift in Sources */ = {isa = PBXBuildFile; fileRef = CBB2E09E2478F7E10017AB00 /* InspectionsItems.swift */; };
		CB66D72E24A5ADA0005C616A /* ImageDetail.swift in Sources */ = {isa = PBXBuildFile; fileRef = CBC52838247A504700E337B4 /* ImageDetail.swift */; };
		CB66D73024A5ADCE005C616A /* LocalImageDetail.swift in Sources */ = {isa = PBXBuildFile; fileRef = CB66D72F24A5ADCE005C616A /* LocalImageDetail.swift */; };
		CB717C34248DF8B200DE31FE /* GeoIndicator.swift in Sources */ = {isa = PBXBuildFile; fileRef = CB717C33248DF8B200DE31FE /* GeoIndicator.swift */; };
		CB7267A8249879B700E138BD /* SessionStore.swift in Sources */ = {isa = PBXBuildFile; fileRef = CB17E5752467A43700CDBB1A /* SessionStore.swift */; };
		CB7267C22498B76500E138BD /* Assets.xcassets in Resources */ = {isa = PBXBuildFile; fileRef = CB9DE931249758B300F4E72A /* Assets.xcassets */; };
		CB7267C52498B79A00E138BD /* Color.swift in Sources */ = {isa = PBXBuildFile; fileRef = CB4B9316246CF59B006B7008 /* Color.swift */; };
		CB733DFD25259FC400651C0F /* LocalImage.swift in Sources */ = {isa = PBXBuildFile; fileRef = CB733DFC25259FC400651C0F /* LocalImage.swift */; };
		CB733DFE25259FC500651C0F /* LocalImage.swift in Sources */ = {isa = PBXBuildFile; fileRef = CB733DFC25259FC400651C0F /* LocalImage.swift */; };
		CB733DFF25259FC500651C0F /* LocalImage.swift in Sources */ = {isa = PBXBuildFile; fileRef = CB733DFC25259FC400651C0F /* LocalImage.swift */; };
		CB733E0C2525A10800651C0F /* UIImage.swift in Sources */ = {isa = PBXBuildFile; fileRef = CB758D7024AEEB67000A6B3C /* UIImage.swift */; };
		CB733E1B2525A51A00651C0F /* WidgetItem.swift in Sources */ = {isa = PBXBuildFile; fileRef = CB733E1A2525A51A00651C0F /* WidgetItem.swift */; };
		CB758D6E24AECC43000A6B3C /* RootView.swift in Sources */ = {isa = PBXBuildFile; fileRef = CB17E57A2467AEE400CDBB1A /* RootView.swift */; };
		CB758D7124AEEB67000A6B3C /* UIImage.swift in Sources */ = {isa = PBXBuildFile; fileRef = CB758D7024AEEB67000A6B3C /* UIImage.swift */; };
		CB758D7224AEEB67000A6B3C /* UIImage.swift in Sources */ = {isa = PBXBuildFile; fileRef = CB758D7024AEEB67000A6B3C /* UIImage.swift */; };
		CB758D8B24B17C93000A6B3C /* Date.swift in Sources */ = {isa = PBXBuildFile; fileRef = CB758D8A24B17C93000A6B3C /* Date.swift */; };
		CB758D8C24B17C93000A6B3C /* Date.swift in Sources */ = {isa = PBXBuildFile; fileRef = CB758D8A24B17C93000A6B3C /* Date.swift */; };
		CB7B93B624ADA12800712384 /* RosenergoApp.swift in Sources */ = {isa = PBXBuildFile; fileRef = CB66D74A24A5D989005C616A /* RosenergoApp.swift */; };
		CB7CEFA324A9D8D0009DF93A /* LocalInspectionsDetails.swift in Sources */ = {isa = PBXBuildFile; fileRef = CBB2E09B2478F73B0017AB00 /* LocalInspectionsDetails.swift */; };
		CB7CEFA624A9DA1D009DF93A /* LocalImageDetail.swift in Sources */ = {isa = PBXBuildFile; fileRef = CB66D72F24A5ADCE005C616A /* LocalImageDetail.swift */; };
		CB7CEFAA24AAC202009DF93A /* CloudKit.framework in Frameworks */ = {isa = PBXBuildFile; fileRef = CB7CEFA924AAC202009DF93A /* CloudKit.framework */; };
		CB7EAEA7250F394A00B4B4F5 /* LoadingView.swift in Sources */ = {isa = PBXBuildFile; fileRef = CB7EAEA6250F394A00B4B4F5 /* LoadingView.swift */; };
		CB7EAEA8250F394A00B4B4F5 /* LoadingView.swift in Sources */ = {isa = PBXBuildFile; fileRef = CB7EAEA6250F394A00B4B4F5 /* LoadingView.swift */; };
		CB7EAEAA250F593400B4B4F5 /* VyplatnyedelaLink.swift in Sources */ = {isa = PBXBuildFile; fileRef = CB7EAEA9250F593400B4B4F5 /* VyplatnyedelaLink.swift */; };
		CB7EAEAB250F593400B4B4F5 /* VyplatnyedelaLink.swift in Sources */ = {isa = PBXBuildFile; fileRef = CB7EAEA9250F593400B4B4F5 /* VyplatnyedelaLink.swift */; };
		CB7EAEAD2510854300B4B4F5 /* MenuButton.swift in Sources */ = {isa = PBXBuildFile; fileRef = CB7EAEAC2510854300B4B4F5 /* MenuButton.swift */; };
		CB7EAEAE2510854300B4B4F5 /* MenuButton.swift in Sources */ = {isa = PBXBuildFile; fileRef = CB7EAEAC2510854300B4B4F5 /* MenuButton.swift */; };
		CB7EAEB02510856900B4B4F5 /* ImageButton.swift in Sources */ = {isa = PBXBuildFile; fileRef = CB7EAEAF2510856900B4B4F5 /* ImageButton.swift */; };
		CB7EAEB12510856900B4B4F5 /* ImageButton.swift in Sources */ = {isa = PBXBuildFile; fileRef = CB7EAEAF2510856900B4B4F5 /* ImageButton.swift */; };
		CB7F88B8251461B500F5AF97 /* ServerImage.swift in Sources */ = {isa = PBXBuildFile; fileRef = CB7F88B7251461B500F5AF97 /* ServerImage.swift */; };
		CB7F88B9251461B500F5AF97 /* ServerImage.swift in Sources */ = {isa = PBXBuildFile; fileRef = CB7F88B7251461B500F5AF97 /* ServerImage.swift */; };
		CB7F88BD2514EB1200F5AF97 /* NotificationStore.swift in Sources */ = {isa = PBXBuildFile; fileRef = CB4CD7BE24909A71007FE4AB /* NotificationStore.swift */; };
		CB866C4924CECB4900447E7F /* CustomButton.swift in Sources */ = {isa = PBXBuildFile; fileRef = CB17E584246864AE00CDBB1A /* CustomButton.swift */; };
		CB87022A249C5FF400B5DA72 /* URLImage in Frameworks */ = {isa = PBXBuildFile; productRef = CB870229249C5FF400B5DA72 /* URLImage */; };
		CB87B15E24D302A9009A010E /* RosenergoApp.swift in Sources */ = {isa = PBXBuildFile; fileRef = CB66D74A24A5D989005C616A /* RosenergoApp.swift */; };
		CB9AD06F24DD96BC00D220D8 /* Map.swift in Sources */ = {isa = PBXBuildFile; fileRef = CB9AD06E24DD96BC00D220D8 /* Map.swift */; };
		CB9AD07024DD96BC00D220D8 /* Map.swift in Sources */ = {isa = PBXBuildFile; fileRef = CB9AD06E24DD96BC00D220D8 /* Map.swift */; };
		CB9D62D024A3B784000C1C3A /* SettingsView.swift in Sources */ = {isa = PBXBuildFile; fileRef = CB4B9314246CF235006B7008 /* SettingsView.swift */; };
		CB9D62D224A455B1000C1C3A /* SectionItem.swift in Sources */ = {isa = PBXBuildFile; fileRef = CB9D62D124A455B1000C1C3A /* SectionItem.swift */; };
		CB9D62D324A455B1000C1C3A /* SectionItem.swift in Sources */ = {isa = PBXBuildFile; fileRef = CB9D62D124A455B1000C1C3A /* SectionItem.swift */; };
		CB9DE932249758B300F4E72A /* Assets.xcassets in Resources */ = {isa = PBXBuildFile; fileRef = CB9DE931249758B300F4E72A /* Assets.xcassets */; };
		CB9DE939249758B400F4E72A /* RosenergoMobileAgent.appex in Embed App Extensions */ = {isa = PBXBuildFile; fileRef = CB9DE938249758B400F4E72A /* RosenergoMobileAgent.appex */; settings = {ATTRIBUTES = (RemoveHeadersOnCopy, ); }; };
		CB9DE948249758B500F4E72A /* Assets.xcassets in Resources */ = {isa = PBXBuildFile; fileRef = CB9DE947249758B500F4E72A /* Assets.xcassets */; };
		CB9DE94B249758B500F4E72A /* Preview Assets.xcassets in Resources */ = {isa = PBXBuildFile; fileRef = CB9DE94A249758B500F4E72A /* Preview Assets.xcassets */; };
		CB9DE950249758B500F4E72A /* RosenergoMobileAgent.app in Embed Watch Content */ = {isa = PBXBuildFile; fileRef = CB9DE92C249758B100F4E72A /* RosenergoMobileAgent.app */; platformFilter = ios; settings = {ATTRIBUTES = (RemoveHeadersOnCopy, ); }; };
		CB9DE96124975BE600F4E72A /* SessionStoreModel.swift in Sources */ = {isa = PBXBuildFile; fileRef = CBC5283C247CB4FB00E337B4 /* SessionStoreModel.swift */; };
		CBA401B1251C6CD6001881B5 /* WidgetKit.framework in Frameworks */ = {isa = PBXBuildFile; fileRef = CBA401B0251C6CD6001881B5 /* WidgetKit.framework */; };
		CBA401B2251C6CD6001881B5 /* SwiftUI.framework in Frameworks */ = {isa = PBXBuildFile; fileRef = CB758D7A24AEFA45000A6B3C /* SwiftUI.framework */; };
		CBA401B5251C6CD6001881B5 /* LocalInspectionsWidget.swift in Sources */ = {isa = PBXBuildFile; fileRef = CBA401B4251C6CD6001881B5 /* LocalInspectionsWidget.swift */; };
		CBA401B7251C6CD8001881B5 /* Assets.xcassets in Resources */ = {isa = PBXBuildFile; fileRef = CBA401B6251C6CD8001881B5 /* Assets.xcassets */; };
		CBA401BB251C6CD8001881B5 /* RosenergoMobileAgent.appex in Embed App Extensions */ = {isa = PBXBuildFile; fileRef = CBA401AF251C6CD6001881B5 /* RosenergoMobileAgent.appex */; settings = {ATTRIBUTES = (RemoveHeadersOnCopy, ); }; };
		CBA401DC251C89BF001881B5 /* Color.swift in Sources */ = {isa = PBXBuildFile; fileRef = CB4B9316246CF59B006B7008 /* Color.swift */; };
		CBA401E1251C946D001881B5 /* PersistenceController.swift in Sources */ = {isa = PBXBuildFile; fileRef = CBB4B0BA24C8330B00C25A59 /* PersistenceController.swift */; };
		CBA401E6251C9553001881B5 /* Log.swift in Sources */ = {isa = PBXBuildFile; fileRef = CB3C916C250DE30A0099958D /* Log.swift */; };
		CBA6118E2500998D009CD8BD /* ShareSheetView.swift in Sources */ = {isa = PBXBuildFile; fileRef = CBA6118D2500998D009CD8BD /* ShareSheetView.swift */; };
		CBAC7F3224D266870081597D /* ListVyplatnyedela.swift in Sources */ = {isa = PBXBuildFile; fileRef = CBAC7F3124D266870081597D /* ListVyplatnyedela.swift */; };
		CBAC7F3524D26E2B0081597D /* VyplatnyedelaItems.swift in Sources */ = {isa = PBXBuildFile; fileRef = CBAC7F3424D26E2B0081597D /* VyplatnyedelaItems.swift */; };
		CBAC7F3624D26E2B0081597D /* VyplatnyedelaItems.swift in Sources */ = {isa = PBXBuildFile; fileRef = CBAC7F3424D26E2B0081597D /* VyplatnyedelaItems.swift */; };
		CBAC7F3824D270640081597D /* VyplatnyedelaDetails.swift in Sources */ = {isa = PBXBuildFile; fileRef = CBAC7F3724D270640081597D /* VyplatnyedelaDetails.swift */; };
		CBAC7F3924D270640081597D /* VyplatnyedelaDetails.swift in Sources */ = {isa = PBXBuildFile; fileRef = CBAC7F3724D270640081597D /* VyplatnyedelaDetails.swift */; };
		CBAC7F3A24D27A5E0081597D /* ListVyplatnyedela.swift in Sources */ = {isa = PBXBuildFile; fileRef = CBAC7F3124D266870081597D /* ListVyplatnyedela.swift */; };
		CBAC7F4024D27CF60081597D /* NativeSearchBar in Frameworks */ = {isa = PBXBuildFile; productRef = CBAC7F3F24D27CF60081597D /* NativeSearchBar */; };
		CBAC7F4224D280E30081597D /* NativeSearchBar in Frameworks */ = {isa = PBXBuildFile; productRef = CBAC7F4124D280E30081597D /* NativeSearchBar */; };
		CBAC7F4324D284660081597D /* ListInspections.swift in Sources */ = {isa = PBXBuildFile; fileRef = CB17E57E2467FFB600CDBB1A /* ListInspections.swift */; };
		CBAC7F4424D28BF90081597D /* MenuView.swift in Sources */ = {isa = PBXBuildFile; fileRef = CB17E57C2467AFC100CDBB1A /* MenuView.swift */; };
		CBB2E0942478E5B20017AB00 /* CreateVyplatnyeDela.swift in Sources */ = {isa = PBXBuildFile; fileRef = CBB2E0932478E5B20017AB00 /* CreateVyplatnyeDela.swift */; };
		CBB2E0992478F6270017AB00 /* LocalInspectionsItems.swift in Sources */ = {isa = PBXBuildFile; fileRef = CBB2E0982478F6270017AB00 /* LocalInspectionsItems.swift */; };
		CBB2E09C2478F73B0017AB00 /* LocalInspectionsDetails.swift in Sources */ = {isa = PBXBuildFile; fileRef = CBB2E09B2478F73B0017AB00 /* LocalInspectionsDetails.swift */; };
		CBB2E09F2478F7E10017AB00 /* InspectionsItems.swift in Sources */ = {isa = PBXBuildFile; fileRef = CBB2E09E2478F7E10017AB00 /* InspectionsItems.swift */; };
		CBB2E0A12478F8110017AB00 /* InspectionsDetails.swift in Sources */ = {isa = PBXBuildFile; fileRef = CBB2E0A02478F8110017AB00 /* InspectionsDetails.swift */; };
		CBB4B0B924C82BCA00C25A59 /* LocationStore.swift in Sources */ = {isa = PBXBuildFile; fileRef = CBB4B0B824C82BCA00C25A59 /* LocationStore.swift */; };
		CBB4B0BB24C8330B00C25A59 /* PersistenceController.swift in Sources */ = {isa = PBXBuildFile; fileRef = CBB4B0BA24C8330B00C25A59 /* PersistenceController.swift */; };
		CBB4B0BC24C8330B00C25A59 /* PersistenceController.swift in Sources */ = {isa = PBXBuildFile; fileRef = CBB4B0BA24C8330B00C25A59 /* PersistenceController.swift */; };
		CBB842ED24E3AE600008EB07 /* License.swift in Sources */ = {isa = PBXBuildFile; fileRef = CBB842EC24E3AE600008EB07 /* License.swift */; };
		CBB842EE24E3AE600008EB07 /* License.swift in Sources */ = {isa = PBXBuildFile; fileRef = CBB842EC24E3AE600008EB07 /* License.swift */; };
		CBC0C61924B76CA300E078E5 /* CodableUserDefaults.swift in Sources */ = {isa = PBXBuildFile; fileRef = CBC0C61824B76CA300E078E5 /* CodableUserDefaults.swift */; };
		CBC0C61A24B76CA300E078E5 /* CodableUserDefaults.swift in Sources */ = {isa = PBXBuildFile; fileRef = CBC0C61824B76CA300E078E5 /* CodableUserDefaults.swift */; };
		CBC52839247A504700E337B4 /* ImageDetail.swift in Sources */ = {isa = PBXBuildFile; fileRef = CBC52838247A504700E337B4 /* ImageDetail.swift */; };
		CBC5283D247CB4FB00E337B4 /* SessionStoreModel.swift in Sources */ = {isa = PBXBuildFile; fileRef = CBC5283C247CB4FB00E337B4 /* SessionStoreModel.swift */; };
		CBD5473D246EE6C9008ED0ED /* MailFeedback.swift in Sources */ = {isa = PBXBuildFile; fileRef = CBD5473C246EE6C9008ED0ED /* MailFeedback.swift */; };
		CBD9354824DA77F600E0F902 /* SeriesPicker.swift in Sources */ = {isa = PBXBuildFile; fileRef = CBD9354724DA77F600E0F902 /* SeriesPicker.swift */; };
		CBDDDA612473CF1400FE5A7C /* CloudKit.framework in Frameworks */ = {isa = PBXBuildFile; fileRef = CBDDDA602473CF1400FE5A7C /* CloudKit.framework */; };
		CBDFFB722521DCF00060249B /* license.json in Resources */ = {isa = PBXBuildFile; fileRef = CBDFFB712521DCF00060249B /* license.json */; };
		CBDFFB732521DCF00060249B /* license.json in Resources */ = {isa = PBXBuildFile; fileRef = CBDFFB712521DCF00060249B /* license.json */; };
		CBDFFB7D2521DD490060249B /* Bundle.swift in Sources */ = {isa = PBXBuildFile; fileRef = CBDFFB7C2521DD490060249B /* Bundle.swift */; };
		CBDFFB7E2521DD4A0060249B /* Bundle.swift in Sources */ = {isa = PBXBuildFile; fileRef = CBDFFB7C2521DD490060249B /* Bundle.swift */; };
		CBDFFD892522F06D0060249B /* SignIn.swift in Sources */ = {isa = PBXBuildFile; fileRef = CBDFFD882522F06D0060249B /* SignIn.swift */; };
		CBDFFD9F2522F1980060249B /* RootView.swift in Sources */ = {isa = PBXBuildFile; fileRef = CBDFFD9E2522F1980060249B /* RootView.swift */; };
		CBE9BE9624A7628B00D8CA2A /* SideBar.swift in Sources */ = {isa = PBXBuildFile; fileRef = CBE9BE9524A7628B00D8CA2A /* SideBar.swift */; };
		CBED06C82509C77600216056 /* Haptic.swift in Sources */ = {isa = PBXBuildFile; fileRef = CBED06C72509C77600216056 /* Haptic.swift */; };
		CBED06C92509C77600216056 /* Haptic.swift in Sources */ = {isa = PBXBuildFile; fileRef = CBED06C72509C77600216056 /* Haptic.swift */; };
		CBED06CB250A24C300216056 /* CustomAlert.swift in Sources */ = {isa = PBXBuildFile; fileRef = CBED06CA250A24C300216056 /* CustomAlert.swift */; };
		CBED06CC250A24C300216056 /* CustomAlert.swift in Sources */ = {isa = PBXBuildFile; fileRef = CBED06CA250A24C300216056 /* CustomAlert.swift */; };
		CBED06CE250B1F2E00216056 /* DownloadIndicator.swift in Sources */ = {isa = PBXBuildFile; fileRef = CBED06CD250B1F2E00216056 /* DownloadIndicator.swift */; };
		CBF0E558251669E50018BF45 /* Int.swift in Sources */ = {isa = PBXBuildFile; fileRef = CBF0E557251669E50018BF45 /* Int.swift */; };
		CBF0E559251669E50018BF45 /* Int.swift in Sources */ = {isa = PBXBuildFile; fileRef = CBF0E557251669E50018BF45 /* Int.swift */; };
		CBF0E55E25166D5D0018BF45 /* String.swift in Sources */ = {isa = PBXBuildFile; fileRef = CBF0E55D25166D5D0018BF45 /* String.swift */; };
		CBF0E55F25166D5D0018BF45 /* String.swift in Sources */ = {isa = PBXBuildFile; fileRef = CBF0E55D25166D5D0018BF45 /* String.swift */; };
		CBF0E568251894F20018BF45 /* Endpoint.swift in Sources */ = {isa = PBXBuildFile; fileRef = CBF0E567251894F20018BF45 /* Endpoint.swift */; };
		CBF0E569251894F20018BF45 /* Endpoint.swift in Sources */ = {isa = PBXBuildFile; fileRef = CBF0E567251894F20018BF45 /* Endpoint.swift */; };
		CBF26F312526DF2A001C8B1A /* LocationStore.swift in Sources */ = {isa = PBXBuildFile; fileRef = CBB4B0B824C82BCA00C25A59 /* LocationStore.swift */; };
/* End PBXBuildFile section */

/* Begin PBXContainerItemProxy section */
		CB9DE93A249758B400F4E72A /* PBXContainerItemProxy */ = {
			isa = PBXContainerItemProxy;
			containerPortal = CB17E5502466644400CDBB1A /* Project object */;
			proxyType = 1;
			remoteGlobalIDString = CB9DE937249758B400F4E72A;
			remoteInfo = "RosenergoMobileAgentwatchOS Extension";
		};
		CB9DE94E249758B500F4E72A /* PBXContainerItemProxy */ = {
			isa = PBXContainerItemProxy;
			containerPortal = CB17E5502466644400CDBB1A /* Project object */;
			proxyType = 1;
			remoteGlobalIDString = CB9DE92B249758B100F4E72A;
			remoteInfo = RosenergoMobileAgentwatchOS;
		};
		CBA401B9251C6CD8001881B5 /* PBXContainerItemProxy */ = {
			isa = PBXContainerItemProxy;
			containerPortal = CB17E5502466644400CDBB1A /* Project object */;
			proxyType = 1;
			remoteGlobalIDString = CBA401AE251C6CD6001881B5;
			remoteInfo = RosenergoMobileAgentWidgetExtension;
		};
/* End PBXContainerItemProxy section */

/* Begin PBXCopyFilesBuildPhase section */
		CB758D8924AEFA48000A6B3C /* Embed App Extensions */ = {
			isa = PBXCopyFilesBuildPhase;
			buildActionMask = 2147483647;
			dstPath = "";
			dstSubfolderSpec = 13;
			files = (
				CBA401BB251C6CD8001881B5 /* RosenergoMobileAgent.appex in Embed App Extensions */,
			);
			name = "Embed App Extensions";
			runOnlyForDeploymentPostprocessing = 0;
		};
		CB9DE951249758B500F4E72A /* Embed Watch Content */ = {
			isa = PBXCopyFilesBuildPhase;
			buildActionMask = 2147483647;
			dstPath = "$(CONTENTS_FOLDER_PATH)/Watch";
			dstSubfolderSpec = 16;
			files = (
				CB9DE950249758B500F4E72A /* RosenergoMobileAgent.app in Embed Watch Content */,
			);
			name = "Embed Watch Content";
			runOnlyForDeploymentPostprocessing = 0;
		};
		CB9DE954249758B500F4E72A /* Embed App Extensions */ = {
			isa = PBXCopyFilesBuildPhase;
			buildActionMask = 2147483647;
			dstPath = "";
			dstSubfolderSpec = 13;
			files = (
				CB9DE939249758B400F4E72A /* RosenergoMobileAgent.appex in Embed App Extensions */,
			);
			name = "Embed App Extensions";
			runOnlyForDeploymentPostprocessing = 0;
		};
/* End PBXCopyFilesBuildPhase section */

/* Begin PBXFileReference section */
		CB0115C52507335400801969 /* PinchToZoom.swift */ = {isa = PBXFileReference; lastKnownFileType = sourcecode.swift; path = PinchToZoom.swift; sourceTree = "<group>"; };
		CB0115C825073C4000801969 /* ViewModifier.swift */ = {isa = PBXFileReference; lastKnownFileType = sourcecode.swift; path = ViewModifier.swift; sourceTree = "<group>"; };
		CB17E5582466644400CDBB1A /* Агент.app */ = {isa = PBXFileReference; explicitFileType = wrapper.application; includeInIndex = 0; path = "Агент.app"; sourceTree = BUILT_PRODUCTS_DIR; };
		CB17E5602466644400CDBB1A /* RosenergoMobileAgentiOS.xcdatamodel */ = {isa = PBXFileReference; lastKnownFileType = wrapper.xcdatamodel; path = RosenergoMobileAgentiOS.xcdatamodel; sourceTree = "<group>"; };
		CB17E5622466644400CDBB1A /* SignIn.swift */ = {isa = PBXFileReference; lastKnownFileType = sourcecode.swift; path = SignIn.swift; sourceTree = "<group>"; };
		CB17E5642466644500CDBB1A /* Assets.xcassets */ = {isa = PBXFileReference; lastKnownFileType = folder.assetcatalog; path = Assets.xcassets; sourceTree = "<group>"; };
		CB17E5672466644500CDBB1A /* Preview Assets.xcassets */ = {isa = PBXFileReference; lastKnownFileType = folder.assetcatalog; path = "Preview Assets.xcassets"; sourceTree = "<group>"; };
		CB17E56C2466644500CDBB1A /* Info.plist */ = {isa = PBXFileReference; lastKnownFileType = text.plist.xml; path = Info.plist; sourceTree = "<group>"; };
		CB17E5752467A43700CDBB1A /* SessionStore.swift */ = {isa = PBXFileReference; lastKnownFileType = sourcecode.swift; path = SessionStore.swift; sourceTree = "<group>"; };
		CB17E57A2467AEE400CDBB1A /* RootView.swift */ = {isa = PBXFileReference; lastKnownFileType = sourcecode.swift; path = RootView.swift; sourceTree = "<group>"; };
		CB17E57C2467AFC100CDBB1A /* MenuView.swift */ = {isa = PBXFileReference; lastKnownFileType = sourcecode.swift; path = MenuView.swift; sourceTree = "<group>"; };
		CB17E57E2467FFB600CDBB1A /* ListInspections.swift */ = {isa = PBXFileReference; lastKnownFileType = sourcecode.swift; path = ListInspections.swift; sourceTree = "<group>"; };
		CB17E5822468636700CDBB1A /* CustomInput.swift */ = {isa = PBXFileReference; lastKnownFileType = sourcecode.swift; path = CustomInput.swift; sourceTree = "<group>"; };
		CB17E584246864AE00CDBB1A /* CustomButton.swift */ = {isa = PBXFileReference; lastKnownFileType = sourcecode.swift; path = CustomButton.swift; sourceTree = "<group>"; };
		CB17E58E24699F8400CDBB1A /* CreateInspections.swift */ = {isa = PBXFileReference; lastKnownFileType = sourcecode.swift; path = CreateInspections.swift; sourceTree = "<group>"; };
		CB17E5912469B57F00CDBB1A /* CustomCameraView.swift */ = {isa = PBXFileReference; lastKnownFileType = sourcecode.swift; path = CustomCameraView.swift; sourceTree = "<group>"; };
		CB1ECFCB2508BD9700523D9E /* Enum.swift */ = {isa = PBXFileReference; lastKnownFileType = sourcecode.swift; path = Enum.swift; sourceTree = "<group>"; };
		CB20FB792480CB92004CB9C1 /* CustomCameraController.swift */ = {isa = PBXFileReference; lastKnownFileType = sourcecode.swift; path = CustomCameraController.swift; sourceTree = "<group>"; };
		CB20FB7B2480CBC1004CB9C1 /* CustomCameraRepresentable.swift */ = {isa = PBXFileReference; lastKnownFileType = sourcecode.swift; path = CustomCameraRepresentable.swift; sourceTree = "<group>"; };
		CB27F54E24DBB190000A43FB /* watchOS.entitlements */ = {isa = PBXFileReference; lastKnownFileType = text.plist.entitlements; path = watchOS.entitlements; sourceTree = "<group>"; };
		CB2B5B0524C55B4800D024D8 /* LocalInspections+CoreDataClass.swift */ = {isa = PBXFileReference; lastKnownFileType = sourcecode.swift; path = "LocalInspections+CoreDataClass.swift"; sourceTree = "<group>"; };
		CB2B5B0624C55B4800D024D8 /* LocalInspections+CoreDataProperties.swift */ = {isa = PBXFileReference; lastKnownFileType = sourcecode.swift; path = "LocalInspections+CoreDataProperties.swift"; sourceTree = "<group>"; };
		CB2B5B0724C55B4800D024D8 /* LocalPhotos+CoreDataClass.swift */ = {isa = PBXFileReference; lastKnownFileType = sourcecode.swift; path = "LocalPhotos+CoreDataClass.swift"; sourceTree = "<group>"; };
		CB2B5B0824C55B4800D024D8 /* LocalPhotos+CoreDataProperties.swift */ = {isa = PBXFileReference; lastKnownFileType = sourcecode.swift; path = "LocalPhotos+CoreDataProperties.swift"; sourceTree = "<group>"; };
		CB2B5B82246BA8CE006F35AC /* iOS.entitlements */ = {isa = PBXFileReference; lastKnownFileType = text.plist.entitlements; path = iOS.entitlements; sourceTree = "<group>"; };
		CB2B5B84246BA8CE006F35AC /* AuthenticationServices.framework */ = {isa = PBXFileReference; lastKnownFileType = wrapper.framework; name = AuthenticationServices.framework; path = System/Library/Frameworks/AuthenticationServices.framework; sourceTree = SDKROOT; };
		CB373FBE25344D6C00FEDE4B /* LoadingErrorView.swift */ = {isa = PBXFileReference; lastKnownFileType = sourcecode.swift; path = LoadingErrorView.swift; sourceTree = "<group>"; };
		CB373FC925344D8C00FEDE4B /* LoadingEmptyView.swift */ = {isa = PBXFileReference; lastKnownFileType = sourcecode.swift; path = LoadingEmptyView.swift; sourceTree = "<group>"; };
		CB3C916C250DE30A0099958D /* Log.swift */ = {isa = PBXFileReference; lastKnownFileType = sourcecode.swift; path = Log.swift; sourceTree = "<group>"; };
		CB4B826824D4079800C0C558 /* InspectionLink.swift */ = {isa = PBXFileReference; lastKnownFileType = sourcecode.swift; path = InspectionLink.swift; sourceTree = "<group>"; };
		CB4B9314246CF235006B7008 /* SettingsView.swift */ = {isa = PBXFileReference; lastKnownFileType = sourcecode.swift; path = SettingsView.swift; sourceTree = "<group>"; };
		CB4B9316246CF59B006B7008 /* Color.swift */ = {isa = PBXFileReference; lastKnownFileType = sourcecode.swift; path = Color.swift; sourceTree = "<group>"; };
		CB4CD7BE24909A71007FE4AB /* NotificationStore.swift */ = {isa = PBXFileReference; lastKnownFileType = sourcecode.swift; path = NotificationStore.swift; sourceTree = "<group>"; };
		CB66D72F24A5ADCE005C616A /* LocalImageDetail.swift */ = {isa = PBXFileReference; lastKnownFileType = sourcecode.swift; path = LocalImageDetail.swift; sourceTree = "<group>"; };
		CB66D74A24A5D989005C616A /* RosenergoApp.swift */ = {isa = PBXFileReference; lastKnownFileType = sourcecode.swift; path = RosenergoApp.swift; sourceTree = "<group>"; };
		CB717C33248DF8B200DE31FE /* GeoIndicator.swift */ = {isa = PBXFileReference; lastKnownFileType = sourcecode.swift; path = GeoIndicator.swift; sourceTree = "<group>"; };
		CB733DFC25259FC400651C0F /* LocalImage.swift */ = {isa = PBXFileReference; lastKnownFileType = sourcecode.swift; path = LocalImage.swift; sourceTree = "<group>"; };
		CB733E1A2525A51A00651C0F /* WidgetItem.swift */ = {isa = PBXFileReference; lastKnownFileType = sourcecode.swift; path = WidgetItem.swift; sourceTree = "<group>"; };
		CB758D7024AEEB67000A6B3C /* UIImage.swift */ = {isa = PBXFileReference; lastKnownFileType = sourcecode.swift; path = UIImage.swift; sourceTree = "<group>"; };
		CB758D7A24AEFA45000A6B3C /* SwiftUI.framework */ = {isa = PBXFileReference; lastKnownFileType = wrapper.framework; name = SwiftUI.framework; path = System/Library/Frameworks/SwiftUI.framework; sourceTree = SDKROOT; };
		CB758D8A24B17C93000A6B3C /* Date.swift */ = {isa = PBXFileReference; lastKnownFileType = sourcecode.swift; path = Date.swift; sourceTree = "<group>"; };
		CB7CEFA824AAC1F9009DF93A /* watchOS Extension.entitlements */ = {isa = PBXFileReference; lastKnownFileType = text.plist.entitlements; path = "watchOS Extension.entitlements"; sourceTree = "<group>"; };
		CB7CEFA924AAC202009DF93A /* CloudKit.framework */ = {isa = PBXFileReference; lastKnownFileType = wrapper.framework; name = CloudKit.framework; path = Platforms/WatchOS.platform/Developer/SDKs/WatchOS7.0.sdk/System/Library/Frameworks/CloudKit.framework; sourceTree = DEVELOPER_DIR; };
		CB7EAEA6250F394A00B4B4F5 /* LoadingView.swift */ = {isa = PBXFileReference; lastKnownFileType = sourcecode.swift; path = LoadingView.swift; sourceTree = "<group>"; };
		CB7EAEA9250F593400B4B4F5 /* VyplatnyedelaLink.swift */ = {isa = PBXFileReference; lastKnownFileType = sourcecode.swift; path = VyplatnyedelaLink.swift; sourceTree = "<group>"; };
		CB7EAEAC2510854300B4B4F5 /* MenuButton.swift */ = {isa = PBXFileReference; lastKnownFileType = sourcecode.swift; path = MenuButton.swift; sourceTree = "<group>"; };
		CB7EAEAF2510856900B4B4F5 /* ImageButton.swift */ = {isa = PBXFileReference; lastKnownFileType = sourcecode.swift; path = ImageButton.swift; sourceTree = "<group>"; };
		CB7F88B7251461B500F5AF97 /* ServerImage.swift */ = {isa = PBXFileReference; lastKnownFileType = sourcecode.swift; path = ServerImage.swift; sourceTree = "<group>"; };
		CB9AD06E24DD96BC00D220D8 /* Map.swift */ = {isa = PBXFileReference; lastKnownFileType = sourcecode.swift; path = Map.swift; sourceTree = "<group>"; };
		CB9D62D124A455B1000C1C3A /* SectionItem.swift */ = {isa = PBXFileReference; lastKnownFileType = sourcecode.swift; path = SectionItem.swift; sourceTree = "<group>"; };
		CB9DE92C249758B100F4E72A /* RosenergoMobileAgent.app */ = {isa = PBXFileReference; explicitFileType = wrapper.application; includeInIndex = 0; path = RosenergoMobileAgent.app; sourceTree = BUILT_PRODUCTS_DIR; };
		CB9DE931249758B300F4E72A /* Assets.xcassets */ = {isa = PBXFileReference; lastKnownFileType = folder.assetcatalog; path = Assets.xcassets; sourceTree = "<group>"; };
		CB9DE933249758B300F4E72A /* Info.plist */ = {isa = PBXFileReference; lastKnownFileType = text.plist.xml; path = Info.plist; sourceTree = "<group>"; };
		CB9DE938249758B400F4E72A /* RosenergoMobileAgent.appex */ = {isa = PBXFileReference; explicitFileType = "wrapper.app-extension"; includeInIndex = 0; path = RosenergoMobileAgent.appex; sourceTree = BUILT_PRODUCTS_DIR; };
		CB9DE947249758B500F4E72A /* Assets.xcassets */ = {isa = PBXFileReference; lastKnownFileType = folder.assetcatalog; path = Assets.xcassets; sourceTree = "<group>"; };
		CB9DE94A249758B500F4E72A /* Preview Assets.xcassets */ = {isa = PBXFileReference; lastKnownFileType = folder.assetcatalog; path = "Preview Assets.xcassets"; sourceTree = "<group>"; };
		CB9DE94C249758B500F4E72A /* Info.plist */ = {isa = PBXFileReference; lastKnownFileType = text.plist.xml; path = Info.plist; sourceTree = "<group>"; };
		CBA401AF251C6CD6001881B5 /* RosenergoMobileAgent.appex */ = {isa = PBXFileReference; explicitFileType = "wrapper.app-extension"; includeInIndex = 0; path = RosenergoMobileAgent.appex; sourceTree = BUILT_PRODUCTS_DIR; };
		CBA401B0251C6CD6001881B5 /* WidgetKit.framework */ = {isa = PBXFileReference; lastKnownFileType = wrapper.framework; name = WidgetKit.framework; path = System/Library/Frameworks/WidgetKit.framework; sourceTree = SDKROOT; };
		CBA401B4251C6CD6001881B5 /* LocalInspectionsWidget.swift */ = {isa = PBXFileReference; lastKnownFileType = sourcecode.swift; path = LocalInspectionsWidget.swift; sourceTree = "<group>"; };
		CBA401B6251C6CD8001881B5 /* Assets.xcassets */ = {isa = PBXFileReference; lastKnownFileType = folder.assetcatalog; path = Assets.xcassets; sourceTree = "<group>"; };
		CBA401B8251C6CD8001881B5 /* Info.plist */ = {isa = PBXFileReference; lastKnownFileType = text.plist.xml; path = Info.plist; sourceTree = "<group>"; };
		CBA401BC251C6CD9001881B5 /* Widget.entitlements */ = {isa = PBXFileReference; lastKnownFileType = text.plist.entitlements; path = Widget.entitlements; sourceTree = "<group>"; };
		CBA6118D2500998D009CD8BD /* ShareSheetView.swift */ = {isa = PBXFileReference; lastKnownFileType = sourcecode.swift; path = ShareSheetView.swift; sourceTree = "<group>"; };
		CBAC7F3124D266870081597D /* ListVyplatnyedela.swift */ = {isa = PBXFileReference; lastKnownFileType = sourcecode.swift; path = ListVyplatnyedela.swift; sourceTree = "<group>"; };
		CBAC7F3424D26E2B0081597D /* VyplatnyedelaItems.swift */ = {isa = PBXFileReference; lastKnownFileType = sourcecode.swift; path = VyplatnyedelaItems.swift; sourceTree = "<group>"; };
		CBAC7F3724D270640081597D /* VyplatnyedelaDetails.swift */ = {isa = PBXFileReference; lastKnownFileType = sourcecode.swift; path = VyplatnyedelaDetails.swift; sourceTree = "<group>"; };
		CBB2E0932478E5B20017AB00 /* CreateVyplatnyeDela.swift */ = {isa = PBXFileReference; lastKnownFileType = sourcecode.swift; path = CreateVyplatnyeDela.swift; sourceTree = "<group>"; };
		CBB2E0982478F6270017AB00 /* LocalInspectionsItems.swift */ = {isa = PBXFileReference; lastKnownFileType = sourcecode.swift; path = LocalInspectionsItems.swift; sourceTree = "<group>"; };
		CBB2E09B2478F73B0017AB00 /* LocalInspectionsDetails.swift */ = {isa = PBXFileReference; lastKnownFileType = sourcecode.swift; path = LocalInspectionsDetails.swift; sourceTree = "<group>"; };
		CBB2E09E2478F7E10017AB00 /* InspectionsItems.swift */ = {isa = PBXFileReference; lastKnownFileType = sourcecode.swift; path = InspectionsItems.swift; sourceTree = "<group>"; };
		CBB2E0A02478F8110017AB00 /* InspectionsDetails.swift */ = {isa = PBXFileReference; lastKnownFileType = sourcecode.swift; path = InspectionsDetails.swift; sourceTree = "<group>"; };
		CBB4B0B824C82BCA00C25A59 /* LocationStore.swift */ = {isa = PBXFileReference; lastKnownFileType = sourcecode.swift; path = LocationStore.swift; sourceTree = "<group>"; };
		CBB4B0BA24C8330B00C25A59 /* PersistenceController.swift */ = {isa = PBXFileReference; lastKnownFileType = sourcecode.swift; path = PersistenceController.swift; sourceTree = "<group>"; };
		CBB842EC24E3AE600008EB07 /* License.swift */ = {isa = PBXFileReference; lastKnownFileType = sourcecode.swift; path = License.swift; sourceTree = "<group>"; };
		CBC0C61824B76CA300E078E5 /* CodableUserDefaults.swift */ = {isa = PBXFileReference; lastKnownFileType = sourcecode.swift; path = CodableUserDefaults.swift; sourceTree = "<group>"; };
		CBC52838247A504700E337B4 /* ImageDetail.swift */ = {isa = PBXFileReference; lastKnownFileType = sourcecode.swift; path = ImageDetail.swift; sourceTree = "<group>"; };
		CBC5283C247CB4FB00E337B4 /* SessionStoreModel.swift */ = {isa = PBXFileReference; lastKnownFileType = sourcecode.swift; path = SessionStoreModel.swift; sourceTree = "<group>"; };
		CBD5473C246EE6C9008ED0ED /* MailFeedback.swift */ = {isa = PBXFileReference; lastKnownFileType = sourcecode.swift; path = MailFeedback.swift; sourceTree = "<group>"; };
		CBD9354724DA77F600E0F902 /* SeriesPicker.swift */ = {isa = PBXFileReference; lastKnownFileType = sourcecode.swift; path = SeriesPicker.swift; sourceTree = "<group>"; };
		CBDDDA602473CF1400FE5A7C /* CloudKit.framework */ = {isa = PBXFileReference; lastKnownFileType = wrapper.framework; name = CloudKit.framework; path = System/Library/Frameworks/CloudKit.framework; sourceTree = SDKROOT; };
		CBDFFB712521DCF00060249B /* license.json */ = {isa = PBXFileReference; fileEncoding = 4; lastKnownFileType = text.json; path = license.json; sourceTree = "<group>"; };
		CBDFFB7C2521DD490060249B /* Bundle.swift */ = {isa = PBXFileReference; lastKnownFileType = sourcecode.swift; path = Bundle.swift; sourceTree = "<group>"; };
		CBDFFD882522F06D0060249B /* SignIn.swift */ = {isa = PBXFileReference; lastKnownFileType = sourcecode.swift; path = SignIn.swift; sourceTree = "<group>"; };
		CBDFFD9E2522F1980060249B /* RootView.swift */ = {isa = PBXFileReference; lastKnownFileType = sourcecode.swift; path = RootView.swift; sourceTree = "<group>"; };
		CBE9BE9524A7628B00D8CA2A /* SideBar.swift */ = {isa = PBXFileReference; lastKnownFileType = sourcecode.swift; path = SideBar.swift; sourceTree = "<group>"; };
		CBED06C72509C77600216056 /* Haptic.swift */ = {isa = PBXFileReference; lastKnownFileType = sourcecode.swift; path = Haptic.swift; sourceTree = "<group>"; };
		CBED06CA250A24C300216056 /* CustomAlert.swift */ = {isa = PBXFileReference; lastKnownFileType = sourcecode.swift; path = CustomAlert.swift; sourceTree = "<group>"; };
		CBED06CD250B1F2E00216056 /* DownloadIndicator.swift */ = {isa = PBXFileReference; lastKnownFileType = sourcecode.swift; path = DownloadIndicator.swift; sourceTree = "<group>"; };
		CBF0E557251669E50018BF45 /* Int.swift */ = {isa = PBXFileReference; lastKnownFileType = sourcecode.swift; path = Int.swift; sourceTree = "<group>"; };
		CBF0E55D25166D5D0018BF45 /* String.swift */ = {isa = PBXFileReference; lastKnownFileType = sourcecode.swift; path = String.swift; sourceTree = "<group>"; };
		CBF0E567251894F20018BF45 /* Endpoint.swift */ = {isa = PBXFileReference; lastKnownFileType = sourcecode.swift; path = Endpoint.swift; sourceTree = "<group>"; };
/* End PBXFileReference section */

/* Begin PBXFrameworksBuildPhase section */
		7005BE7BBF3E25CAF3C61282 /* Frameworks */ = {
			isa = PBXFrameworksBuildPhase;
			buildActionMask = 2147483647;
			files = (
			);
			runOnlyForDeploymentPostprocessing = 0;
		};
		CB17E5552466644400CDBB1A /* Frameworks */ = {
			isa = PBXFrameworksBuildPhase;
			buildActionMask = 2147483647;
			files = (
				CBDDDA612473CF1400FE5A7C /* CloudKit.framework in Frameworks */,
				CBAC7F4024D27CF60081597D /* NativeSearchBar in Frameworks */,
				CB87022A249C5FF400B5DA72 /* URLImage in Frameworks */,
				CB2B5B85246BA8CE006F35AC /* AuthenticationServices.framework in Frameworks */,
			);
			runOnlyForDeploymentPostprocessing = 0;
		};
		CB9DE935249758B400F4E72A /* Frameworks */ = {
			isa = PBXFrameworksBuildPhase;
			buildActionMask = 2147483647;
			files = (
				CB7CEFAA24AAC202009DF93A /* CloudKit.framework in Frameworks */,
				CB373FE52534580D00FEDE4B /* URLImage in Frameworks */,
				CBAC7F4224D280E30081597D /* NativeSearchBar in Frameworks */,
			);
			runOnlyForDeploymentPostprocessing = 0;
		};
		CBA401AC251C6CD6001881B5 /* Frameworks */ = {
			isa = PBXFrameworksBuildPhase;
			buildActionMask = 2147483647;
			files = (
				CB0044DB251D074A00B652EC /* CloudKit.framework in Frameworks */,
				CBA401B2251C6CD6001881B5 /* SwiftUI.framework in Frameworks */,
				CBA401B1251C6CD6001881B5 /* WidgetKit.framework in Frameworks */,
			);
			runOnlyForDeploymentPostprocessing = 0;
		};
/* End PBXFrameworksBuildPhase section */

/* Begin PBXGroup section */
		CB17E54F2466644400CDBB1A = {
			isa = PBXGroup;
			children = (
				CB17E55A2466644400CDBB1A /* Shared */,
				CB8E99A22521C6C700F59A5E /* iOS */,
				CB9DE92D249758B100F4E72A /* watchOS */,
				CB9DE93C249758B400F4E72A /* watchOS Extension */,
				CBA401B3251C6CD6001881B5 /* Widget */,
				CB17E5592466644400CDBB1A /* Products */,
				CB2B5B83246BA8CE006F35AC /* Frameworks */,
			);
			sourceTree = "<group>";
		};
		CB17E5592466644400CDBB1A /* Products */ = {
			isa = PBXGroup;
			children = (
				CB17E5582466644400CDBB1A /* Агент.app */,
				CB9DE92C249758B100F4E72A /* RosenergoMobileAgent.app */,
				CB9DE938249758B400F4E72A /* RosenergoMobileAgent.appex */,
				CBA401AF251C6CD6001881B5 /* RosenergoMobileAgent.appex */,
			);
			name = Products;
			sourceTree = "<group>";
		};
		CB17E55A2466644400CDBB1A /* Shared */ = {
			isa = PBXGroup;
			children = (
				CB66D74A24A5D989005C616A /* RosenergoApp.swift */,
				CB17E57A2467AEE400CDBB1A /* RootView.swift */,
				CBE9BE9524A7628B00D8CA2A /* SideBar.swift */,
				CB4B826824D4079800C0C558 /* InspectionLink.swift */,
				CB7EAEA9250F593400B4B4F5 /* VyplatnyedelaLink.swift */,
				CB17E57C2467AFC100CDBB1A /* MenuView.swift */,
				CBB842EC24E3AE600008EB07 /* License.swift */,
				CB4B9314246CF235006B7008 /* SettingsView.swift */,
				CB17E58E24699F8400CDBB1A /* CreateInspections.swift */,
				CBB2E0932478E5B20017AB00 /* CreateVyplatnyeDela.swift */,
				CB17E5622466644400CDBB1A /* SignIn.swift */,
				CB17E5902469B4FB00CDBB1A /* Extensions */,
				CBB4B0B724C82B9C00C25A59 /* Location */,
				CB4CD7BD24909A56007FE4AB /* Notification */,
				CBAC7F3024D266470081597D /* ListVyplatnyedela */,
				CBB2E0952478F3380017AB00 /* ListInspections */,
				CBC5283A247CB4AC00E337B4 /* Session */,
				CB17E55F2466644400CDBB1A /* RosenergoMobileAgentiOS.xcdatamodeld */,
				CBDFFB712521DCF00060249B /* license.json */,
			);
			path = Shared;
			sourceTree = "<group>";
		};
		CB17E5662466644500CDBB1A /* Preview Content */ = {
			isa = PBXGroup;
			children = (
				CB17E5672466644500CDBB1A /* Preview Assets.xcassets */,
			);
			path = "Preview Content";
			sourceTree = "<group>";
		};
		CB17E5902469B4FB00CDBB1A /* Extensions */ = {
			isa = PBXGroup;
			children = (
				CB373FBD25344D4500FEDE4B /* Loading */,
				CB7EAEB22510858900B4B4F5 /* Button */,
				CB71A2E724C5518A0018403B /* CoreData */,
				CB20FB782480CAD0004CB9C1 /* CameraView */,
				CBD5473C246EE6C9008ED0ED /* MailFeedback.swift */,
				CBF0E557251669E50018BF45 /* Int.swift */,
				CBF0E55D25166D5D0018BF45 /* String.swift */,
				CBD9354724DA77F600E0F902 /* SeriesPicker.swift */,
				CB17E5822468636700CDBB1A /* CustomInput.swift */,
				CB4B9316246CF59B006B7008 /* Color.swift */,
				CB9D62D124A455B1000C1C3A /* SectionItem.swift */,
				CB758D7024AEEB67000A6B3C /* UIImage.swift */,
				CB758D8A24B17C93000A6B3C /* Date.swift */,
				CBC0C61824B76CA300E078E5 /* CodableUserDefaults.swift */,
				CB9AD06E24DD96BC00D220D8 /* Map.swift */,
				CBA6118D2500998D009CD8BD /* ShareSheetView.swift */,
				CB0115C52507335400801969 /* PinchToZoom.swift */,
				CB0115C825073C4000801969 /* ViewModifier.swift */,
				CB1ECFCB2508BD9700523D9E /* Enum.swift */,
				CBF0E567251894F20018BF45 /* Endpoint.swift */,
				CBED06C72509C77600216056 /* Haptic.swift */,
				CBED06CA250A24C300216056 /* CustomAlert.swift */,
				CBED06CD250B1F2E00216056 /* DownloadIndicator.swift */,
				CB3C916C250DE30A0099958D /* Log.swift */,
				CB7F88B7251461B500F5AF97 /* ServerImage.swift */,
				CB733DFC25259FC400651C0F /* LocalImage.swift */,
				CBDFFB7C2521DD490060249B /* Bundle.swift */,
			);
			path = Extensions;
			sourceTree = "<group>";
		};
		CB20FB782480CAD0004CB9C1 /* CameraView */ = {
			isa = PBXGroup;
			children = (
				CB17E5912469B57F00CDBB1A /* CustomCameraView.swift */,
				CB20FB792480CB92004CB9C1 /* CustomCameraController.swift */,
				CB20FB7B2480CBC1004CB9C1 /* CustomCameraRepresentable.swift */,
			);
			path = CameraView;
			sourceTree = "<group>";
		};
		CB2B5B83246BA8CE006F35AC /* Frameworks */ = {
			isa = PBXGroup;
			children = (
				CB7CEFA924AAC202009DF93A /* CloudKit.framework */,
				CBDDDA602473CF1400FE5A7C /* CloudKit.framework */,
				CB2B5B84246BA8CE006F35AC /* AuthenticationServices.framework */,
				CB758D7A24AEFA45000A6B3C /* SwiftUI.framework */,
				CBA401B0251C6CD6001881B5 /* WidgetKit.framework */,
			);
			name = Frameworks;
			sourceTree = "<group>";
		};
		CB373FBD25344D4500FEDE4B /* Loading */ = {
			isa = PBXGroup;
			children = (
				CB7EAEA6250F394A00B4B4F5 /* LoadingView.swift */,
				CB373FBE25344D6C00FEDE4B /* LoadingErrorView.swift */,
				CB373FC925344D8C00FEDE4B /* LoadingEmptyView.swift */,
			);
			path = Loading;
			sourceTree = "<group>";
		};
		CB4CD7BD24909A56007FE4AB /* Notification */ = {
			isa = PBXGroup;
			children = (
				CB4CD7BE24909A71007FE4AB /* NotificationStore.swift */,
			);
			path = Notification;
			sourceTree = "<group>";
		};
		CB71A2E724C5518A0018403B /* CoreData */ = {
			isa = PBXGroup;
			children = (
				CB2B5B0524C55B4800D024D8 /* LocalInspections+CoreDataClass.swift */,
				CB2B5B0624C55B4800D024D8 /* LocalInspections+CoreDataProperties.swift */,
				CB2B5B0724C55B4800D024D8 /* LocalPhotos+CoreDataClass.swift */,
				CB2B5B0824C55B4800D024D8 /* LocalPhotos+CoreDataProperties.swift */,
				CBB4B0BA24C8330B00C25A59 /* PersistenceController.swift */,
			);
			path = CoreData;
			sourceTree = "<group>";
		};
		CB7EAEB22510858900B4B4F5 /* Button */ = {
			isa = PBXGroup;
			children = (
				CB17E584246864AE00CDBB1A /* CustomButton.swift */,
				CB7EAEAF2510856900B4B4F5 /* ImageButton.swift */,
				CB7EAEAC2510854300B4B4F5 /* MenuButton.swift */,
			);
			path = Button;
			sourceTree = "<group>";
		};
		CB8E99A22521C6C700F59A5E /* iOS */ = {
			isa = PBXGroup;
			children = (
				CB17E56C2466644500CDBB1A /* Info.plist */,
				CB2B5B82246BA8CE006F35AC /* iOS.entitlements */,
				CB17E5642466644500CDBB1A /* Assets.xcassets */,
				CB17E5662466644500CDBB1A /* Preview Content */,
			);
			path = iOS;
			sourceTree = "<group>";
		};
		CB9DE92D249758B100F4E72A /* watchOS */ = {
			isa = PBXGroup;
			children = (
				CB9DE933249758B300F4E72A /* Info.plist */,
				CB27F54E24DBB190000A43FB /* watchOS.entitlements */,
				CB9DE931249758B300F4E72A /* Assets.xcassets */,
			);
			path = watchOS;
			sourceTree = "<group>";
		};
		CB9DE93C249758B400F4E72A /* watchOS Extension */ = {
			isa = PBXGroup;
			children = (
				CBDFFD882522F06D0060249B /* SignIn.swift */,
				CBDFFD9E2522F1980060249B /* RootView.swift */,
				CB9DE94C249758B500F4E72A /* Info.plist */,
				CB7CEFA824AAC1F9009DF93A /* watchOS Extension.entitlements */,
				CB9DE947249758B500F4E72A /* Assets.xcassets */,
				CB9DE949249758B500F4E72A /* Preview Content */,
			);
			path = "watchOS Extension";
			sourceTree = "<group>";
		};
		CB9DE949249758B500F4E72A /* Preview Content */ = {
			isa = PBXGroup;
			children = (
				CB9DE94A249758B500F4E72A /* Preview Assets.xcassets */,
			);
			path = "Preview Content";
			sourceTree = "<group>";
		};
		CBA401B3251C6CD6001881B5 /* Widget */ = {
			isa = PBXGroup;
			children = (
				CBA401B4251C6CD6001881B5 /* LocalInspectionsWidget.swift */,
				CB733E1A2525A51A00651C0F /* WidgetItem.swift */,
				CBA401B8251C6CD8001881B5 /* Info.plist */,
				CBA401BC251C6CD9001881B5 /* Widget.entitlements */,
				CBA401B6251C6CD8001881B5 /* Assets.xcassets */,
			);
			path = Widget;
			sourceTree = "<group>";
		};
		CBAC7F3024D266470081597D /* ListVyplatnyedela */ = {
			isa = PBXGroup;
			children = (
				CBAC7F3124D266870081597D /* ListVyplatnyedela.swift */,
				CBAC7F3724D270640081597D /* VyplatnyedelaDetails.swift */,
				CBAC7F3424D26E2B0081597D /* VyplatnyedelaItems.swift */,
			);
			path = ListVyplatnyedela;
			sourceTree = "<group>";
		};
		CBB2E0952478F3380017AB00 /* ListInspections */ = {
			isa = PBXGroup;
			children = (
				CB17E57E2467FFB600CDBB1A /* ListInspections.swift */,
				CBB2E09D2478F7870017AB00 /* Server */,
				CBB2E09A2478F7190017AB00 /* Local */,
			);
			path = ListInspections;
			sourceTree = "<group>";
		};
		CBB2E09A2478F7190017AB00 /* Local */ = {
			isa = PBXGroup;
			children = (
				CBB2E0982478F6270017AB00 /* LocalInspectionsItems.swift */,
				CBB2E09B2478F73B0017AB00 /* LocalInspectionsDetails.swift */,
				CB66D72F24A5ADCE005C616A /* LocalImageDetail.swift */,
			);
			path = Local;
			sourceTree = "<group>";
		};
		CBB2E09D2478F7870017AB00 /* Server */ = {
			isa = PBXGroup;
			children = (
				CBB2E09E2478F7E10017AB00 /* InspectionsItems.swift */,
				CBB2E0A02478F8110017AB00 /* InspectionsDetails.swift */,
				CBC52838247A504700E337B4 /* ImageDetail.swift */,
			);
			path = Server;
			sourceTree = "<group>";
		};
		CBB4B0B724C82B9C00C25A59 /* Location */ = {
			isa = PBXGroup;
			children = (
				CB717C33248DF8B200DE31FE /* GeoIndicator.swift */,
				CBB4B0B824C82BCA00C25A59 /* LocationStore.swift */,
			);
			path = Location;
			sourceTree = "<group>";
		};
		CBC5283A247CB4AC00E337B4 /* Session */ = {
			isa = PBXGroup;
			children = (
				CBC5283C247CB4FB00E337B4 /* SessionStoreModel.swift */,
				CB17E5752467A43700CDBB1A /* SessionStore.swift */,
			);
			path = Session;
			sourceTree = "<group>";
		};
/* End PBXGroup section */

/* Begin PBXNativeTarget section */
		CB17E5572466644400CDBB1A /* RosenergoMobileAgent (iOS) */ = {
			isa = PBXNativeTarget;
			buildConfigurationList = CB17E56F2466644500CDBB1A /* Build configuration list for PBXNativeTarget "RosenergoMobileAgent (iOS)" */;
			buildPhases = (
				CB17E5542466644400CDBB1A /* Sources */,
				CB17E5552466644400CDBB1A /* Frameworks */,
				CB17E5562466644400CDBB1A /* Resources */,
				CB9DE951249758B500F4E72A /* Embed Watch Content */,
				CB758D8924AEFA48000A6B3C /* Embed App Extensions */,
			);
			buildRules = (
			);
			dependencies = (
				CB9DE94F249758B500F4E72A /* PBXTargetDependency */,
				CBA401BA251C6CD8001881B5 /* PBXTargetDependency */,
			);
			name = "RosenergoMobileAgent (iOS)";
			packageProductDependencies = (
				CB870229249C5FF400B5DA72 /* URLImage */,
				CBAC7F3F24D27CF60081597D /* NativeSearchBar */,
			);
			productName = RosenergoMobileAgentiOS;
			productReference = CB17E5582466644400CDBB1A /* Агент.app */;
			productType = "com.apple.product-type.application";
		};
		CB9DE92B249758B100F4E72A /* RosenergoMobileAgent (watchOS) */ = {
			isa = PBXNativeTarget;
			buildConfigurationList = CB9DE958249758B500F4E72A /* Build configuration list for PBXNativeTarget "RosenergoMobileAgent (watchOS)" */;
			buildPhases = (
				CB9DE92A249758B100F4E72A /* Resources */,
				CB9DE954249758B500F4E72A /* Embed App Extensions */,
				7005BE7BBF3E25CAF3C61282 /* Frameworks */,
			);
			buildRules = (
			);
			dependencies = (
				CB9DE93B249758B400F4E72A /* PBXTargetDependency */,
			);
			name = "RosenergoMobileAgent (watchOS)";
			productName = RosenergoMobileAgentwatchOS;
			productReference = CB9DE92C249758B100F4E72A /* RosenergoMobileAgent.app */;
			productType = "com.apple.product-type.application.watchapp2";
		};
		CB9DE937249758B400F4E72A /* RosenergoMobileAgent (watchOS Extension) */ = {
			isa = PBXNativeTarget;
			buildConfigurationList = CB9DE957249758B500F4E72A /* Build configuration list for PBXNativeTarget "RosenergoMobileAgent (watchOS Extension)" */;
			buildPhases = (
				CB9DE934249758B400F4E72A /* Sources */,
				CB9DE935249758B400F4E72A /* Frameworks */,
				CB9DE936249758B400F4E72A /* Resources */,
			);
			buildRules = (
			);
			dependencies = (
			);
			name = "RosenergoMobileAgent (watchOS Extension)";
			packageProductDependencies = (
				CBAC7F4124D280E30081597D /* NativeSearchBar */,
				CB373FE42534580D00FEDE4B /* URLImage */,
			);
			productName = "RosenergoMobileAgentwatchOS Extension";
			productReference = CB9DE938249758B400F4E72A /* RosenergoMobileAgent.appex */;
			productType = "com.apple.product-type.watchkit2-extension";
		};
		CBA401AE251C6CD6001881B5 /* RosenergoMobileAgent (Widget) */ = {
			isa = PBXNativeTarget;
			buildConfigurationList = CBA401BD251C6CD9001881B5 /* Build configuration list for PBXNativeTarget "RosenergoMobileAgent (Widget)" */;
			buildPhases = (
				CBA401AB251C6CD6001881B5 /* Sources */,
				CBA401AC251C6CD6001881B5 /* Frameworks */,
				CBA401AD251C6CD6001881B5 /* Resources */,
			);
			buildRules = (
			);
			dependencies = (
			);
			name = "RosenergoMobileAgent (Widget)";
			productName = RosenergoMobileAgentWidgetExtension;
			productReference = CBA401AF251C6CD6001881B5 /* RosenergoMobileAgent.appex */;
			productType = "com.apple.product-type.app-extension";
		};
/* End PBXNativeTarget section */

/* Begin PBXProject section */
		CB17E5502466644400CDBB1A /* Project object */ = {
			isa = PBXProject;
			attributes = {
				LastSwiftUpdateCheck = 1220;
				LastUpgradeCheck = 1220;
				ORGANIZATIONNAME = "Дмитрий Лисин";
				TargetAttributes = {
					CB17E5572466644400CDBB1A = {
						CreatedOnToolsVersion = 11.5;
					};
					CB9DE92B249758B100F4E72A = {
						CreatedOnToolsVersion = 11.6;
						LastSwiftMigration = 1200;
					};
					CB9DE937249758B400F4E72A = {
						CreatedOnToolsVersion = 11.6;
					};
					CBA401AE251C6CD6001881B5 = {
						CreatedOnToolsVersion = 12.2;
					};
				};
			};
			buildConfigurationList = CB17E5532466644400CDBB1A /* Build configuration list for PBXProject "RosenergoMobileAgent" */;
			compatibilityVersion = "Xcode 12.0";
			developmentRegion = en;
			hasScannedForEncodings = 0;
			knownRegions = (
				en,
				ru,
				Base,
			);
			mainGroup = CB17E54F2466644400CDBB1A;
			packageReferences = (
				CB85CDB7249B34A500AAEF04 /* XCRemoteSwiftPackageReference "url-image" */,
				CBAC7F3E24D27CF60081597D /* XCRemoteSwiftPackageReference "NativeSearchBar" */,
			);
			productRefGroup = CB17E5592466644400CDBB1A /* Products */;
			projectDirPath = "";
			projectRoot = "";
			targets = (
				CB17E5572466644400CDBB1A /* RosenergoMobileAgent (iOS) */,
				CB9DE92B249758B100F4E72A /* RosenergoMobileAgent (watchOS) */,
				CB9DE937249758B400F4E72A /* RosenergoMobileAgent (watchOS Extension) */,
				CBA401AE251C6CD6001881B5 /* RosenergoMobileAgent (Widget) */,
			);
		};
/* End PBXProject section */

/* Begin PBXResourcesBuildPhase section */
		CB17E5562466644400CDBB1A /* Resources */ = {
			isa = PBXResourcesBuildPhase;
			buildActionMask = 2147483647;
			files = (
				CBDFFB722521DCF00060249B /* license.json in Resources */,
				CB17E5682466644500CDBB1A /* Preview Assets.xcassets in Resources */,
				CB17E5652466644500CDBB1A /* Assets.xcassets in Resources */,
			);
			runOnlyForDeploymentPostprocessing = 0;
		};
		CB9DE92A249758B100F4E72A /* Resources */ = {
			isa = PBXResourcesBuildPhase;
			buildActionMask = 2147483647;
			files = (
				CB9DE932249758B300F4E72A /* Assets.xcassets in Resources */,
			);
			runOnlyForDeploymentPostprocessing = 0;
		};
		CB9DE936249758B400F4E72A /* Resources */ = {
			isa = PBXResourcesBuildPhase;
			buildActionMask = 2147483647;
			files = (
				CB9DE94B249758B500F4E72A /* Preview Assets.xcassets in Resources */,
				CB7267C22498B76500E138BD /* Assets.xcassets in Resources */,
				CB9DE948249758B500F4E72A /* Assets.xcassets in Resources */,
				CBDFFB732521DCF00060249B /* license.json in Resources */,
			);
			runOnlyForDeploymentPostprocessing = 0;
		};
		CBA401AD251C6CD6001881B5 /* Resources */ = {
			isa = PBXResourcesBuildPhase;
			buildActionMask = 2147483647;
			files = (
				CBA401B7251C6CD8001881B5 /* Assets.xcassets in Resources */,
			);
			runOnlyForDeploymentPostprocessing = 0;
		};
/* End PBXResourcesBuildPhase section */

/* Begin PBXSourcesBuildPhase section */
		CB17E5542466644400CDBB1A /* Sources */ = {
			isa = PBXSourcesBuildPhase;
			buildActionMask = 2147483647;
			files = (
				CBB2E0942478E5B20017AB00 /* CreateVyplatnyeDela.swift in Sources */,
				CB17E57D2467AFC100CDBB1A /* MenuView.swift in Sources */,
				CBE9BE9624A7628B00D8CA2A /* SideBar.swift in Sources */,
				CBAC7F3524D26E2B0081597D /* VyplatnyedelaItems.swift in Sources */,
				CBB4B0BB24C8330B00C25A59 /* PersistenceController.swift in Sources */,
				CB17E5612466644400CDBB1A /* RosenergoMobileAgentiOS.xcdatamodeld in Sources */,
				CB2B5B0F24C55B4800D024D8 /* LocalPhotos+CoreDataClass.swift in Sources */,
				CBD9354824DA77F600E0F902 /* SeriesPicker.swift in Sources */,
				CB2B5B1224C55B4800D024D8 /* LocalPhotos+CoreDataProperties.swift in Sources */,
				CBD5473D246EE6C9008ED0ED /* MailFeedback.swift in Sources */,
				CBF0E568251894F20018BF45 /* Endpoint.swift in Sources */,
				CBED06CE250B1F2E00216056 /* DownloadIndicator.swift in Sources */,
				CBC0C61924B76CA300E078E5 /* CodableUserDefaults.swift in Sources */,
				CB17E5922469B57F00CDBB1A /* CustomCameraView.swift in Sources */,
				CB758D7124AEEB67000A6B3C /* UIImage.swift in Sources */,
				CB17E57F2467FFB600CDBB1A /* ListInspections.swift in Sources */,
				CB4B9317246CF59B006B7008 /* Color.swift in Sources */,
				CBB2E09F2478F7E10017AB00 /* InspectionsItems.swift in Sources */,
				CBB2E09C2478F73B0017AB00 /* LocalInspectionsDetails.swift in Sources */,
				CB9AD06F24DD96BC00D220D8 /* Map.swift in Sources */,
				CB373FCA25344D8C00FEDE4B /* LoadingEmptyView.swift in Sources */,
				CB758D8B24B17C93000A6B3C /* Date.swift in Sources */,
				CB17E5762467A43700CDBB1A /* SessionStore.swift in Sources */,
				CB17E5632466644400CDBB1A /* SignIn.swift in Sources */,
				CB733DFD25259FC400651C0F /* LocalImage.swift in Sources */,
				CB4B9315246CF235006B7008 /* SettingsView.swift in Sources */,
				CB373FBF25344D6C00FEDE4B /* LoadingErrorView.swift in Sources */,
				CBB4B0B924C82BCA00C25A59 /* LocationStore.swift in Sources */,
				CB17E585246864AE00CDBB1A /* CustomButton.swift in Sources */,
				CB1ECFCC2508BD9700523D9E /* Enum.swift in Sources */,
				CB2B5B0C24C55B4800D024D8 /* LocalInspections+CoreDataProperties.swift in Sources */,
				CBF0E558251669E50018BF45 /* Int.swift in Sources */,
				CBB842ED24E3AE600008EB07 /* License.swift in Sources */,
				CB717C34248DF8B200DE31FE /* GeoIndicator.swift in Sources */,
				CB20FB7C2480CBC1004CB9C1 /* CustomCameraRepresentable.swift in Sources */,
				CB0115C925073C4000801969 /* ViewModifier.swift in Sources */,
				CBB2E0992478F6270017AB00 /* LocalInspectionsItems.swift in Sources */,
				CBDFFB7D2521DD490060249B /* Bundle.swift in Sources */,
				CB17E58F24699F8400CDBB1A /* CreateInspections.swift in Sources */,
				CBC5283D247CB4FB00E337B4 /* SessionStoreModel.swift in Sources */,
				CB7B93B624ADA12800712384 /* RosenergoApp.swift in Sources */,
				CB4CD7BF24909A71007FE4AB /* NotificationStore.swift in Sources */,
				CBED06CB250A24C300216056 /* CustomAlert.swift in Sources */,
				CB9D62D224A455B1000C1C3A /* SectionItem.swift in Sources */,
				CB7EAEAA250F593400B4B4F5 /* VyplatnyedelaLink.swift in Sources */,
				CB7F88B8251461B500F5AF97 /* ServerImage.swift in Sources */,
				CBF0E55E25166D5D0018BF45 /* String.swift in Sources */,
				CBED06C82509C77600216056 /* Haptic.swift in Sources */,
				CB758D6E24AECC43000A6B3C /* RootView.swift in Sources */,
				CB66D73024A5ADCE005C616A /* LocalImageDetail.swift in Sources */,
				CB7EAEB02510856900B4B4F5 /* ImageButton.swift in Sources */,
				CB7EAEA7250F394A00B4B4F5 /* LoadingView.swift in Sources */,
				CB7EAEAD2510854300B4B4F5 /* MenuButton.swift in Sources */,
				CB4B826924D4079800C0C558 /* InspectionLink.swift in Sources */,
				CBAC7F3824D270640081597D /* VyplatnyedelaDetails.swift in Sources */,
				CB3C916D250DE30A0099958D /* Log.swift in Sources */,
				CBC52839247A504700E337B4 /* ImageDetail.swift in Sources */,
				CBAC7F3224D266870081597D /* ListVyplatnyedela.swift in Sources */,
				CBB2E0A12478F8110017AB00 /* InspectionsDetails.swift in Sources */,
				CB2B5B0924C55B4800D024D8 /* LocalInspections+CoreDataClass.swift in Sources */,
				CB0115C62507335400801969 /* PinchToZoom.swift in Sources */,
				CBA6118E2500998D009CD8BD /* ShareSheetView.swift in Sources */,
				CB20FB7A2480CB92004CB9C1 /* CustomCameraController.swift in Sources */,
				CB17E5832468636700CDBB1A /* CustomInput.swift in Sources */,
			);
			runOnlyForDeploymentPostprocessing = 0;
		};
		CB9DE934249758B400F4E72A /* Sources */ = {
			isa = PBXSourcesBuildPhase;
			buildActionMask = 2147483647;
			files = (
				CB9AD07024DD96BC00D220D8 /* Map.swift in Sources */,
				CBAC7F4424D28BF90081597D /* MenuView.swift in Sources */,
				CB2B5B0A24C55B4800D024D8 /* LocalInspections+CoreDataClass.swift in Sources */,
				CB03D6BD24A8521D00C515C6 /* RosenergoMobileAgentiOS.xcdatamodeld in Sources */,
				CB866C4924CECB4900447E7F /* CustomButton.swift in Sources */,
				CBB4B0BC24C8330B00C25A59 /* PersistenceController.swift in Sources */,
				CB9D62D024A3B784000C1C3A /* SettingsView.swift in Sources */,
				CB03D6BC24A851AF00C515C6 /* LocalInspectionsItems.swift in Sources */,
				CB0115CA25073C4000801969 /* ViewModifier.swift in Sources */,
				CB373FC025344D6C00FEDE4B /* LoadingErrorView.swift in Sources */,
				CB373FCB25344D8C00FEDE4B /* LoadingEmptyView.swift in Sources */,
				CB7267C52498B79A00E138BD /* Color.swift in Sources */,
				CB733DFE25259FC500651C0F /* LocalImage.swift in Sources */,
				CB2B5B0D24C55B4800D024D8 /* LocalInspections+CoreDataProperties.swift in Sources */,
				CBDFFB7E2521DD4A0060249B /* Bundle.swift in Sources */,
				CB9D62D324A455B1000C1C3A /* SectionItem.swift in Sources */,
				CBED06C92509C77600216056 /* Haptic.swift in Sources */,
				CBF0E559251669E50018BF45 /* Int.swift in Sources */,
				CB0590EB24EA24720056C858 /* CustomInput.swift in Sources */,
				CB0115C72507335400801969 /* PinchToZoom.swift in Sources */,
				CBDFFD892522F06D0060249B /* SignIn.swift in Sources */,
				CBF0E55F25166D5D0018BF45 /* String.swift in Sources */,
				CBDFFD9F2522F1980060249B /* RootView.swift in Sources */,
				CB2B5B1024C55B4800D024D8 /* LocalPhotos+CoreDataClass.swift in Sources */,
				CBB842EE24E3AE600008EB07 /* License.swift in Sources */,
				CBAC7F3924D270640081597D /* VyplatnyedelaDetails.swift in Sources */,
				CB9DE96124975BE600F4E72A /* SessionStoreModel.swift in Sources */,
				CB7F88BD2514EB1200F5AF97 /* NotificationStore.swift in Sources */,
				CBF0E569251894F20018BF45 /* Endpoint.swift in Sources */,
				CB758D7224AEEB67000A6B3C /* UIImage.swift in Sources */,
				CB7EAEB12510856900B4B4F5 /* ImageButton.swift in Sources */,
				CB3C916E250DE30A0099958D /* Log.swift in Sources */,
				CB7CEFA324A9D8D0009DF93A /* LocalInspectionsDetails.swift in Sources */,
				CBAC7F3624D26E2B0081597D /* VyplatnyedelaItems.swift in Sources */,
				CB7CEFA624A9DA1D009DF93A /* LocalImageDetail.swift in Sources */,
				CB66D72E24A5ADA0005C616A /* ImageDetail.swift in Sources */,
				CB2B5B1324C55B4800D024D8 /* LocalPhotos+CoreDataProperties.swift in Sources */,
				CB7EAEAE2510854300B4B4F5 /* MenuButton.swift in Sources */,
				CB87B15E24D302A9009A010E /* RosenergoApp.swift in Sources */,
				CB284C0C252AC2170066C6D1 /* MailFeedback.swift in Sources */,
				CBC0C61A24B76CA300E078E5 /* CodableUserDefaults.swift in Sources */,
				CBF26F312526DF2A001C8B1A /* LocationStore.swift in Sources */,
				CB7F88B9251461B500F5AF97 /* ServerImage.swift in Sources */,
				CB66D72B24A5973A005C616A /* InspectionsItems.swift in Sources */,
				CB7267A8249879B700E138BD /* SessionStore.swift in Sources */,
				CB758D8C24B17C93000A6B3C /* Date.swift in Sources */,
				CB3805D424EB8F4500925D44 /* InspectionLink.swift in Sources */,
				CB7EAEA8250F394A00B4B4F5 /* LoadingView.swift in Sources */,
				CB7EAEAB250F593400B4B4F5 /* VyplatnyedelaLink.swift in Sources */,
				CBAC7F3A24D27A5E0081597D /* ListVyplatnyedela.swift in Sources */,
				CB66D63224A469FF005C616A /* InspectionsDetails.swift in Sources */,
				CB1ECFCD2508BD9700523D9E /* Enum.swift in Sources */,
				CBAC7F4324D284660081597D /* ListInspections.swift in Sources */,
				CBED06CC250A24C300216056 /* CustomAlert.swift in Sources */,
			);
			runOnlyForDeploymentPostprocessing = 0;
		};
		CBA401AB251C6CD6001881B5 /* Sources */ = {
			isa = PBXSourcesBuildPhase;
			buildActionMask = 2147483647;
			files = (
				CBA401E1251C946D001881B5 /* PersistenceController.swift in Sources */,
				CB733E0C2525A10800651C0F /* UIImage.swift in Sources */,
				CB733E1B2525A51A00651C0F /* WidgetItem.swift in Sources */,
				CBA401B5251C6CD6001881B5 /* LocalInspectionsWidget.swift in Sources */,
				CB0044D1251D004800B652EC /* LocalPhotos+CoreDataProperties.swift in Sources */,
				CB0044C2251D003F00B652EC /* LocalInspections+CoreDataClass.swift in Sources */,
				CB0044C7251D004200B652EC /* LocalInspections+CoreDataProperties.swift in Sources */,
				CB733DFF25259FC500651C0F /* LocalImage.swift in Sources */,
				CB0044CC251D004600B652EC /* LocalPhotos+CoreDataClass.swift in Sources */,
				CB0044D6251D005000B652EC /* RosenergoMobileAgentiOS.xcdatamodeld in Sources */,
				CBA401E6251C9553001881B5 /* Log.swift in Sources */,
				CBA401DC251C89BF001881B5 /* Color.swift in Sources */,
			);
			runOnlyForDeploymentPostprocessing = 0;
		};
/* End PBXSourcesBuildPhase section */

/* Begin PBXTargetDependency section */
		CB9DE93B249758B400F4E72A /* PBXTargetDependency */ = {
			isa = PBXTargetDependency;
			target = CB9DE937249758B400F4E72A /* RosenergoMobileAgent (watchOS Extension) */;
			targetProxy = CB9DE93A249758B400F4E72A /* PBXContainerItemProxy */;
		};
		CB9DE94F249758B500F4E72A /* PBXTargetDependency */ = {
			isa = PBXTargetDependency;
			platformFilter = ios;
			target = CB9DE92B249758B100F4E72A /* RosenergoMobileAgent (watchOS) */;
			targetProxy = CB9DE94E249758B500F4E72A /* PBXContainerItemProxy */;
		};
		CBA401BA251C6CD8001881B5 /* PBXTargetDependency */ = {
			isa = PBXTargetDependency;
			target = CBA401AE251C6CD6001881B5 /* RosenergoMobileAgent (Widget) */;
			targetProxy = CBA401B9251C6CD8001881B5 /* PBXContainerItemProxy */;
		};
/* End PBXTargetDependency section */

/* Begin XCBuildConfiguration section */
		CB17E56D2466644500CDBB1A /* Debug */ = {
			isa = XCBuildConfiguration;
			buildSettings = {
				ALWAYS_SEARCH_USER_PATHS = NO;
				CLANG_ANALYZER_LOCALIZABILITY_NONLOCALIZED = YES;
				CLANG_ANALYZER_NONNULL = YES;
				CLANG_ANALYZER_NUMBER_OBJECT_CONVERSION = YES_AGGRESSIVE;
				CLANG_CXX_LANGUAGE_STANDARD = "gnu++14";
				CLANG_CXX_LIBRARY = "libc++";
				CLANG_ENABLE_MODULES = YES;
				CLANG_ENABLE_OBJC_ARC = YES;
				CLANG_ENABLE_OBJC_WEAK = YES;
				CLANG_WARN_BLOCK_CAPTURE_AUTORELEASING = YES;
				CLANG_WARN_BOOL_CONVERSION = YES;
				CLANG_WARN_COMMA = YES;
				CLANG_WARN_CONSTANT_CONVERSION = YES;
				CLANG_WARN_DEPRECATED_OBJC_IMPLEMENTATIONS = YES;
				CLANG_WARN_DIRECT_OBJC_ISA_USAGE = YES_ERROR;
				CLANG_WARN_DOCUMENTATION_COMMENTS = YES;
				CLANG_WARN_EMPTY_BODY = YES;
				CLANG_WARN_ENUM_CONVERSION = YES;
				CLANG_WARN_INFINITE_RECURSION = YES;
				CLANG_WARN_INT_CONVERSION = YES;
				CLANG_WARN_NON_LITERAL_NULL_CONVERSION = YES;
				CLANG_WARN_OBJC_IMPLICIT_RETAIN_SELF = YES;
				CLANG_WARN_OBJC_LITERAL_CONVERSION = YES;
				CLANG_WARN_OBJC_ROOT_CLASS = YES_ERROR;
				CLANG_WARN_QUOTED_INCLUDE_IN_FRAMEWORK_HEADER = YES;
				CLANG_WARN_RANGE_LOOP_ANALYSIS = YES;
				CLANG_WARN_STRICT_PROTOTYPES = YES;
				CLANG_WARN_SUSPICIOUS_MOVE = YES;
				CLANG_WARN_UNGUARDED_AVAILABILITY = YES_AGGRESSIVE;
				CLANG_WARN_UNREACHABLE_CODE = YES;
				CLANG_WARN__DUPLICATE_METHOD_MATCH = YES;
				COPY_PHASE_STRIP = NO;
				DEBUG_INFORMATION_FORMAT = dwarf;
				ENABLE_STRICT_OBJC_MSGSEND = YES;
				ENABLE_TESTABILITY = YES;
				GCC_C_LANGUAGE_STANDARD = gnu11;
				GCC_DYNAMIC_NO_PIC = NO;
				GCC_NO_COMMON_BLOCKS = YES;
				GCC_OPTIMIZATION_LEVEL = 0;
				GCC_PREPROCESSOR_DEFINITIONS = (
					"DEBUG=1",
					"$(inherited)",
				);
				GCC_WARN_64_TO_32_BIT_CONVERSION = YES;
				GCC_WARN_ABOUT_RETURN_TYPE = YES_ERROR;
				GCC_WARN_UNDECLARED_SELECTOR = YES;
				GCC_WARN_UNINITIALIZED_AUTOS = YES_AGGRESSIVE;
				GCC_WARN_UNUSED_FUNCTION = YES;
				GCC_WARN_UNUSED_VARIABLE = YES;
				IPHONEOS_DEPLOYMENT_TARGET = 14.2;
				MTL_ENABLE_DEBUG_INFO = INCLUDE_SOURCE;
				MTL_FAST_MATH = YES;
				ONLY_ACTIVE_ARCH = YES;
				SDKROOT = iphoneos;
				SWIFT_ACTIVE_COMPILATION_CONDITIONS = DEBUG;
				SWIFT_OPTIMIZATION_LEVEL = "-Onone";
			};
			name = Debug;
		};
		CB17E56E2466644500CDBB1A /* Release */ = {
			isa = XCBuildConfiguration;
			buildSettings = {
				ALWAYS_SEARCH_USER_PATHS = NO;
				CLANG_ANALYZER_LOCALIZABILITY_NONLOCALIZED = YES;
				CLANG_ANALYZER_NONNULL = YES;
				CLANG_ANALYZER_NUMBER_OBJECT_CONVERSION = YES_AGGRESSIVE;
				CLANG_CXX_LANGUAGE_STANDARD = "gnu++14";
				CLANG_CXX_LIBRARY = "libc++";
				CLANG_ENABLE_MODULES = YES;
				CLANG_ENABLE_OBJC_ARC = YES;
				CLANG_ENABLE_OBJC_WEAK = YES;
				CLANG_WARN_BLOCK_CAPTURE_AUTORELEASING = YES;
				CLANG_WARN_BOOL_CONVERSION = YES;
				CLANG_WARN_COMMA = YES;
				CLANG_WARN_CONSTANT_CONVERSION = YES;
				CLANG_WARN_DEPRECATED_OBJC_IMPLEMENTATIONS = YES;
				CLANG_WARN_DIRECT_OBJC_ISA_USAGE = YES_ERROR;
				CLANG_WARN_DOCUMENTATION_COMMENTS = YES;
				CLANG_WARN_EMPTY_BODY = YES;
				CLANG_WARN_ENUM_CONVERSION = YES;
				CLANG_WARN_INFINITE_RECURSION = YES;
				CLANG_WARN_INT_CONVERSION = YES;
				CLANG_WARN_NON_LITERAL_NULL_CONVERSION = YES;
				CLANG_WARN_OBJC_IMPLICIT_RETAIN_SELF = YES;
				CLANG_WARN_OBJC_LITERAL_CONVERSION = YES;
				CLANG_WARN_OBJC_ROOT_CLASS = YES_ERROR;
				CLANG_WARN_QUOTED_INCLUDE_IN_FRAMEWORK_HEADER = YES;
				CLANG_WARN_RANGE_LOOP_ANALYSIS = YES;
				CLANG_WARN_STRICT_PROTOTYPES = YES;
				CLANG_WARN_SUSPICIOUS_MOVE = YES;
				CLANG_WARN_UNGUARDED_AVAILABILITY = YES_AGGRESSIVE;
				CLANG_WARN_UNREACHABLE_CODE = YES;
				CLANG_WARN__DUPLICATE_METHOD_MATCH = YES;
				COPY_PHASE_STRIP = NO;
				DEBUG_INFORMATION_FORMAT = "dwarf-with-dsym";
				ENABLE_NS_ASSERTIONS = NO;
				ENABLE_STRICT_OBJC_MSGSEND = YES;
				GCC_C_LANGUAGE_STANDARD = gnu11;
				GCC_NO_COMMON_BLOCKS = YES;
				GCC_WARN_64_TO_32_BIT_CONVERSION = YES;
				GCC_WARN_ABOUT_RETURN_TYPE = YES_ERROR;
				GCC_WARN_UNDECLARED_SELECTOR = YES;
				GCC_WARN_UNINITIALIZED_AUTOS = YES_AGGRESSIVE;
				GCC_WARN_UNUSED_FUNCTION = YES;
				GCC_WARN_UNUSED_VARIABLE = YES;
				IPHONEOS_DEPLOYMENT_TARGET = 14.2;
				MTL_ENABLE_DEBUG_INFO = NO;
				MTL_FAST_MATH = YES;
				SDKROOT = iphoneos;
				SWIFT_COMPILATION_MODE = wholemodule;
				SWIFT_OPTIMIZATION_LEVEL = "-O";
				VALIDATE_PRODUCT = YES;
			};
			name = Release;
		};
		CB17E5702466644500CDBB1A /* Debug */ = {
			isa = XCBuildConfiguration;
			buildSettings = {
				ALWAYS_EMBED_SWIFT_STANDARD_LIBRARIES = YES;
				ASSETCATALOG_COMPILER_APPICON_NAME = AppIcon;
				ASSETCATALOG_COMPILER_GLOBAL_ACCENT_COLOR_NAME = rosenergo;
				CODE_SIGN_ENTITLEMENTS = iOS/iOS.entitlements;
				CODE_SIGN_IDENTITY = "Apple Development";
				"CODE_SIGN_IDENTITY[sdk=macosx*]" = "Apple Development";
				CODE_SIGN_STYLE = Automatic;
				CURRENT_PROJECT_VERSION = 50;
				DEBUG_INFORMATION_FORMAT = "dwarf-with-dsym";
				DEVELOPMENT_ASSET_PATHS = "\"iOS/Preview Content\"";
				DEVELOPMENT_TEAM = 48HFZR3X8K;
				ENABLE_PREVIEWS = YES;
				INFOPLIST_FILE = iOS/Info.plist;
				IPHONEOS_DEPLOYMENT_TARGET = 14.2;
				LD_RUNPATH_SEARCH_PATHS = (
					"$(inherited)",
					"@executable_path/Frameworks",
				);
				MARKETING_VERSION = 2.0.0;
				OTHER_LDFLAGS = "";
				PRODUCT_BUNDLE_IDENTIFIER = com.darkfox.rosenergomobileagent;
				PRODUCT_NAME = "Агент";
				PROVISIONING_PROFILE_SPECIFIER = "";
				"PROVISIONING_PROFILE_SPECIFIER[sdk=macosx*]" = "";
				SUPPORTS_MACCATALYST = YES;
				SWIFT_VERSION = 5.0;
				TARGETED_DEVICE_FAMILY = "1,2";
			};
			name = Debug;
		};
		CB17E5712466644500CDBB1A /* Release */ = {
			isa = XCBuildConfiguration;
			buildSettings = {
				ALWAYS_EMBED_SWIFT_STANDARD_LIBRARIES = YES;
				ASSETCATALOG_COMPILER_APPICON_NAME = AppIcon;
				ASSETCATALOG_COMPILER_GLOBAL_ACCENT_COLOR_NAME = rosenergo;
				CODE_SIGN_ENTITLEMENTS = iOS/iOS.entitlements;
				CODE_SIGN_IDENTITY = "Apple Development";
				"CODE_SIGN_IDENTITY[sdk=macosx*]" = "Apple Development";
				CODE_SIGN_STYLE = Automatic;
				CURRENT_PROJECT_VERSION = 50;
				DEVELOPMENT_ASSET_PATHS = "\"iOS/Preview Content\"";
				DEVELOPMENT_TEAM = 48HFZR3X8K;
				ENABLE_PREVIEWS = YES;
				INFOPLIST_FILE = iOS/Info.plist;
				IPHONEOS_DEPLOYMENT_TARGET = 14.2;
				LD_RUNPATH_SEARCH_PATHS = (
					"$(inherited)",
					"@executable_path/Frameworks",
				);
				MARKETING_VERSION = 2.0.0;
				OTHER_LDFLAGS = "";
				PRODUCT_BUNDLE_IDENTIFIER = com.darkfox.rosenergomobileagent;
				PRODUCT_NAME = "Агент";
				PROVISIONING_PROFILE_SPECIFIER = "";
				"PROVISIONING_PROFILE_SPECIFIER[sdk=macosx*]" = "";
				SUPPORTS_MACCATALYST = YES;
				SWIFT_VERSION = 5.0;
				TARGETED_DEVICE_FAMILY = "1,2";
			};
			name = Release;
		};
		CB9DE952249758B500F4E72A /* Debug */ = {
			isa = XCBuildConfiguration;
			buildSettings = {
				ALWAYS_EMBED_SWIFT_STANDARD_LIBRARIES = YES;
				ASSETCATALOG_COMPILER_APPICON_NAME = AppIcon;
				ASSETCATALOG_COMPILER_GLOBAL_ACCENT_COLOR_NAME = "";
				CLANG_ENABLE_MODULES = YES;
				CODE_SIGN_ENTITLEMENTS = watchOS/watchOS.entitlements;
				CODE_SIGN_STYLE = Automatic;
				CURRENT_PROJECT_VERSION = 50;
				DEVELOPMENT_TEAM = 48HFZR3X8K;
				IBSC_MODULE = RosenergoMobileAgentwatchOS_Extension;
				INFOPLIST_FILE = watchOS/Info.plist;
				LD_RUNPATH_SEARCH_PATHS = (
					"$(inherited)",
					"@executable_path/../Frameworks",
					"@loader_path/../Frameworks",
				);
				MARKETING_VERSION = 2.0.0;
				PRODUCT_BUNDLE_IDENTIFIER = com.darkfox.rosenergomobileagent.watchkitapp;
				PRODUCT_NAME = RosenergoMobileAgent;
				SDKROOT = watchos;
				SKIP_INSTALL = YES;
				SWIFT_OBJC_BRIDGING_HEADER = "RosenergoMobileAgentwatchOS-Bridging-Header.h";
				SWIFT_OPTIMIZATION_LEVEL = "-Onone";
				SWIFT_VERSION = 5.0;
				TARGETED_DEVICE_FAMILY = 4;
				WATCHOS_DEPLOYMENT_TARGET = 7.1;
			};
			name = Debug;
		};
		CB9DE953249758B500F4E72A /* Release */ = {
			isa = XCBuildConfiguration;
			buildSettings = {
				ALWAYS_EMBED_SWIFT_STANDARD_LIBRARIES = YES;
				ASSETCATALOG_COMPILER_APPICON_NAME = AppIcon;
				ASSETCATALOG_COMPILER_GLOBAL_ACCENT_COLOR_NAME = "";
				CLANG_ENABLE_MODULES = YES;
				CODE_SIGN_ENTITLEMENTS = watchOS/watchOS.entitlements;
				CODE_SIGN_STYLE = Automatic;
				CURRENT_PROJECT_VERSION = 50;
				DEVELOPMENT_TEAM = 48HFZR3X8K;
				IBSC_MODULE = RosenergoMobileAgentwatchOS_Extension;
				INFOPLIST_FILE = watchOS/Info.plist;
				LD_RUNPATH_SEARCH_PATHS = (
					"$(inherited)",
					"@executable_path/../Frameworks",
					"@loader_path/../Frameworks",
				);
				MARKETING_VERSION = 2.0.0;
				PRODUCT_BUNDLE_IDENTIFIER = com.darkfox.rosenergomobileagent.watchkitapp;
				PRODUCT_NAME = RosenergoMobileAgent;
				SDKROOT = watchos;
				SKIP_INSTALL = YES;
				SWIFT_OBJC_BRIDGING_HEADER = "RosenergoMobileAgentwatchOS-Bridging-Header.h";
				SWIFT_VERSION = 5.0;
				TARGETED_DEVICE_FAMILY = 4;
				WATCHOS_DEPLOYMENT_TARGET = 7.1;
			};
			name = Release;
		};
		CB9DE955249758B500F4E72A /* Debug */ = {
			isa = XCBuildConfiguration;
			buildSettings = {
				ASSETCATALOG_COMPILER_COMPLICATION_NAME = Complication;
				ASSETCATALOG_COMPILER_GLOBAL_ACCENT_COLOR_NAME = rosenergo;
				CODE_SIGN_ENTITLEMENTS = "watchOS Extension/watchOS Extension.entitlements";
				CODE_SIGN_STYLE = Automatic;
				CURRENT_PROJECT_VERSION = 50;
				DEVELOPMENT_ASSET_PATHS = "\"watchOS Extension/Preview Content\"";
				DEVELOPMENT_TEAM = 48HFZR3X8K;
				ENABLE_PREVIEWS = YES;
				INFOPLIST_FILE = "watchOS Extension/Info.plist";
				LD_RUNPATH_SEARCH_PATHS = (
					"$(inherited)",
					"@executable_path/Frameworks",
					"@executable_path/../../Frameworks",
				);
				MARKETING_VERSION = 2.0.0;
				PRODUCT_BUNDLE_IDENTIFIER = com.darkfox.rosenergomobileagent.watchkitapp.watchkitextension;
				PRODUCT_NAME = RosenergoMobileAgent;
				SDKROOT = watchos;
				SKIP_INSTALL = YES;
				SWIFT_VERSION = 5.0;
				TARGETED_DEVICE_FAMILY = 4;
				WATCHOS_DEPLOYMENT_TARGET = 7.1;
			};
			name = Debug;
		};
		CB9DE956249758B500F4E72A /* Release */ = {
			isa = XCBuildConfiguration;
			buildSettings = {
				ASSETCATALOG_COMPILER_COMPLICATION_NAME = Complication;
				ASSETCATALOG_COMPILER_GLOBAL_ACCENT_COLOR_NAME = rosenergo;
				CODE_SIGN_ENTITLEMENTS = "watchOS Extension/watchOS Extension.entitlements";
				CODE_SIGN_STYLE = Automatic;
				CURRENT_PROJECT_VERSION = 50;
				DEVELOPMENT_ASSET_PATHS = "\"watchOS Extension/Preview Content\"";
				DEVELOPMENT_TEAM = 48HFZR3X8K;
				ENABLE_PREVIEWS = YES;
				INFOPLIST_FILE = "watchOS Extension/Info.plist";
				LD_RUNPATH_SEARCH_PATHS = (
					"$(inherited)",
					"@executable_path/Frameworks",
					"@executable_path/../../Frameworks",
				);
				MARKETING_VERSION = 2.0.0;
				PRODUCT_BUNDLE_IDENTIFIER = com.darkfox.rosenergomobileagent.watchkitapp.watchkitextension;
				PRODUCT_NAME = RosenergoMobileAgent;
				SDKROOT = watchos;
				SKIP_INSTALL = YES;
				SWIFT_VERSION = 5.0;
				TARGETED_DEVICE_FAMILY = 4;
				WATCHOS_DEPLOYMENT_TARGET = 7.1;
			};
			name = Release;
		};
		CBA401BE251C6CD9001881B5 /* Debug */ = {
			isa = XCBuildConfiguration;
			buildSettings = {
				ASSETCATALOG_COMPILER_GLOBAL_ACCENT_COLOR_NAME = AccentColor;
				ASSETCATALOG_COMPILER_WIDGET_BACKGROUND_COLOR_NAME = WidgetBackground;
				CODE_SIGN_ENTITLEMENTS = Widget/Widget.entitlements;
				CODE_SIGN_IDENTITY = "Apple Development";
				"CODE_SIGN_IDENTITY[sdk=macosx*]" = "Apple Development";
				CODE_SIGN_STYLE = Automatic;
				CURRENT_PROJECT_VERSION = 50;
				DEVELOPMENT_TEAM = 48HFZR3X8K;
				INFOPLIST_FILE = Widget/Info.plist;
				LD_RUNPATH_SEARCH_PATHS = (
					"$(inherited)",
					"@executable_path/Frameworks",
					"@executable_path/../../Frameworks",
				);
				MARKETING_VERSION = 2.0.0;
				PRODUCT_BUNDLE_IDENTIFIER = com.darkfox.rosenergomobileagent.widget;
				PRODUCT_NAME = RosenergoMobileAgent;
				SKIP_INSTALL = YES;
				SUPPORTS_MACCATALYST = YES;
				SWIFT_VERSION = 5.0;
				TARGETED_DEVICE_FAMILY = "1,2";
			};
			name = Debug;
		};
		CBA401BF251C6CD9001881B5 /* Release */ = {
			isa = XCBuildConfiguration;
			buildSettings = {
				ASSETCATALOG_COMPILER_GLOBAL_ACCENT_COLOR_NAME = AccentColor;
				ASSETCATALOG_COMPILER_WIDGET_BACKGROUND_COLOR_NAME = WidgetBackground;
				CODE_SIGN_ENTITLEMENTS = Widget/Widget.entitlements;
				CODE_SIGN_IDENTITY = "Apple Development";
				"CODE_SIGN_IDENTITY[sdk=macosx*]" = "Apple Development";
				CODE_SIGN_STYLE = Automatic;
				CURRENT_PROJECT_VERSION = 50;
				DEVELOPMENT_TEAM = 48HFZR3X8K;
				INFOPLIST_FILE = Widget/Info.plist;
				LD_RUNPATH_SEARCH_PATHS = (
					"$(inherited)",
					"@executable_path/Frameworks",
					"@executable_path/../../Frameworks",
				);
				MARKETING_VERSION = 2.0.0;
				PRODUCT_BUNDLE_IDENTIFIER = com.darkfox.rosenergomobileagent.widget;
				PRODUCT_NAME = RosenergoMobileAgent;
				SKIP_INSTALL = YES;
				SUPPORTS_MACCATALYST = YES;
				SWIFT_VERSION = 5.0;
				TARGETED_DEVICE_FAMILY = "1,2";
			};
			name = Release;
		};
/* End XCBuildConfiguration section */

/* Begin XCConfigurationList section */
		CB17E5532466644400CDBB1A /* Build configuration list for PBXProject "RosenergoMobileAgent" */ = {
			isa = XCConfigurationList;
			buildConfigurations = (
				CB17E56D2466644500CDBB1A /* Debug */,
				CB17E56E2466644500CDBB1A /* Release */,
			);
			defaultConfigurationIsVisible = 0;
			defaultConfigurationName = Release;
		};
		CB17E56F2466644500CDBB1A /* Build configuration list for PBXNativeTarget "RosenergoMobileAgent (iOS)" */ = {
			isa = XCConfigurationList;
			buildConfigurations = (
				CB17E5702466644500CDBB1A /* Debug */,
				CB17E5712466644500CDBB1A /* Release */,
			);
			defaultConfigurationIsVisible = 0;
			defaultConfigurationName = Release;
		};
		CB9DE957249758B500F4E72A /* Build configuration list for PBXNativeTarget "RosenergoMobileAgent (watchOS Extension)" */ = {
			isa = XCConfigurationList;
			buildConfigurations = (
				CB9DE955249758B500F4E72A /* Debug */,
				CB9DE956249758B500F4E72A /* Release */,
			);
			defaultConfigurationIsVisible = 0;
			defaultConfigurationName = Release;
		};
		CB9DE958249758B500F4E72A /* Build configuration list for PBXNativeTarget "RosenergoMobileAgent (watchOS)" */ = {
			isa = XCConfigurationList;
			buildConfigurations = (
				CB9DE952249758B500F4E72A /* Debug */,
				CB9DE953249758B500F4E72A /* Release */,
			);
			defaultConfigurationIsVisible = 0;
			defaultConfigurationName = Release;
		};
		CBA401BD251C6CD9001881B5 /* Build configuration list for PBXNativeTarget "RosenergoMobileAgent (Widget)" */ = {
			isa = XCConfigurationList;
			buildConfigurations = (
				CBA401BE251C6CD9001881B5 /* Debug */,
				CBA401BF251C6CD9001881B5 /* Release */,
			);
			defaultConfigurationIsVisible = 0;
			defaultConfigurationName = Release;
		};
/* End XCConfigurationList section */

/* Begin XCRemoteSwiftPackageReference section */
		CB85CDB7249B34A500AAEF04 /* XCRemoteSwiftPackageReference "url-image" */ = {
			isa = XCRemoteSwiftPackageReference;
			repositoryURL = "https://github.com/dmytro-anokhin/url-image";
			requirement = {
				kind = upToNextMajorVersion;
				minimumVersion = 0.9.19;
			};
		};
		CBAC7F3E24D27CF60081597D /* XCRemoteSwiftPackageReference "NativeSearchBar" */ = {
			isa = XCRemoteSwiftPackageReference;
			repositoryURL = "https://github.com/lisindima/NativeSearchBar";
			requirement = {
				kind = upToNextMajorVersion;
				minimumVersion = 2.2.0;
			};
		};
/* End XCRemoteSwiftPackageReference section */

/* Begin XCSwiftPackageProductDependency section */
		CB373FE42534580D00FEDE4B /* URLImage */ = {
			isa = XCSwiftPackageProductDependency;
			package = CB85CDB7249B34A500AAEF04 /* XCRemoteSwiftPackageReference "url-image" */;
			productName = URLImage;
		};
		CB870229249C5FF400B5DA72 /* URLImage */ = {
			isa = XCSwiftPackageProductDependency;
			package = CB85CDB7249B34A500AAEF04 /* XCRemoteSwiftPackageReference "url-image" */;
			productName = URLImage;
		};
		CBAC7F3F24D27CF60081597D /* NativeSearchBar */ = {
			isa = XCSwiftPackageProductDependency;
			package = CBAC7F3E24D27CF60081597D /* XCRemoteSwiftPackageReference "NativeSearchBar" */;
			productName = NativeSearchBar;
		};
		CBAC7F4124D280E30081597D /* NativeSearchBar */ = {
			isa = XCSwiftPackageProductDependency;
			package = CBAC7F3E24D27CF60081597D /* XCRemoteSwiftPackageReference "NativeSearchBar" */;
			productName = NativeSearchBar;
		};
/* End XCSwiftPackageProductDependency section */

/* Begin XCVersionGroup section */
		CB17E55F2466644400CDBB1A /* RosenergoMobileAgentiOS.xcdatamodeld */ = {
			isa = XCVersionGroup;
			children = (
				CB17E5602466644400CDBB1A /* RosenergoMobileAgentiOS.xcdatamodel */,
			);
			currentVersion = CB17E5602466644400CDBB1A /* RosenergoMobileAgentiOS.xcdatamodel */;
			path = RosenergoMobileAgentiOS.xcdatamodeld;
			sourceTree = "<group>";
			versionGroupType = wrapper.xcdatamodel;
		};
/* End XCVersionGroup section */
	};
	rootObject = CB17E5502466644400CDBB1A /* Project object */;
}
