{
  "object": {
    "pins": [
      {
        "package": "Alamofire",
        "repositoryURL": "https://github.com/Alamofire/Alamofire",
        "state": {
          "branch": null,
          "revision": "2777659076fda38bd4e487739ee331c7a65b5924",
          "version": "5.2.1"
        }
      },
      {
        "package": "Defaults",
        "repositoryURL": "https://github.com/sindresorhus/Defaults/",
        "state": {
          "branch": null,
          "revision": "11c4b968ef490dd3eb2e214906a8a124b7655a1f",
          "version": "4.0.0"
        }
      },
      {
        "package": "KeyboardObserving",
        "repositoryURL": "https://github.com/nickffox/KeyboardObserving",
        "state": {
          "branch": null,
          "revision": "26c0c913c11f0ee77006740ca1d8b478d222184f",
          "version": "0.3.0"
        }
      },
      {
        "package": "NativeSearchBar",
        "repositoryURL": "https://github.com/lisindima/NativeSearchBar",
        "state": {
          "branch": null,
          "revision": "da8c17dc1a246ce366968ff4f8aa447157390a94",
          "version": "1.0.3"
        }
      },
      {
        "package": "SPAlert",
        "repositoryURL": "https://github.com/ivanvorobei/SPAlert",
        "state": {
          "branch": null,
          "revision": "18862409586ac547bcdf8957cd96beb872fbc729",
          "version": "2.1.4"
        }
      },
      {
        "package": "URLImage",
        "repositoryURL": "https://github.com/dmytro-anokhin/url-image",
        "state": {
          "branch": null,
          "revision": "a48feef3ef91f573a5f55779502e07adb19943b8",
          "version": "0.9.15"
        }
      }
    ]
  },
  "version": 1
}
