{
  "object": {
    "pins": [
      {
        "package": "Alamofire",
        "repositoryURL": "https://github.com/Alamofire/Alamofire",
        "state": {
          "branch": null,
          "revision": "097e1f03166d49b31f824507fb85ad843b14fc13",
          "version": "5.3.0"
        }
      },
      {
        "package": "Defaults",
        "repositoryURL": "https://github.com/sindresorhus/Defaults/",
        "state": {
          "branch": null,
          "revision": "d98119fee49c893fae553103a8659ffe003b6cfe",
          "version": "4.1.0"
        }
      },
      {
        "package": "Espera",
        "repositoryURL": "https://github.com/JagCesar/Espera",
        "state": {
          "branch": "master",
          "revision": "fd6b41c2d1f4defbafc3b91e0de0d389e945789c",
          "version": null
        }
      },
      {
        "package": "KeyboardObserving",
        "repositoryURL": "https://github.com/nickffox/KeyboardObserving",
        "state": {
          "branch": null,
          "revision": "26c0c913c11f0ee77006740ca1d8b478d222184f",
          "version": "0.3.0"
        }
      },
      {
        "package": "NativeSearchBar",
        "repositoryURL": "https://github.com/lisindima/NativeSearchBar",
        "state": {
          "branch": null,
          "revision": "a43b661272fde6992dcb73267e024adb474779d8",
          "version": "2.2.0"
        }
      },
      {
        "package": "URLImage",
        "repositoryURL": "https://github.com/dmytro-anokhin/url-image",
        "state": {
          "branch": null,
          "revision": "22eca5ee4f317e0283da75426849ee23f0516022",
          "version": "0.9.19"
        }
      }
    ]
  },
  "version": 1
}
